
Microsoft Visual Studio Solution File, Format Version 12.00
# Visual Studio Version 16
VisualStudioVersion = 16.0.31005.135
MinimumVisualStudioVersion = 10.0.40219.1
Project("{D954291E-2A0B-460D-934E-DC6B0785DB48}") = "Npc.Shared", "Npc\Npc.Shared\Npc.Shared.shproj", "{6279C845-92F8-4333-AB99-3D213163593C}"
EndProject
Project("{2150E333-8FDC-42A3-9474-1A3956D46DE8}") = "Platforms", "Platforms", "{F0BCB953-E9FD-4E92-ADC1-327A2D42AF2A}"
EndProject
Project("{FAE04EC0-301F-11D3-BF4B-00C04F79EFBC}") = "Npc.Droid", "Npc\Npc.Droid\Npc.Droid.csproj", "{B42ED0EA-883D-4D4F-B9CE-EC3E40A8F5B1}"
EndProject
Project("{FAE04EC0-301F-11D3-BF4B-00C04F79EFBC}") = "Npc.iOS", "Npc\Npc.iOS\Npc.iOS.csproj", "{7E2B6D67-B15B-4F75-96E7-03FAB0C829F6}"
EndProject
Project("{FAE04EC0-301F-11D3-BF4B-00C04F79EFBC}") = "Npc.UWP", "Npc\Npc.UWP\Npc.UWP.csproj", "{A250632B-FC2A-4A5B-8554-77D0A72DAE00}"
EndProject
Project("{FAE04EC0-301F-11D3-BF4B-00C04F79EFBC}") = "Npc.Wasm", "Npc\Npc.Wasm\Npc.Wasm.csproj", "{9EDFAA30-E62A-41AF-8BB1-1E15ED17D798}"
EndProject
Project("{FAE04EC0-301F-11D3-BF4B-00C04F79EFBC}") = "Npc.macOS", "Npc\Npc.macOS\Npc.macOS.csproj", "{32DF3F16-4C9B-4533-8CC7-875958421D8A}"
EndProject
Project("{FAE04EC0-301F-11D3-BF4B-00C04F79EFBC}") = "Npc.Skia.Wpf.Host", "Npc\Npc.Skia.Wpf.Host\Npc.Skia.Wpf.Host.csproj", "{7C161A5A-8BF4-4868-8C0E-58D89C3982C6}"
EndProject
Project("{FAE04EC0-301F-11D3-BF4B-00C04F79EFBC}") = "Npc.Skia.Wpf", "Npc\Npc.Skia.Wpf\Npc.Skia.Wpf.csproj", "{3FB209FE-C3BA-4C8A-B558-4E2633A7629C}"
EndProject
Project("{FAE04EC0-301F-11D3-BF4B-00C04F79EFBC}") = "Npc.Skia.Gtk", "Npc\Npc.Skia.Gtk\Npc.Skia.Gtk.csproj", "{18F9ADB9-85C0-4BAB-84A5-0149D55DA90F}"
EndProject
Project("{FAE04EC0-301F-11D3-BF4B-00C04F79EFBC}") = "Npc.Skia.Tizen", "Npc\Npc.Skia.Tizen\Npc.Skia.Tizen.csproj", "{94BC5C9D-FAB5-4AEA-BBAF-EF4772D6ADEC}"
EndProject
Global
	GlobalSection(SharedMSBuildProjectFiles) = preSolution
		Npc\Npc.Shared\Npc.Shared.projitems*{18f9adb9-85c0-4bab-84a5-0149d55da90f}*SharedItemsImports = 5
		Npc\Npc.Shared\Npc.Shared.projitems*{32df3f16-4c9b-4533-8cc7-875958421d8a}*SharedItemsImports = 4
		Npc\Npc.Shared\Npc.Shared.projitems*{3fb209fe-c3ba-4c8a-b558-4e2633a7629c}*SharedItemsImports = 5
		Npc\Npc.Shared\Npc.Shared.projitems*{6279c845-92f8-4333-ab99-3d213163593c}*SharedItemsImports = 13
		Npc\Npc.Shared\Npc.Shared.projitems*{7e2b6d67-b15b-4f75-96e7-03fab0c829f6}*SharedItemsImports = 4
		Npc\Npc.Shared\Npc.Shared.projitems*{94bc5c9d-fab5-4aea-bbaf-ef4772d6adec}*SharedItemsImports = 5
		Npc\Npc.Shared\Npc.Shared.projitems*{9edfaa30-e62a-41af-8bb1-1e15ed17d798}*SharedItemsImports = 5
		Npc\Npc.Shared\Npc.Shared.projitems*{a250632b-fc2a-4a5b-8554-77d0a72dae00}*SharedItemsImports = 4
		Npc\Npc.Shared\Npc.Shared.projitems*{b42ed0ea-883d-4d4f-b9ce-ec3e40a8f5b1}*SharedItemsImports = 4
	EndGlobalSection
	GlobalSection(SolutionConfigurationPlatforms) = preSolution
		Ad-Hoc|Any CPU = Ad-Hoc|Any CPU
		Ad-Hoc|ARM = Ad-Hoc|ARM
		Ad-Hoc|ARM64 = Ad-Hoc|ARM64
		Ad-Hoc|iPhone = Ad-Hoc|iPhone
		Ad-Hoc|iPhoneSimulator = Ad-Hoc|iPhoneSimulator
		Ad-Hoc|x64 = Ad-Hoc|x64
		Ad-Hoc|x86 = Ad-Hoc|x86
		AppStore|Any CPU = AppStore|Any CPU
		AppStore|ARM = AppStore|ARM
		AppStore|ARM64 = AppStore|ARM64
		AppStore|iPhone = AppStore|iPhone
		AppStore|iPhoneSimulator = AppStore|iPhoneSimulator
		AppStore|x64 = AppStore|x64
		AppStore|x86 = AppStore|x86
		Debug|Any CPU = Debug|Any CPU
		Debug|ARM = Debug|ARM
		Debug|ARM64 = Debug|ARM64
		Debug|iPhone = Debug|iPhone
		Debug|iPhoneSimulator = Debug|iPhoneSimulator
		Debug|x64 = Debug|x64
		Debug|x86 = Debug|x86
		Release|Any CPU = Release|Any CPU
		Release|ARM = Release|ARM
		Release|ARM64 = Release|ARM64
		Release|iPhone = Release|iPhone
		Release|iPhoneSimulator = Release|iPhoneSimulator
		Release|x64 = Release|x64
		Release|x86 = Release|x86
	EndGlobalSection
	GlobalSection(ProjectConfigurationPlatforms) = postSolution
		{B42ED0EA-883D-4D4F-B9CE-EC3E40A8F5B1}.Ad-Hoc|Any CPU.ActiveCfg = Debug|Any CPU
		{B42ED0EA-883D-4D4F-B9CE-EC3E40A8F5B1}.Ad-Hoc|Any CPU.Build.0 = Debug|Any CPU
		{B42ED0EA-883D-4D4F-B9CE-EC3E40A8F5B1}.Ad-Hoc|Any CPU.Deploy.0 = Debug|Any CPU
		{B42ED0EA-883D-4D4F-B9CE-EC3E40A8F5B1}.Ad-Hoc|ARM.ActiveCfg = Debug|Any CPU
		{B42ED0EA-883D-4D4F-B9CE-EC3E40A8F5B1}.Ad-Hoc|ARM.Build.0 = Debug|Any CPU
		{B42ED0EA-883D-4D4F-B9CE-EC3E40A8F5B1}.Ad-Hoc|ARM.Deploy.0 = Debug|Any CPU
		{B42ED0EA-883D-4D4F-B9CE-EC3E40A8F5B1}.Ad-Hoc|ARM64.ActiveCfg = Debug|Any CPU
		{B42ED0EA-883D-4D4F-B9CE-EC3E40A8F5B1}.Ad-Hoc|ARM64.Build.0 = Debug|Any CPU
		{B42ED0EA-883D-4D4F-B9CE-EC3E40A8F5B1}.Ad-Hoc|ARM64.Deploy.0 = Debug|Any CPU
		{B42ED0EA-883D-4D4F-B9CE-EC3E40A8F5B1}.Ad-Hoc|iPhone.ActiveCfg = Debug|Any CPU
		{B42ED0EA-883D-4D4F-B9CE-EC3E40A8F5B1}.Ad-Hoc|iPhone.Build.0 = Debug|Any CPU
		{B42ED0EA-883D-4D4F-B9CE-EC3E40A8F5B1}.Ad-Hoc|iPhone.Deploy.0 = Debug|Any CPU
		{B42ED0EA-883D-4D4F-B9CE-EC3E40A8F5B1}.Ad-Hoc|iPhoneSimulator.ActiveCfg = Debug|Any CPU
		{B42ED0EA-883D-4D4F-B9CE-EC3E40A8F5B1}.Ad-Hoc|iPhoneSimulator.Build.0 = Debug|Any CPU
		{B42ED0EA-883D-4D4F-B9CE-EC3E40A8F5B1}.Ad-Hoc|iPhoneSimulator.Deploy.0 = Debug|Any CPU
		{B42ED0EA-883D-4D4F-B9CE-EC3E40A8F5B1}.Ad-Hoc|x64.ActiveCfg = Debug|Any CPU
		{B42ED0EA-883D-4D4F-B9CE-EC3E40A8F5B1}.Ad-Hoc|x64.Build.0 = Debug|Any CPU
		{B42ED0EA-883D-4D4F-B9CE-EC3E40A8F5B1}.Ad-Hoc|x64.Deploy.0 = Debug|Any CPU
		{B42ED0EA-883D-4D4F-B9CE-EC3E40A8F5B1}.Ad-Hoc|x86.ActiveCfg = Debug|Any CPU
		{B42ED0EA-883D-4D4F-B9CE-EC3E40A8F5B1}.Ad-Hoc|x86.Build.0 = Debug|Any CPU
		{B42ED0EA-883D-4D4F-B9CE-EC3E40A8F5B1}.Ad-Hoc|x86.Deploy.0 = Debug|Any CPU
		{B42ED0EA-883D-4D4F-B9CE-EC3E40A8F5B1}.AppStore|Any CPU.ActiveCfg = Debug|Any CPU
		{B42ED0EA-883D-4D4F-B9CE-EC3E40A8F5B1}.AppStore|Any CPU.Build.0 = Debug|Any CPU
		{B42ED0EA-883D-4D4F-B9CE-EC3E40A8F5B1}.AppStore|Any CPU.Deploy.0 = Debug|Any CPU
		{B42ED0EA-883D-4D4F-B9CE-EC3E40A8F5B1}.AppStore|ARM.ActiveCfg = Debug|Any CPU
		{B42ED0EA-883D-4D4F-B9CE-EC3E40A8F5B1}.AppStore|ARM.Build.0 = Debug|Any CPU
		{B42ED0EA-883D-4D4F-B9CE-EC3E40A8F5B1}.AppStore|ARM.Deploy.0 = Debug|Any CPU
		{B42ED0EA-883D-4D4F-B9CE-EC3E40A8F5B1}.AppStore|ARM64.ActiveCfg = Debug|Any CPU
		{B42ED0EA-883D-4D4F-B9CE-EC3E40A8F5B1}.AppStore|ARM64.Build.0 = Debug|Any CPU
		{B42ED0EA-883D-4D4F-B9CE-EC3E40A8F5B1}.AppStore|ARM64.Deploy.0 = Debug|Any CPU
		{B42ED0EA-883D-4D4F-B9CE-EC3E40A8F5B1}.AppStore|iPhone.ActiveCfg = Debug|Any CPU
		{B42ED0EA-883D-4D4F-B9CE-EC3E40A8F5B1}.AppStore|iPhone.Build.0 = Debug|Any CPU
		{B42ED0EA-883D-4D4F-B9CE-EC3E40A8F5B1}.AppStore|iPhone.Deploy.0 = Debug|Any CPU
		{B42ED0EA-883D-4D4F-B9CE-EC3E40A8F5B1}.AppStore|iPhoneSimulator.ActiveCfg = Debug|Any CPU
		{B42ED0EA-883D-4D4F-B9CE-EC3E40A8F5B1}.AppStore|iPhoneSimulator.Build.0 = Debug|Any CPU
		{B42ED0EA-883D-4D4F-B9CE-EC3E40A8F5B1}.AppStore|iPhoneSimulator.Deploy.0 = Debug|Any CPU
		{B42ED0EA-883D-4D4F-B9CE-EC3E40A8F5B1}.AppStore|x64.ActiveCfg = Debug|Any CPU
		{B42ED0EA-883D-4D4F-B9CE-EC3E40A8F5B1}.AppStore|x64.Build.0 = Debug|Any CPU
		{B42ED0EA-883D-4D4F-B9CE-EC3E40A8F5B1}.AppStore|x64.Deploy.0 = Debug|Any CPU
		{B42ED0EA-883D-4D4F-B9CE-EC3E40A8F5B1}.AppStore|x86.ActiveCfg = Debug|Any CPU
		{B42ED0EA-883D-4D4F-B9CE-EC3E40A8F5B1}.AppStore|x86.Build.0 = Debug|Any CPU
		{B42ED0EA-883D-4D4F-B9CE-EC3E40A8F5B1}.AppStore|x86.Deploy.0 = Debug|Any CPU
		{B42ED0EA-883D-4D4F-B9CE-EC3E40A8F5B1}.Debug|Any CPU.ActiveCfg = Debug|Any CPU
		{B42ED0EA-883D-4D4F-B9CE-EC3E40A8F5B1}.Debug|Any CPU.Build.0 = Debug|Any CPU
		{B42ED0EA-883D-4D4F-B9CE-EC3E40A8F5B1}.Debug|Any CPU.Deploy.0 = Debug|Any CPU
		{B42ED0EA-883D-4D4F-B9CE-EC3E40A8F5B1}.Debug|ARM.ActiveCfg = Debug|Any CPU
		{B42ED0EA-883D-4D4F-B9CE-EC3E40A8F5B1}.Debug|ARM.Build.0 = Debug|Any CPU
		{B42ED0EA-883D-4D4F-B9CE-EC3E40A8F5B1}.Debug|ARM.Deploy.0 = Debug|Any CPU
		{B42ED0EA-883D-4D4F-B9CE-EC3E40A8F5B1}.Debug|ARM64.ActiveCfg = Debug|Any CPU
		{B42ED0EA-883D-4D4F-B9CE-EC3E40A8F5B1}.Debug|ARM64.Build.0 = Debug|Any CPU
		{B42ED0EA-883D-4D4F-B9CE-EC3E40A8F5B1}.Debug|ARM64.Deploy.0 = Debug|Any CPU
		{B42ED0EA-883D-4D4F-B9CE-EC3E40A8F5B1}.Debug|iPhone.ActiveCfg = Debug|Any CPU
		{B42ED0EA-883D-4D4F-B9CE-EC3E40A8F5B1}.Debug|iPhone.Build.0 = Debug|Any CPU
		{B42ED0EA-883D-4D4F-B9CE-EC3E40A8F5B1}.Debug|iPhone.Deploy.0 = Debug|Any CPU
		{B42ED0EA-883D-4D4F-B9CE-EC3E40A8F5B1}.Debug|iPhoneSimulator.ActiveCfg = Debug|Any CPU
		{B42ED0EA-883D-4D4F-B9CE-EC3E40A8F5B1}.Debug|iPhoneSimulator.Build.0 = Debug|Any CPU
		{B42ED0EA-883D-4D4F-B9CE-EC3E40A8F5B1}.Debug|iPhoneSimulator.Deploy.0 = Debug|Any CPU
		{B42ED0EA-883D-4D4F-B9CE-EC3E40A8F5B1}.Debug|x64.ActiveCfg = Debug|Any CPU
		{B42ED0EA-883D-4D4F-B9CE-EC3E40A8F5B1}.Debug|x64.Build.0 = Debug|Any CPU
		{B42ED0EA-883D-4D4F-B9CE-EC3E40A8F5B1}.Debug|x64.Deploy.0 = Debug|Any CPU
		{B42ED0EA-883D-4D4F-B9CE-EC3E40A8F5B1}.Debug|x86.ActiveCfg = Debug|Any CPU
		{B42ED0EA-883D-4D4F-B9CE-EC3E40A8F5B1}.Debug|x86.Build.0 = Debug|Any CPU
		{B42ED0EA-883D-4D4F-B9CE-EC3E40A8F5B1}.Debug|x86.Deploy.0 = Debug|Any CPU
		{B42ED0EA-883D-4D4F-B9CE-EC3E40A8F5B1}.Release|Any CPU.ActiveCfg = Release|Any CPU
		{B42ED0EA-883D-4D4F-B9CE-EC3E40A8F5B1}.Release|Any CPU.Build.0 = Release|Any CPU
		{B42ED0EA-883D-4D4F-B9CE-EC3E40A8F5B1}.Release|Any CPU.Deploy.0 = Release|Any CPU
		{B42ED0EA-883D-4D4F-B9CE-EC3E40A8F5B1}.Release|ARM.ActiveCfg = Release|Any CPU
		{B42ED0EA-883D-4D4F-B9CE-EC3E40A8F5B1}.Release|ARM.Build.0 = Release|Any CPU
		{B42ED0EA-883D-4D4F-B9CE-EC3E40A8F5B1}.Release|ARM.Deploy.0 = Release|Any CPU
		{B42ED0EA-883D-4D4F-B9CE-EC3E40A8F5B1}.Release|ARM64.ActiveCfg = Release|Any CPU
		{B42ED0EA-883D-4D4F-B9CE-EC3E40A8F5B1}.Release|ARM64.Build.0 = Release|Any CPU
		{B42ED0EA-883D-4D4F-B9CE-EC3E40A8F5B1}.Release|ARM64.Deploy.0 = Release|Any CPU
		{B42ED0EA-883D-4D4F-B9CE-EC3E40A8F5B1}.Release|iPhone.ActiveCfg = Release|Any CPU
		{B42ED0EA-883D-4D4F-B9CE-EC3E40A8F5B1}.Release|iPhone.Build.0 = Release|Any CPU
		{B42ED0EA-883D-4D4F-B9CE-EC3E40A8F5B1}.Release|iPhone.Deploy.0 = Release|Any CPU
		{B42ED0EA-883D-4D4F-B9CE-EC3E40A8F5B1}.Release|iPhoneSimulator.ActiveCfg = Release|Any CPU
		{B42ED0EA-883D-4D4F-B9CE-EC3E40A8F5B1}.Release|iPhoneSimulator.Build.0 = Release|Any CPU
		{B42ED0EA-883D-4D4F-B9CE-EC3E40A8F5B1}.Release|iPhoneSimulator.Deploy.0 = Release|Any CPU
		{B42ED0EA-883D-4D4F-B9CE-EC3E40A8F5B1}.Release|x64.ActiveCfg = Release|Any CPU
		{B42ED0EA-883D-4D4F-B9CE-EC3E40A8F5B1}.Release|x64.Build.0 = Release|Any CPU
		{B42ED0EA-883D-4D4F-B9CE-EC3E40A8F5B1}.Release|x64.Deploy.0 = Release|Any CPU
		{B42ED0EA-883D-4D4F-B9CE-EC3E40A8F5B1}.Release|x86.ActiveCfg = Release|Any CPU
		{B42ED0EA-883D-4D4F-B9CE-EC3E40A8F5B1}.Release|x86.Build.0 = Release|Any CPU
		{B42ED0EA-883D-4D4F-B9CE-EC3E40A8F5B1}.Release|x86.Deploy.0 = Release|Any CPU
		{7E2B6D67-B15B-4F75-96E7-03FAB0C829F6}.Ad-Hoc|Any CPU.ActiveCfg = Ad-Hoc|iPhoneSimulator
		{7E2B6D67-B15B-4F75-96E7-03FAB0C829F6}.Ad-Hoc|ARM.ActiveCfg = Ad-Hoc|iPhoneSimulator
		{7E2B6D67-B15B-4F75-96E7-03FAB0C829F6}.Ad-Hoc|ARM64.ActiveCfg = Ad-Hoc|iPhoneSimulator
		{7E2B6D67-B15B-4F75-96E7-03FAB0C829F6}.Ad-Hoc|iPhone.ActiveCfg = Ad-Hoc|iPhone
		{7E2B6D67-B15B-4F75-96E7-03FAB0C829F6}.Ad-Hoc|iPhone.Build.0 = Ad-Hoc|iPhone
		{7E2B6D67-B15B-4F75-96E7-03FAB0C829F6}.Ad-Hoc|iPhoneSimulator.ActiveCfg = Ad-Hoc|iPhoneSimulator
		{7E2B6D67-B15B-4F75-96E7-03FAB0C829F6}.Ad-Hoc|iPhoneSimulator.Build.0 = Ad-Hoc|iPhoneSimulator
		{7E2B6D67-B15B-4F75-96E7-03FAB0C829F6}.Ad-Hoc|x64.ActiveCfg = Ad-Hoc|iPhoneSimulator
		{7E2B6D67-B15B-4F75-96E7-03FAB0C829F6}.Ad-Hoc|x86.ActiveCfg = Ad-Hoc|iPhoneSimulator
		{7E2B6D67-B15B-4F75-96E7-03FAB0C829F6}.AppStore|Any CPU.ActiveCfg = AppStore|iPhoneSimulator
		{7E2B6D67-B15B-4F75-96E7-03FAB0C829F6}.AppStore|ARM.ActiveCfg = AppStore|iPhoneSimulator
		{7E2B6D67-B15B-4F75-96E7-03FAB0C829F6}.AppStore|ARM64.ActiveCfg = AppStore|iPhoneSimulator
		{7E2B6D67-B15B-4F75-96E7-03FAB0C829F6}.AppStore|iPhone.ActiveCfg = AppStore|iPhone
		{7E2B6D67-B15B-4F75-96E7-03FAB0C829F6}.AppStore|iPhone.Build.0 = AppStore|iPhone
		{7E2B6D67-B15B-4F75-96E7-03FAB0C829F6}.AppStore|iPhoneSimulator.ActiveCfg = AppStore|iPhoneSimulator
		{7E2B6D67-B15B-4F75-96E7-03FAB0C829F6}.AppStore|iPhoneSimulator.Build.0 = AppStore|iPhoneSimulator
		{7E2B6D67-B15B-4F75-96E7-03FAB0C829F6}.AppStore|x64.ActiveCfg = AppStore|iPhoneSimulator
		{7E2B6D67-B15B-4F75-96E7-03FAB0C829F6}.AppStore|x86.ActiveCfg = AppStore|iPhoneSimulator
		{7E2B6D67-B15B-4F75-96E7-03FAB0C829F6}.Debug|Any CPU.ActiveCfg = Debug|iPhoneSimulator
		{7E2B6D67-B15B-4F75-96E7-03FAB0C829F6}.Debug|ARM.ActiveCfg = Debug|iPhoneSimulator
		{7E2B6D67-B15B-4F75-96E7-03FAB0C829F6}.Debug|ARM64.ActiveCfg = Debug|iPhoneSimulator
		{7E2B6D67-B15B-4F75-96E7-03FAB0C829F6}.Debug|iPhone.ActiveCfg = Debug|iPhone
		{7E2B6D67-B15B-4F75-96E7-03FAB0C829F6}.Debug|iPhone.Build.0 = Debug|iPhone
		{7E2B6D67-B15B-4F75-96E7-03FAB0C829F6}.Debug|iPhoneSimulator.ActiveCfg = Debug|iPhoneSimulator
		{7E2B6D67-B15B-4F75-96E7-03FAB0C829F6}.Debug|iPhoneSimulator.Build.0 = Debug|iPhoneSimulator
		{7E2B6D67-B15B-4F75-96E7-03FAB0C829F6}.Debug|x64.ActiveCfg = Debug|iPhoneSimulator
		{7E2B6D67-B15B-4F75-96E7-03FAB0C829F6}.Debug|x86.ActiveCfg = Debug|iPhoneSimulator
		{7E2B6D67-B15B-4F75-96E7-03FAB0C829F6}.Release|Any CPU.ActiveCfg = Release|iPhoneSimulator
		{7E2B6D67-B15B-4F75-96E7-03FAB0C829F6}.Release|ARM.ActiveCfg = Release|iPhoneSimulator
		{7E2B6D67-B15B-4F75-96E7-03FAB0C829F6}.Release|ARM64.ActiveCfg = Release|iPhoneSimulator
		{7E2B6D67-B15B-4F75-96E7-03FAB0C829F6}.Release|iPhone.ActiveCfg = Release|iPhone
		{7E2B6D67-B15B-4F75-96E7-03FAB0C829F6}.Release|iPhone.Build.0 = Release|iPhone
		{7E2B6D67-B15B-4F75-96E7-03FAB0C829F6}.Release|iPhoneSimulator.ActiveCfg = Release|iPhoneSimulator
		{7E2B6D67-B15B-4F75-96E7-03FAB0C829F6}.Release|iPhoneSimulator.Build.0 = Release|iPhoneSimulator
		{7E2B6D67-B15B-4F75-96E7-03FAB0C829F6}.Release|x64.ActiveCfg = Release|iPhoneSimulator
		{7E2B6D67-B15B-4F75-96E7-03FAB0C829F6}.Release|x86.ActiveCfg = Release|iPhoneSimulator
		{A250632B-FC2A-4A5B-8554-77D0A72DAE00}.Ad-Hoc|Any CPU.ActiveCfg = Debug|x86
		{A250632B-FC2A-4A5B-8554-77D0A72DAE00}.Ad-Hoc|Any CPU.Build.0 = Debug|x86
		{A250632B-FC2A-4A5B-8554-77D0A72DAE00}.Ad-Hoc|Any CPU.Deploy.0 = Debug|x86
		{A250632B-FC2A-4A5B-8554-77D0A72DAE00}.Ad-Hoc|ARM.ActiveCfg = Debug|ARM
		{A250632B-FC2A-4A5B-8554-77D0A72DAE00}.Ad-Hoc|ARM.Build.0 = Debug|ARM
		{A250632B-FC2A-4A5B-8554-77D0A72DAE00}.Ad-Hoc|ARM.Deploy.0 = Debug|ARM
		{A250632B-FC2A-4A5B-8554-77D0A72DAE00}.Ad-Hoc|ARM64.ActiveCfg = Debug|ARM64
		{A250632B-FC2A-4A5B-8554-77D0A72DAE00}.Ad-Hoc|ARM64.Build.0 = Debug|ARM64
		{A250632B-FC2A-4A5B-8554-77D0A72DAE00}.Ad-Hoc|ARM64.Deploy.0 = Debug|ARM64
		{A250632B-FC2A-4A5B-8554-77D0A72DAE00}.Ad-Hoc|iPhone.ActiveCfg = Debug|x86
		{A250632B-FC2A-4A5B-8554-77D0A72DAE00}.Ad-Hoc|iPhone.Build.0 = Debug|x86
		{A250632B-FC2A-4A5B-8554-77D0A72DAE00}.Ad-Hoc|iPhone.Deploy.0 = Debug|x86
		{A250632B-FC2A-4A5B-8554-77D0A72DAE00}.Ad-Hoc|iPhoneSimulator.ActiveCfg = Debug|x86
		{A250632B-FC2A-4A5B-8554-77D0A72DAE00}.Ad-Hoc|iPhoneSimulator.Build.0 = Debug|x86
		{A250632B-FC2A-4A5B-8554-77D0A72DAE00}.Ad-Hoc|iPhoneSimulator.Deploy.0 = Debug|x86
		{A250632B-FC2A-4A5B-8554-77D0A72DAE00}.Ad-Hoc|x64.ActiveCfg = Debug|x64
		{A250632B-FC2A-4A5B-8554-77D0A72DAE00}.Ad-Hoc|x64.Build.0 = Debug|x64
		{A250632B-FC2A-4A5B-8554-77D0A72DAE00}.Ad-Hoc|x64.Deploy.0 = Debug|x64
		{A250632B-FC2A-4A5B-8554-77D0A72DAE00}.Ad-Hoc|x86.ActiveCfg = Debug|x86
		{A250632B-FC2A-4A5B-8554-77D0A72DAE00}.Ad-Hoc|x86.Build.0 = Debug|x86
		{A250632B-FC2A-4A5B-8554-77D0A72DAE00}.Ad-Hoc|x86.Deploy.0 = Debug|x86
		{A250632B-FC2A-4A5B-8554-77D0A72DAE00}.AppStore|Any CPU.ActiveCfg = Debug|x86
		{A250632B-FC2A-4A5B-8554-77D0A72DAE00}.AppStore|Any CPU.Build.0 = Debug|x86
		{A250632B-FC2A-4A5B-8554-77D0A72DAE00}.AppStore|Any CPU.Deploy.0 = Debug|x86
		{A250632B-FC2A-4A5B-8554-77D0A72DAE00}.AppStore|ARM.ActiveCfg = Debug|ARM
		{A250632B-FC2A-4A5B-8554-77D0A72DAE00}.AppStore|ARM.Build.0 = Debug|ARM
		{A250632B-FC2A-4A5B-8554-77D0A72DAE00}.AppStore|ARM.Deploy.0 = Debug|ARM
		{A250632B-FC2A-4A5B-8554-77D0A72DAE00}.AppStore|ARM64.ActiveCfg = Debug|ARM64
		{A250632B-FC2A-4A5B-8554-77D0A72DAE00}.AppStore|ARM64.Build.0 = Debug|ARM64
		{A250632B-FC2A-4A5B-8554-77D0A72DAE00}.AppStore|ARM64.Deploy.0 = Debug|ARM64
		{A250632B-FC2A-4A5B-8554-77D0A72DAE00}.AppStore|iPhone.ActiveCfg = Debug|x86
		{A250632B-FC2A-4A5B-8554-77D0A72DAE00}.AppStore|iPhone.Build.0 = Debug|x86
		{A250632B-FC2A-4A5B-8554-77D0A72DAE00}.AppStore|iPhone.Deploy.0 = Debug|x86
		{A250632B-FC2A-4A5B-8554-77D0A72DAE00}.AppStore|iPhoneSimulator.ActiveCfg = Debug|x86
		{A250632B-FC2A-4A5B-8554-77D0A72DAE00}.AppStore|iPhoneSimulator.Build.0 = Debug|x86
		{A250632B-FC2A-4A5B-8554-77D0A72DAE00}.AppStore|iPhoneSimulator.Deploy.0 = Debug|x86
		{A250632B-FC2A-4A5B-8554-77D0A72DAE00}.AppStore|x64.ActiveCfg = Debug|x64
		{A250632B-FC2A-4A5B-8554-77D0A72DAE00}.AppStore|x64.Build.0 = Debug|x64
		{A250632B-FC2A-4A5B-8554-77D0A72DAE00}.AppStore|x64.Deploy.0 = Debug|x64
		{A250632B-FC2A-4A5B-8554-77D0A72DAE00}.AppStore|x86.ActiveCfg = Debug|x86
		{A250632B-FC2A-4A5B-8554-77D0A72DAE00}.AppStore|x86.Build.0 = Debug|x86
		{A250632B-FC2A-4A5B-8554-77D0A72DAE00}.AppStore|x86.Deploy.0 = Debug|x86
		{A250632B-FC2A-4A5B-8554-77D0A72DAE00}.Debug|Any CPU.ActiveCfg = Debug|x86
		{A250632B-FC2A-4A5B-8554-77D0A72DAE00}.Debug|Any CPU.Build.0 = Debug|x86
		{A250632B-FC2A-4A5B-8554-77D0A72DAE00}.Debug|Any CPU.Deploy.0 = Debug|x86
		{A250632B-FC2A-4A5B-8554-77D0A72DAE00}.Debug|ARM.ActiveCfg = Debug|ARM
		{A250632B-FC2A-4A5B-8554-77D0A72DAE00}.Debug|ARM.Build.0 = Debug|ARM
		{A250632B-FC2A-4A5B-8554-77D0A72DAE00}.Debug|ARM.Deploy.0 = Debug|ARM
		{A250632B-FC2A-4A5B-8554-77D0A72DAE00}.Debug|ARM64.ActiveCfg = Debug|ARM64
		{A250632B-FC2A-4A5B-8554-77D0A72DAE00}.Debug|ARM64.Build.0 = Debug|ARM64
		{A250632B-FC2A-4A5B-8554-77D0A72DAE00}.Debug|ARM64.Deploy.0 = Debug|ARM64
		{A250632B-FC2A-4A5B-8554-77D0A72DAE00}.Debug|iPhone.ActiveCfg = Debug|x86
		{A250632B-FC2A-4A5B-8554-77D0A72DAE00}.Debug|iPhoneSimulator.ActiveCfg = Debug|x86
		{A250632B-FC2A-4A5B-8554-77D0A72DAE00}.Debug|x64.ActiveCfg = Debug|x64
		{A250632B-FC2A-4A5B-8554-77D0A72DAE00}.Debug|x64.Build.0 = Debug|x64
		{A250632B-FC2A-4A5B-8554-77D0A72DAE00}.Debug|x64.Deploy.0 = Debug|x64
		{A250632B-FC2A-4A5B-8554-77D0A72DAE00}.Debug|x86.ActiveCfg = Debug|x86
		{A250632B-FC2A-4A5B-8554-77D0A72DAE00}.Debug|x86.Build.0 = Debug|x86
		{A250632B-FC2A-4A5B-8554-77D0A72DAE00}.Debug|x86.Deploy.0 = Debug|x86
		{A250632B-FC2A-4A5B-8554-77D0A72DAE00}.Release|Any CPU.ActiveCfg = Release|x86
		{A250632B-FC2A-4A5B-8554-77D0A72DAE00}.Release|ARM.ActiveCfg = Release|ARM
		{A250632B-FC2A-4A5B-8554-77D0A72DAE00}.Release|ARM.Build.0 = Release|ARM
		{A250632B-FC2A-4A5B-8554-77D0A72DAE00}.Release|ARM.Deploy.0 = Release|ARM
		{A250632B-FC2A-4A5B-8554-77D0A72DAE00}.Release|ARM64.ActiveCfg = Release|ARM64
		{A250632B-FC2A-4A5B-8554-77D0A72DAE00}.Release|ARM64.Build.0 = Release|ARM64
		{A250632B-FC2A-4A5B-8554-77D0A72DAE00}.Release|ARM64.Deploy.0 = Release|ARM64
		{A250632B-FC2A-4A5B-8554-77D0A72DAE00}.Release|iPhone.ActiveCfg = Release|x86
		{A250632B-FC2A-4A5B-8554-77D0A72DAE00}.Release|iPhoneSimulator.ActiveCfg = Release|x86
		{A250632B-FC2A-4A5B-8554-77D0A72DAE00}.Release|x64.ActiveCfg = Release|x64
		{A250632B-FC2A-4A5B-8554-77D0A72DAE00}.Release|x64.Build.0 = Release|x64
		{A250632B-FC2A-4A5B-8554-77D0A72DAE00}.Release|x64.Deploy.0 = Release|x64
		{A250632B-FC2A-4A5B-8554-77D0A72DAE00}.Release|x86.ActiveCfg = Release|x86
		{A250632B-FC2A-4A5B-8554-77D0A72DAE00}.Release|x86.Build.0 = Release|x86
		{A250632B-FC2A-4A5B-8554-77D0A72DAE00}.Release|x86.Deploy.0 = Release|x86
		{9EDFAA30-E62A-41AF-8BB1-1E15ED17D798}.Ad-Hoc|Any CPU.ActiveCfg = Debug|Any CPU
		{9EDFAA30-E62A-41AF-8BB1-1E15ED17D798}.Ad-Hoc|Any CPU.Build.0 = Debug|Any CPU
		{9EDFAA30-E62A-41AF-8BB1-1E15ED17D798}.Ad-Hoc|ARM.ActiveCfg = Debug|Any CPU
		{9EDFAA30-E62A-41AF-8BB1-1E15ED17D798}.Ad-Hoc|ARM.Build.0 = Debug|Any CPU
		{9EDFAA30-E62A-41AF-8BB1-1E15ED17D798}.Ad-Hoc|ARM64.ActiveCfg = Debug|Any CPU
		{9EDFAA30-E62A-41AF-8BB1-1E15ED17D798}.Ad-Hoc|ARM64.Build.0 = Debug|Any CPU
		{9EDFAA30-E62A-41AF-8BB1-1E15ED17D798}.Ad-Hoc|iPhone.ActiveCfg = Debug|Any CPU
		{9EDFAA30-E62A-41AF-8BB1-1E15ED17D798}.Ad-Hoc|iPhone.Build.0 = Debug|Any CPU
		{9EDFAA30-E62A-41AF-8BB1-1E15ED17D798}.Ad-Hoc|iPhoneSimulator.ActiveCfg = Debug|Any CPU
		{9EDFAA30-E62A-41AF-8BB1-1E15ED17D798}.Ad-Hoc|iPhoneSimulator.Build.0 = Debug|Any CPU
		{9EDFAA30-E62A-41AF-8BB1-1E15ED17D798}.Ad-Hoc|x64.ActiveCfg = Debug|Any CPU
		{9EDFAA30-E62A-41AF-8BB1-1E15ED17D798}.Ad-Hoc|x64.Build.0 = Debug|Any CPU
		{9EDFAA30-E62A-41AF-8BB1-1E15ED17D798}.Ad-Hoc|x86.ActiveCfg = Debug|Any CPU
		{9EDFAA30-E62A-41AF-8BB1-1E15ED17D798}.Ad-Hoc|x86.Build.0 = Debug|Any CPU
		{9EDFAA30-E62A-41AF-8BB1-1E15ED17D798}.AppStore|Any CPU.ActiveCfg = Debug|Any CPU
		{9EDFAA30-E62A-41AF-8BB1-1E15ED17D798}.AppStore|Any CPU.Build.0 = Debug|Any CPU
		{9EDFAA30-E62A-41AF-8BB1-1E15ED17D798}.AppStore|ARM.ActiveCfg = Debug|Any CPU
		{9EDFAA30-E62A-41AF-8BB1-1E15ED17D798}.AppStore|ARM.Build.0 = Debug|Any CPU
		{9EDFAA30-E62A-41AF-8BB1-1E15ED17D798}.AppStore|ARM64.ActiveCfg = Debug|Any CPU
		{9EDFAA30-E62A-41AF-8BB1-1E15ED17D798}.AppStore|ARM64.Build.0 = Debug|Any CPU
		{9EDFAA30-E62A-41AF-8BB1-1E15ED17D798}.AppStore|iPhone.ActiveCfg = Debug|Any CPU
		{9EDFAA30-E62A-41AF-8BB1-1E15ED17D798}.AppStore|iPhone.Build.0 = Debug|Any CPU
		{9EDFAA30-E62A-41AF-8BB1-1E15ED17D798}.AppStore|iPhoneSimulator.ActiveCfg = Debug|Any CPU
		{9EDFAA30-E62A-41AF-8BB1-1E15ED17D798}.AppStore|iPhoneSimulator.Build.0 = Debug|Any CPU
		{9EDFAA30-E62A-41AF-8BB1-1E15ED17D798}.AppStore|x64.ActiveCfg = Debug|Any CPU
		{9EDFAA30-E62A-41AF-8BB1-1E15ED17D798}.AppStore|x64.Build.0 = Debug|Any CPU
		{9EDFAA30-E62A-41AF-8BB1-1E15ED17D798}.AppStore|x86.ActiveCfg = Debug|Any CPU
		{9EDFAA30-E62A-41AF-8BB1-1E15ED17D798}.AppStore|x86.Build.0 = Debug|Any CPU
		{9EDFAA30-E62A-41AF-8BB1-1E15ED17D798}.Debug|Any CPU.ActiveCfg = Debug|Any CPU
		{9EDFAA30-E62A-41AF-8BB1-1E15ED17D798}.Debug|Any CPU.Build.0 = Debug|Any CPU
		{9EDFAA30-E62A-41AF-8BB1-1E15ED17D798}.Debug|ARM.ActiveCfg = Debug|Any CPU
		{9EDFAA30-E62A-41AF-8BB1-1E15ED17D798}.Debug|ARM.Build.0 = Debug|Any CPU
		{9EDFAA30-E62A-41AF-8BB1-1E15ED17D798}.Debug|ARM64.ActiveCfg = Debug|Any CPU
		{9EDFAA30-E62A-41AF-8BB1-1E15ED17D798}.Debug|ARM64.Build.0 = Debug|Any CPU
		{9EDFAA30-E62A-41AF-8BB1-1E15ED17D798}.Debug|iPhone.ActiveCfg = Debug|Any CPU
		{9EDFAA30-E62A-41AF-8BB1-1E15ED17D798}.Debug|iPhone.Build.0 = Debug|Any CPU
		{9EDFAA30-E62A-41AF-8BB1-1E15ED17D798}.Debug|iPhoneSimulator.ActiveCfg = Debug|Any CPU
		{9EDFAA30-E62A-41AF-8BB1-1E15ED17D798}.Debug|iPhoneSimulator.Build.0 = Debug|Any CPU
		{9EDFAA30-E62A-41AF-8BB1-1E15ED17D798}.Debug|x64.ActiveCfg = Debug|Any CPU
		{9EDFAA30-E62A-41AF-8BB1-1E15ED17D798}.Debug|x64.Build.0 = Debug|Any CPU
		{9EDFAA30-E62A-41AF-8BB1-1E15ED17D798}.Debug|x86.ActiveCfg = Debug|Any CPU
		{9EDFAA30-E62A-41AF-8BB1-1E15ED17D798}.Debug|x86.Build.0 = Debug|Any CPU
		{9EDFAA30-E62A-41AF-8BB1-1E15ED17D798}.Release|Any CPU.ActiveCfg = Release|Any CPU
		{9EDFAA30-E62A-41AF-8BB1-1E15ED17D798}.Release|Any CPU.Build.0 = Release|Any CPU
		{9EDFAA30-E62A-41AF-8BB1-1E15ED17D798}.Release|ARM.ActiveCfg = Release|Any CPU
		{9EDFAA30-E62A-41AF-8BB1-1E15ED17D798}.Release|ARM.Build.0 = Release|Any CPU
		{9EDFAA30-E62A-41AF-8BB1-1E15ED17D798}.Release|ARM64.ActiveCfg = Release|Any CPU
		{9EDFAA30-E62A-41AF-8BB1-1E15ED17D798}.Release|ARM64.Build.0 = Release|Any CPU
		{9EDFAA30-E62A-41AF-8BB1-1E15ED17D798}.Release|iPhone.ActiveCfg = Release|Any CPU
		{9EDFAA30-E62A-41AF-8BB1-1E15ED17D798}.Release|iPhone.Build.0 = Release|Any CPU
		{9EDFAA30-E62A-41AF-8BB1-1E15ED17D798}.Release|iPhoneSimulator.ActiveCfg = Release|Any CPU
		{9EDFAA30-E62A-41AF-8BB1-1E15ED17D798}.Release|iPhoneSimulator.Build.0 = Release|Any CPU
		{9EDFAA30-E62A-41AF-8BB1-1E15ED17D798}.Release|x64.ActiveCfg = Release|Any CPU
		{9EDFAA30-E62A-41AF-8BB1-1E15ED17D798}.Release|x64.Build.0 = Release|Any CPU
		{9EDFAA30-E62A-41AF-8BB1-1E15ED17D798}.Release|x86.ActiveCfg = Release|Any CPU
		{9EDFAA30-E62A-41AF-8BB1-1E15ED17D798}.Release|x86.Build.0 = Release|Any CPU
		{32DF3F16-4C9B-4533-8CC7-875958421D8A}.Ad-Hoc|Any CPU.ActiveCfg = Debug|iPhoneSimulator
		{32DF3F16-4C9B-4533-8CC7-875958421D8A}.Ad-Hoc|Any CPU.Build.0 = Debug|iPhoneSimulator
		{32DF3F16-4C9B-4533-8CC7-875958421D8A}.Ad-Hoc|ARM.ActiveCfg = Debug|iPhoneSimulator
		{32DF3F16-4C9B-4533-8CC7-875958421D8A}.Ad-Hoc|ARM.Build.0 = Debug|iPhoneSimulator
		{32DF3F16-4C9B-4533-8CC7-875958421D8A}.Ad-Hoc|ARM64.ActiveCfg = Debug|iPhoneSimulator
		{32DF3F16-4C9B-4533-8CC7-875958421D8A}.Ad-Hoc|ARM64.Build.0 = Debug|iPhoneSimulator
		{32DF3F16-4C9B-4533-8CC7-875958421D8A}.Ad-Hoc|iPhone.ActiveCfg = Debug|iPhoneSimulator
		{32DF3F16-4C9B-4533-8CC7-875958421D8A}.Ad-Hoc|iPhone.Build.0 = Debug|iPhoneSimulator
		{32DF3F16-4C9B-4533-8CC7-875958421D8A}.Ad-Hoc|iPhoneSimulator.ActiveCfg = Debug|iPhoneSimulator
		{32DF3F16-4C9B-4533-8CC7-875958421D8A}.Ad-Hoc|iPhoneSimulator.Build.0 = Debug|iPhoneSimulator
		{32DF3F16-4C9B-4533-8CC7-875958421D8A}.Ad-Hoc|x64.ActiveCfg = Debug|iPhoneSimulator
		{32DF3F16-4C9B-4533-8CC7-875958421D8A}.Ad-Hoc|x64.Build.0 = Debug|iPhoneSimulator
		{32DF3F16-4C9B-4533-8CC7-875958421D8A}.Ad-Hoc|x86.ActiveCfg = Debug|iPhoneSimulator
		{32DF3F16-4C9B-4533-8CC7-875958421D8A}.Ad-Hoc|x86.Build.0 = Debug|iPhoneSimulator
		{32DF3F16-4C9B-4533-8CC7-875958421D8A}.AppStore|Any CPU.ActiveCfg = Debug|iPhoneSimulator
		{32DF3F16-4C9B-4533-8CC7-875958421D8A}.AppStore|Any CPU.Build.0 = Debug|iPhoneSimulator
		{32DF3F16-4C9B-4533-8CC7-875958421D8A}.AppStore|ARM.ActiveCfg = Debug|iPhoneSimulator
		{32DF3F16-4C9B-4533-8CC7-875958421D8A}.AppStore|ARM.Build.0 = Debug|iPhoneSimulator
		{32DF3F16-4C9B-4533-8CC7-875958421D8A}.AppStore|ARM64.ActiveCfg = Debug|iPhoneSimulator
		{32DF3F16-4C9B-4533-8CC7-875958421D8A}.AppStore|ARM64.Build.0 = Debug|iPhoneSimulator
		{32DF3F16-4C9B-4533-8CC7-875958421D8A}.AppStore|iPhone.ActiveCfg = Debug|iPhoneSimulator
		{32DF3F16-4C9B-4533-8CC7-875958421D8A}.AppStore|iPhone.Build.0 = Debug|iPhoneSimulator
		{32DF3F16-4C9B-4533-8CC7-875958421D8A}.AppStore|iPhoneSimulator.ActiveCfg = Debug|iPhoneSimulator
		{32DF3F16-4C9B-4533-8CC7-875958421D8A}.AppStore|iPhoneSimulator.Build.0 = Debug|iPhoneSimulator
		{32DF3F16-4C9B-4533-8CC7-875958421D8A}.AppStore|x64.ActiveCfg = Debug|iPhoneSimulator
		{32DF3F16-4C9B-4533-8CC7-875958421D8A}.AppStore|x64.Build.0 = Debug|iPhoneSimulator
		{32DF3F16-4C9B-4533-8CC7-875958421D8A}.AppStore|x86.ActiveCfg = Debug|iPhoneSimulator
		{32DF3F16-4C9B-4533-8CC7-875958421D8A}.AppStore|x86.Build.0 = Debug|iPhoneSimulator
		{32DF3F16-4C9B-4533-8CC7-875958421D8A}.Debug|Any CPU.ActiveCfg = Debug|iPhoneSimulator
		{32DF3F16-4C9B-4533-8CC7-875958421D8A}.Debug|ARM.ActiveCfg = Debug|iPhoneSimulator
		{32DF3F16-4C9B-4533-8CC7-875958421D8A}.Debug|ARM64.ActiveCfg = Debug|iPhoneSimulator
		{32DF3F16-4C9B-4533-8CC7-875958421D8A}.Debug|iPhone.ActiveCfg = Debug|iPhoneSimulator
		{32DF3F16-4C9B-4533-8CC7-875958421D8A}.Debug|iPhoneSimulator.ActiveCfg = Debug|iPhoneSimulator
		{32DF3F16-4C9B-4533-8CC7-875958421D8A}.Debug|iPhoneSimulator.Build.0 = Debug|iPhoneSimulator
		{32DF3F16-4C9B-4533-8CC7-875958421D8A}.Debug|x64.ActiveCfg = Debug|iPhoneSimulator
		{32DF3F16-4C9B-4533-8CC7-875958421D8A}.Debug|x86.ActiveCfg = Debug|iPhoneSimulator
		{32DF3F16-4C9B-4533-8CC7-875958421D8A}.Release|Any CPU.ActiveCfg = Release|iPhoneSimulator
		{32DF3F16-4C9B-4533-8CC7-875958421D8A}.Release|ARM.ActiveCfg = Release|iPhoneSimulator
		{32DF3F16-4C9B-4533-8CC7-875958421D8A}.Release|ARM64.ActiveCfg = Release|iPhoneSimulator
		{32DF3F16-4C9B-4533-8CC7-875958421D8A}.Release|iPhone.ActiveCfg = Release|iPhoneSimulator
		{32DF3F16-4C9B-4533-8CC7-875958421D8A}.Release|iPhoneSimulator.ActiveCfg = Release|iPhoneSimulator
		{32DF3F16-4C9B-4533-8CC7-875958421D8A}.Release|iPhoneSimulator.Build.0 = Release|iPhoneSimulator
		{32DF3F16-4C9B-4533-8CC7-875958421D8A}.Release|x64.ActiveCfg = Release|iPhoneSimulator
		{32DF3F16-4C9B-4533-8CC7-875958421D8A}.Release|x86.ActiveCfg = Release|iPhoneSimulator
		{7C161A5A-8BF4-4868-8C0E-58D89C3982C6}.Ad-Hoc|Any CPU.ActiveCfg = Debug|Any CPU
		{7C161A5A-8BF4-4868-8C0E-58D89C3982C6}.Ad-Hoc|Any CPU.Build.0 = Debug|Any CPU
		{7C161A5A-8BF4-4868-8C0E-58D89C3982C6}.Ad-Hoc|ARM.ActiveCfg = Debug|Any CPU
		{7C161A5A-8BF4-4868-8C0E-58D89C3982C6}.Ad-Hoc|ARM.Build.0 = Debug|Any CPU
		{7C161A5A-8BF4-4868-8C0E-58D89C3982C6}.Ad-Hoc|ARM64.ActiveCfg = Debug|Any CPU
		{7C161A5A-8BF4-4868-8C0E-58D89C3982C6}.Ad-Hoc|ARM64.Build.0 = Debug|Any CPU
		{7C161A5A-8BF4-4868-8C0E-58D89C3982C6}.Ad-Hoc|iPhone.ActiveCfg = Debug|Any CPU
		{7C161A5A-8BF4-4868-8C0E-58D89C3982C6}.Ad-Hoc|iPhone.Build.0 = Debug|Any CPU
		{7C161A5A-8BF4-4868-8C0E-58D89C3982C6}.Ad-Hoc|iPhoneSimulator.ActiveCfg = Debug|Any CPU
		{7C161A5A-8BF4-4868-8C0E-58D89C3982C6}.Ad-Hoc|iPhoneSimulator.Build.0 = Debug|Any CPU
		{7C161A5A-8BF4-4868-8C0E-58D89C3982C6}.Ad-Hoc|x64.ActiveCfg = Debug|Any CPU
		{7C161A5A-8BF4-4868-8C0E-58D89C3982C6}.Ad-Hoc|x64.Build.0 = Debug|Any CPU
		{7C161A5A-8BF4-4868-8C0E-58D89C3982C6}.Ad-Hoc|x86.ActiveCfg = Debug|Any CPU
		{7C161A5A-8BF4-4868-8C0E-58D89C3982C6}.Ad-Hoc|x86.Build.0 = Debug|Any CPU
		{7C161A5A-8BF4-4868-8C0E-58D89C3982C6}.AppStore|Any CPU.ActiveCfg = Debug|Any CPU
		{7C161A5A-8BF4-4868-8C0E-58D89C3982C6}.AppStore|Any CPU.Build.0 = Debug|Any CPU
		{7C161A5A-8BF4-4868-8C0E-58D89C3982C6}.AppStore|ARM.ActiveCfg = Debug|Any CPU
		{7C161A5A-8BF4-4868-8C0E-58D89C3982C6}.AppStore|ARM.Build.0 = Debug|Any CPU
		{7C161A5A-8BF4-4868-8C0E-58D89C3982C6}.AppStore|ARM64.ActiveCfg = Debug|Any CPU
		{7C161A5A-8BF4-4868-8C0E-58D89C3982C6}.AppStore|ARM64.Build.0 = Debug|Any CPU
		{7C161A5A-8BF4-4868-8C0E-58D89C3982C6}.AppStore|iPhone.ActiveCfg = Debug|Any CPU
		{7C161A5A-8BF4-4868-8C0E-58D89C3982C6}.AppStore|iPhone.Build.0 = Debug|Any CPU
		{7C161A5A-8BF4-4868-8C0E-58D89C3982C6}.AppStore|iPhoneSimulator.ActiveCfg = Debug|Any CPU
		{7C161A5A-8BF4-4868-8C0E-58D89C3982C6}.AppStore|iPhoneSimulator.Build.0 = Debug|Any CPU
		{7C161A5A-8BF4-4868-8C0E-58D89C3982C6}.AppStore|x64.ActiveCfg = Debug|Any CPU
		{7C161A5A-8BF4-4868-8C0E-58D89C3982C6}.AppStore|x64.Build.0 = Debug|Any CPU
		{7C161A5A-8BF4-4868-8C0E-58D89C3982C6}.AppStore|x86.ActiveCfg = Debug|Any CPU
		{7C161A5A-8BF4-4868-8C0E-58D89C3982C6}.AppStore|x86.Build.0 = Debug|Any CPU
		{7C161A5A-8BF4-4868-8C0E-58D89C3982C6}.Debug|Any CPU.ActiveCfg = Debug|Any CPU
		{7C161A5A-8BF4-4868-8C0E-58D89C3982C6}.Debug|Any CPU.Build.0 = Debug|Any CPU
		{7C161A5A-8BF4-4868-8C0E-58D89C3982C6}.Debug|ARM.ActiveCfg = Debug|Any CPU
		{7C161A5A-8BF4-4868-8C0E-58D89C3982C6}.Debug|ARM.Build.0 = Debug|Any CPU
		{7C161A5A-8BF4-4868-8C0E-58D89C3982C6}.Debug|ARM64.ActiveCfg = Debug|Any CPU
		{7C161A5A-8BF4-4868-8C0E-58D89C3982C6}.Debug|ARM64.Build.0 = Debug|Any CPU
		{7C161A5A-8BF4-4868-8C0E-58D89C3982C6}.Debug|iPhone.ActiveCfg = Debug|Any CPU
		{7C161A5A-8BF4-4868-8C0E-58D89C3982C6}.Debug|iPhone.Build.0 = Debug|Any CPU
		{7C161A5A-8BF4-4868-8C0E-58D89C3982C6}.Debug|iPhoneSimulator.ActiveCfg = Debug|Any CPU
		{7C161A5A-8BF4-4868-8C0E-58D89C3982C6}.Debug|iPhoneSimulator.Build.0 = Debug|Any CPU
		{7C161A5A-8BF4-4868-8C0E-58D89C3982C6}.Debug|x64.ActiveCfg = Debug|Any CPU
		{7C161A5A-8BF4-4868-8C0E-58D89C3982C6}.Debug|x64.Build.0 = Debug|Any CPU
		{7C161A5A-8BF4-4868-8C0E-58D89C3982C6}.Debug|x86.ActiveCfg = Debug|Any CPU
		{7C161A5A-8BF4-4868-8C0E-58D89C3982C6}.Debug|x86.Build.0 = Debug|Any CPU
		{7C161A5A-8BF4-4868-8C0E-58D89C3982C6}.Release|Any CPU.ActiveCfg = Release|Any CPU
		{7C161A5A-8BF4-4868-8C0E-58D89C3982C6}.Release|Any CPU.Build.0 = Release|Any CPU
		{7C161A5A-8BF4-4868-8C0E-58D89C3982C6}.Release|ARM.ActiveCfg = Release|Any CPU
		{7C161A5A-8BF4-4868-8C0E-58D89C3982C6}.Release|ARM.Build.0 = Release|Any CPU
		{7C161A5A-8BF4-4868-8C0E-58D89C3982C6}.Release|ARM64.ActiveCfg = Release|Any CPU
		{7C161A5A-8BF4-4868-8C0E-58D89C3982C6}.Release|ARM64.Build.0 = Release|Any CPU
		{7C161A5A-8BF4-4868-8C0E-58D89C3982C6}.Release|iPhone.ActiveCfg = Release|Any CPU
		{7C161A5A-8BF4-4868-8C0E-58D89C3982C6}.Release|iPhone.Build.0 = Release|Any CPU
		{7C161A5A-8BF4-4868-8C0E-58D89C3982C6}.Release|iPhoneSimulator.ActiveCfg = Release|Any CPU
		{7C161A5A-8BF4-4868-8C0E-58D89C3982C6}.Release|iPhoneSimulator.Build.0 = Release|Any CPU
		{7C161A5A-8BF4-4868-8C0E-58D89C3982C6}.Release|x64.ActiveCfg = Release|Any CPU
		{7C161A5A-8BF4-4868-8C0E-58D89C3982C6}.Release|x64.Build.0 = Release|Any CPU
		{7C161A5A-8BF4-4868-8C0E-58D89C3982C6}.Release|x86.ActiveCfg = Release|Any CPU
		{7C161A5A-8BF4-4868-8C0E-58D89C3982C6}.Release|x86.Build.0 = Release|Any CPU
		{3FB209FE-C3BA-4C8A-B558-4E2633A7629C}.Ad-Hoc|Any CPU.ActiveCfg = Debug|Any CPU
		{3FB209FE-C3BA-4C8A-B558-4E2633A7629C}.Ad-Hoc|Any CPU.Build.0 = Debug|Any CPU
		{3FB209FE-C3BA-4C8A-B558-4E2633A7629C}.Ad-Hoc|ARM.ActiveCfg = Debug|Any CPU
		{3FB209FE-C3BA-4C8A-B558-4E2633A7629C}.Ad-Hoc|ARM.Build.0 = Debug|Any CPU
		{3FB209FE-C3BA-4C8A-B558-4E2633A7629C}.Ad-Hoc|ARM64.ActiveCfg = Debug|Any CPU
		{3FB209FE-C3BA-4C8A-B558-4E2633A7629C}.Ad-Hoc|ARM64.Build.0 = Debug|Any CPU
		{3FB209FE-C3BA-4C8A-B558-4E2633A7629C}.Ad-Hoc|iPhone.ActiveCfg = Debug|Any CPU
		{3FB209FE-C3BA-4C8A-B558-4E2633A7629C}.Ad-Hoc|iPhone.Build.0 = Debug|Any CPU
		{3FB209FE-C3BA-4C8A-B558-4E2633A7629C}.Ad-Hoc|iPhoneSimulator.ActiveCfg = Debug|Any CPU
		{3FB209FE-C3BA-4C8A-B558-4E2633A7629C}.Ad-Hoc|iPhoneSimulator.Build.0 = Debug|Any CPU
		{3FB209FE-C3BA-4C8A-B558-4E2633A7629C}.Ad-Hoc|x64.ActiveCfg = Debug|Any CPU
		{3FB209FE-C3BA-4C8A-B558-4E2633A7629C}.Ad-Hoc|x64.Build.0 = Debug|Any CPU
		{3FB209FE-C3BA-4C8A-B558-4E2633A7629C}.Ad-Hoc|x86.ActiveCfg = Debug|Any CPU
		{3FB209FE-C3BA-4C8A-B558-4E2633A7629C}.Ad-Hoc|x86.Build.0 = Debug|Any CPU
		{3FB209FE-C3BA-4C8A-B558-4E2633A7629C}.AppStore|Any CPU.ActiveCfg = Debug|Any CPU
		{3FB209FE-C3BA-4C8A-B558-4E2633A7629C}.AppStore|Any CPU.Build.0 = Debug|Any CPU
		{3FB209FE-C3BA-4C8A-B558-4E2633A7629C}.AppStore|ARM.ActiveCfg = Debug|Any CPU
		{3FB209FE-C3BA-4C8A-B558-4E2633A7629C}.AppStore|ARM.Build.0 = Debug|Any CPU
		{3FB209FE-C3BA-4C8A-B558-4E2633A7629C}.AppStore|ARM64.ActiveCfg = Debug|Any CPU
		{3FB209FE-C3BA-4C8A-B558-4E2633A7629C}.AppStore|ARM64.Build.0 = Debug|Any CPU
		{3FB209FE-C3BA-4C8A-B558-4E2633A7629C}.AppStore|iPhone.ActiveCfg = Debug|Any CPU
		{3FB209FE-C3BA-4C8A-B558-4E2633A7629C}.AppStore|iPhone.Build.0 = Debug|Any CPU
		{3FB209FE-C3BA-4C8A-B558-4E2633A7629C}.AppStore|iPhoneSimulator.ActiveCfg = Debug|Any CPU
		{3FB209FE-C3BA-4C8A-B558-4E2633A7629C}.AppStore|iPhoneSimulator.Build.0 = Debug|Any CPU
		{3FB209FE-C3BA-4C8A-B558-4E2633A7629C}.AppStore|x64.ActiveCfg = Debug|Any CPU
		{3FB209FE-C3BA-4C8A-B558-4E2633A7629C}.AppStore|x64.Build.0 = Debug|Any CPU
		{3FB209FE-C3BA-4C8A-B558-4E2633A7629C}.AppStore|x86.ActiveCfg = Debug|Any CPU
		{3FB209FE-C3BA-4C8A-B558-4E2633A7629C}.AppStore|x86.Build.0 = Debug|Any CPU
		{3FB209FE-C3BA-4C8A-B558-4E2633A7629C}.Debug|Any CPU.ActiveCfg = Debug|Any CPU
		{3FB209FE-C3BA-4C8A-B558-4E2633A7629C}.Debug|Any CPU.Build.0 = Debug|Any CPU
		{3FB209FE-C3BA-4C8A-B558-4E2633A7629C}.Debug|ARM.ActiveCfg = Debug|Any CPU
		{3FB209FE-C3BA-4C8A-B558-4E2633A7629C}.Debug|ARM.Build.0 = Debug|Any CPU
		{3FB209FE-C3BA-4C8A-B558-4E2633A7629C}.Debug|ARM64.ActiveCfg = Debug|Any CPU
		{3FB209FE-C3BA-4C8A-B558-4E2633A7629C}.Debug|ARM64.Build.0 = Debug|Any CPU
		{3FB209FE-C3BA-4C8A-B558-4E2633A7629C}.Debug|iPhone.ActiveCfg = Debug|Any CPU
		{3FB209FE-C3BA-4C8A-B558-4E2633A7629C}.Debug|iPhone.Build.0 = Debug|Any CPU
		{3FB209FE-C3BA-4C8A-B558-4E2633A7629C}.Debug|iPhoneSimulator.ActiveCfg = Debug|Any CPU
		{3FB209FE-C3BA-4C8A-B558-4E2633A7629C}.Debug|iPhoneSimulator.Build.0 = Debug|Any CPU
		{3FB209FE-C3BA-4C8A-B558-4E2633A7629C}.Debug|x64.ActiveCfg = Debug|Any CPU
		{3FB209FE-C3BA-4C8A-B558-4E2633A7629C}.Debug|x64.Build.0 = Debug|Any CPU
		{3FB209FE-C3BA-4C8A-B558-4E2633A7629C}.Debug|x86.ActiveCfg = Debug|Any CPU
		{3FB209FE-C3BA-4C8A-B558-4E2633A7629C}.Debug|x86.Build.0 = Debug|Any CPU
		{3FB209FE-C3BA-4C8A-B558-4E2633A7629C}.Release|Any CPU.ActiveCfg = Release|Any CPU
		{3FB209FE-C3BA-4C8A-B558-4E2633A7629C}.Release|Any CPU.Build.0 = Release|Any CPU
		{3FB209FE-C3BA-4C8A-B558-4E2633A7629C}.Release|ARM.ActiveCfg = Release|Any CPU
		{3FB209FE-C3BA-4C8A-B558-4E2633A7629C}.Release|ARM.Build.0 = Release|Any CPU
		{3FB209FE-C3BA-4C8A-B558-4E2633A7629C}.Release|ARM64.ActiveCfg = Release|Any CPU
		{3FB209FE-C3BA-4C8A-B558-4E2633A7629C}.Release|ARM64.Build.0 = Release|Any CPU
		{3FB209FE-C3BA-4C8A-B558-4E2633A7629C}.Release|iPhone.ActiveCfg = Release|Any CPU
		{3FB209FE-C3BA-4C8A-B558-4E2633A7629C}.Release|iPhone.Build.0 = Release|Any CPU
		{3FB209FE-C3BA-4C8A-B558-4E2633A7629C}.Release|iPhoneSimulator.ActiveCfg = Release|Any CPU
		{3FB209FE-C3BA-4C8A-B558-4E2633A7629C}.Release|iPhoneSimulator.Build.0 = Release|Any CPU
		{3FB209FE-C3BA-4C8A-B558-4E2633A7629C}.Release|x64.ActiveCfg = Release|Any CPU
		{3FB209FE-C3BA-4C8A-B558-4E2633A7629C}.Release|x64.Build.0 = Release|Any CPU
		{3FB209FE-C3BA-4C8A-B558-4E2633A7629C}.Release|x86.ActiveCfg = Release|Any CPU
		{3FB209FE-C3BA-4C8A-B558-4E2633A7629C}.Release|x86.Build.0 = Release|Any CPU
		{18F9ADB9-85C0-4BAB-84A5-0149D55DA90F}.Ad-Hoc|Any CPU.ActiveCfg = Debug|Any CPU
		{18F9ADB9-85C0-4BAB-84A5-0149D55DA90F}.Ad-Hoc|Any CPU.Build.0 = Debug|Any CPU
		{18F9ADB9-85C0-4BAB-84A5-0149D55DA90F}.Ad-Hoc|ARM.ActiveCfg = Debug|Any CPU
		{18F9ADB9-85C0-4BAB-84A5-0149D55DA90F}.Ad-Hoc|ARM.Build.0 = Debug|Any CPU
		{18F9ADB9-85C0-4BAB-84A5-0149D55DA90F}.Ad-Hoc|ARM64.ActiveCfg = Debug|Any CPU
		{18F9ADB9-85C0-4BAB-84A5-0149D55DA90F}.Ad-Hoc|ARM64.Build.0 = Debug|Any CPU
		{18F9ADB9-85C0-4BAB-84A5-0149D55DA90F}.Ad-Hoc|iPhone.ActiveCfg = Debug|Any CPU
		{18F9ADB9-85C0-4BAB-84A5-0149D55DA90F}.Ad-Hoc|iPhone.Build.0 = Debug|Any CPU
		{18F9ADB9-85C0-4BAB-84A5-0149D55DA90F}.Ad-Hoc|iPhoneSimulator.ActiveCfg = Debug|Any CPU
		{18F9ADB9-85C0-4BAB-84A5-0149D55DA90F}.Ad-Hoc|iPhoneSimulator.Build.0 = Debug|Any CPU
		{18F9ADB9-85C0-4BAB-84A5-0149D55DA90F}.Ad-Hoc|x64.ActiveCfg = Debug|Any CPU
		{18F9ADB9-85C0-4BAB-84A5-0149D55DA90F}.Ad-Hoc|x64.Build.0 = Debug|Any CPU
		{18F9ADB9-85C0-4BAB-84A5-0149D55DA90F}.Ad-Hoc|x86.ActiveCfg = Debug|Any CPU
		{18F9ADB9-85C0-4BAB-84A5-0149D55DA90F}.Ad-Hoc|x86.Build.0 = Debug|Any CPU
		{18F9ADB9-85C0-4BAB-84A5-0149D55DA90F}.AppStore|Any CPU.ActiveCfg = Debug|Any CPU
		{18F9ADB9-85C0-4BAB-84A5-0149D55DA90F}.AppStore|Any CPU.Build.0 = Debug|Any CPU
		{18F9ADB9-85C0-4BAB-84A5-0149D55DA90F}.AppStore|ARM.ActiveCfg = Debug|Any CPU
		{18F9ADB9-85C0-4BAB-84A5-0149D55DA90F}.AppStore|ARM.Build.0 = Debug|Any CPU
		{18F9ADB9-85C0-4BAB-84A5-0149D55DA90F}.AppStore|ARM64.ActiveCfg = Debug|Any CPU
		{18F9ADB9-85C0-4BAB-84A5-0149D55DA90F}.AppStore|ARM64.Build.0 = Debug|Any CPU
		{18F9ADB9-85C0-4BAB-84A5-0149D55DA90F}.AppStore|iPhone.ActiveCfg = Debug|Any CPU
		{18F9ADB9-85C0-4BAB-84A5-0149D55DA90F}.AppStore|iPhone.Build.0 = Debug|Any CPU
		{18F9ADB9-85C0-4BAB-84A5-0149D55DA90F}.AppStore|iPhoneSimulator.ActiveCfg = Debug|Any CPU
		{18F9ADB9-85C0-4BAB-84A5-0149D55DA90F}.AppStore|iPhoneSimulator.Build.0 = Debug|Any CPU
		{18F9ADB9-85C0-4BAB-84A5-0149D55DA90F}.AppStore|x64.ActiveCfg = Debug|Any CPU
		{18F9ADB9-85C0-4BAB-84A5-0149D55DA90F}.AppStore|x64.Build.0 = Debug|Any CPU
		{18F9ADB9-85C0-4BAB-84A5-0149D55DA90F}.AppStore|x86.ActiveCfg = Debug|Any CPU
		{18F9ADB9-85C0-4BAB-84A5-0149D55DA90F}.AppStore|x86.Build.0 = Debug|Any CPU
		{18F9ADB9-85C0-4BAB-84A5-0149D55DA90F}.Debug|Any CPU.ActiveCfg = Debug|Any CPU
		{18F9ADB9-85C0-4BAB-84A5-0149D55DA90F}.Debug|Any CPU.Build.0 = Debug|Any CPU
		{18F9ADB9-85C0-4BAB-84A5-0149D55DA90F}.Debug|ARM.ActiveCfg = Debug|Any CPU
		{18F9ADB9-85C0-4BAB-84A5-0149D55DA90F}.Debug|ARM.Build.0 = Debug|Any CPU
		{18F9ADB9-85C0-4BAB-84A5-0149D55DA90F}.Debug|ARM64.ActiveCfg = Debug|Any CPU
		{18F9ADB9-85C0-4BAB-84A5-0149D55DA90F}.Debug|ARM64.Build.0 = Debug|Any CPU
		{18F9ADB9-85C0-4BAB-84A5-0149D55DA90F}.Debug|iPhone.ActiveCfg = Debug|Any CPU
		{18F9ADB9-85C0-4BAB-84A5-0149D55DA90F}.Debug|iPhone.Build.0 = Debug|Any CPU
		{18F9ADB9-85C0-4BAB-84A5-0149D55DA90F}.Debug|iPhoneSimulator.ActiveCfg = Debug|Any CPU
		{18F9ADB9-85C0-4BAB-84A5-0149D55DA90F}.Debug|iPhoneSimulator.Build.0 = Debug|Any CPU
		{18F9ADB9-85C0-4BAB-84A5-0149D55DA90F}.Debug|x64.ActiveCfg = Debug|Any CPU
		{18F9ADB9-85C0-4BAB-84A5-0149D55DA90F}.Debug|x64.Build.0 = Debug|Any CPU
		{18F9ADB9-85C0-4BAB-84A5-0149D55DA90F}.Debug|x86.ActiveCfg = Debug|Any CPU
		{18F9ADB9-85C0-4BAB-84A5-0149D55DA90F}.Debug|x86.Build.0 = Debug|Any CPU
		{18F9ADB9-85C0-4BAB-84A5-0149D55DA90F}.Release|Any CPU.ActiveCfg = Release|Any CPU
		{18F9ADB9-85C0-4BAB-84A5-0149D55DA90F}.Release|Any CPU.Build.0 = Release|Any CPU
		{18F9ADB9-85C0-4BAB-84A5-0149D55DA90F}.Release|ARM.ActiveCfg = Release|Any CPU
		{18F9ADB9-85C0-4BAB-84A5-0149D55DA90F}.Release|ARM.Build.0 = Release|Any CPU
		{18F9ADB9-85C0-4BAB-84A5-0149D55DA90F}.Release|ARM64.ActiveCfg = Release|Any CPU
		{18F9ADB9-85C0-4BAB-84A5-0149D55DA90F}.Release|ARM64.Build.0 = Release|Any CPU
		{18F9ADB9-85C0-4BAB-84A5-0149D55DA90F}.Release|iPhone.ActiveCfg = Release|Any CPU
		{18F9ADB9-85C0-4BAB-84A5-0149D55DA90F}.Release|iPhone.Build.0 = Release|Any CPU
		{18F9ADB9-85C0-4BAB-84A5-0149D55DA90F}.Release|iPhoneSimulator.ActiveCfg = Release|Any CPU
		{18F9ADB9-85C0-4BAB-84A5-0149D55DA90F}.Release|iPhoneSimulator.Build.0 = Release|Any CPU
		{18F9ADB9-85C0-4BAB-84A5-0149D55DA90F}.Release|x64.ActiveCfg = Release|Any CPU
		{18F9ADB9-85C0-4BAB-84A5-0149D55DA90F}.Release|x64.Build.0 = Release|Any CPU
		{18F9ADB9-85C0-4BAB-84A5-0149D55DA90F}.Release|x86.ActiveCfg = Release|Any CPU
		{18F9ADB9-85C0-4BAB-84A5-0149D55DA90F}.Release|x86.Build.0 = Release|Any CPU
		{94BC5C9D-FAB5-4AEA-BBAF-EF4772D6ADEC}.Ad-Hoc|Any CPU.ActiveCfg = Debug|Any CPU
		{94BC5C9D-FAB5-4AEA-BBAF-EF4772D6ADEC}.Ad-Hoc|Any CPU.Build.0 = Debug|Any CPU
		{94BC5C9D-FAB5-4AEA-BBAF-EF4772D6ADEC}.Ad-Hoc|ARM.ActiveCfg = Debug|Any CPU
		{94BC5C9D-FAB5-4AEA-BBAF-EF4772D6ADEC}.Ad-Hoc|ARM.Build.0 = Debug|Any CPU
		{94BC5C9D-FAB5-4AEA-BBAF-EF4772D6ADEC}.Ad-Hoc|ARM64.ActiveCfg = Debug|Any CPU
		{94BC5C9D-FAB5-4AEA-BBAF-EF4772D6ADEC}.Ad-Hoc|ARM64.Build.0 = Debug|Any CPU
		{94BC5C9D-FAB5-4AEA-BBAF-EF4772D6ADEC}.Ad-Hoc|iPhone.ActiveCfg = Debug|Any CPU
		{94BC5C9D-FAB5-4AEA-BBAF-EF4772D6ADEC}.Ad-Hoc|iPhone.Build.0 = Debug|Any CPU
		{94BC5C9D-FAB5-4AEA-BBAF-EF4772D6ADEC}.Ad-Hoc|iPhoneSimulator.ActiveCfg = Debug|Any CPU
		{94BC5C9D-FAB5-4AEA-BBAF-EF4772D6ADEC}.Ad-Hoc|iPhoneSimulator.Build.0 = Debug|Any CPU
		{94BC5C9D-FAB5-4AEA-BBAF-EF4772D6ADEC}.Ad-Hoc|x64.ActiveCfg = Debug|Any CPU
		{94BC5C9D-FAB5-4AEA-BBAF-EF4772D6ADEC}.Ad-Hoc|x64.Build.0 = Debug|Any CPU
		{94BC5C9D-FAB5-4AEA-BBAF-EF4772D6ADEC}.Ad-Hoc|x86.ActiveCfg = Debug|Any CPU
		{94BC5C9D-FAB5-4AEA-BBAF-EF4772D6ADEC}.Ad-Hoc|x86.Build.0 = Debug|Any CPU
		{94BC5C9D-FAB5-4AEA-BBAF-EF4772D6ADEC}.AppStore|Any CPU.ActiveCfg = Debug|Any CPU
		{94BC5C9D-FAB5-4AEA-BBAF-EF4772D6ADEC}.AppStore|Any CPU.Build.0 = Debug|Any CPU
		{94BC5C9D-FAB5-4AEA-BBAF-EF4772D6ADEC}.AppStore|ARM.ActiveCfg = Debug|Any CPU
		{94BC5C9D-FAB5-4AEA-BBAF-EF4772D6ADEC}.AppStore|ARM.Build.0 = Debug|Any CPU
		{94BC5C9D-FAB5-4AEA-BBAF-EF4772D6ADEC}.AppStore|ARM64.ActiveCfg = Debug|Any CPU
		{94BC5C9D-FAB5-4AEA-BBAF-EF4772D6ADEC}.AppStore|ARM64.Build.0 = Debug|Any CPU
		{94BC5C9D-FAB5-4AEA-BBAF-EF4772D6ADEC}.AppStore|iPhone.ActiveCfg = Debug|Any CPU
		{94BC5C9D-FAB5-4AEA-BBAF-EF4772D6ADEC}.AppStore|iPhone.Build.0 = Debug|Any CPU
		{94BC5C9D-FAB5-4AEA-BBAF-EF4772D6ADEC}.AppStore|iPhoneSimulator.ActiveCfg = Debug|Any CPU
		{94BC5C9D-FAB5-4AEA-BBAF-EF4772D6ADEC}.AppStore|iPhoneSimulator.Build.0 = Debug|Any CPU
		{94BC5C9D-FAB5-4AEA-BBAF-EF4772D6ADEC}.AppStore|x64.ActiveCfg = Debug|Any CPU
		{94BC5C9D-FAB5-4AEA-BBAF-EF4772D6ADEC}.AppStore|x64.Build.0 = Debug|Any CPU
		{94BC5C9D-FAB5-4AEA-BBAF-EF4772D6ADEC}.AppStore|x86.ActiveCfg = Debug|Any CPU
		{94BC5C9D-FAB5-4AEA-BBAF-EF4772D6ADEC}.AppStore|x86.Build.0 = Debug|Any CPU
		{94BC5C9D-FAB5-4AEA-BBAF-EF4772D6ADEC}.Debug|Any CPU.ActiveCfg = Debug|Any CPU
		{94BC5C9D-FAB5-4AEA-BBAF-EF4772D6ADEC}.Debug|Any CPU.Build.0 = Debug|Any CPU
		{94BC5C9D-FAB5-4AEA-BBAF-EF4772D6ADEC}.Debug|ARM.ActiveCfg = Debug|Any CPU
		{94BC5C9D-FAB5-4AEA-BBAF-EF4772D6ADEC}.Debug|ARM.Build.0 = Debug|Any CPU
		{94BC5C9D-FAB5-4AEA-BBAF-EF4772D6ADEC}.Debug|ARM64.ActiveCfg = Debug|Any CPU
		{94BC5C9D-FAB5-4AEA-BBAF-EF4772D6ADEC}.Debug|ARM64.Build.0 = Debug|Any CPU
		{94BC5C9D-FAB5-4AEA-BBAF-EF4772D6ADEC}.Debug|iPhone.ActiveCfg = Debug|Any CPU
		{94BC5C9D-FAB5-4AEA-BBAF-EF4772D6ADEC}.Debug|iPhone.Build.0 = Debug|Any CPU
		{94BC5C9D-FAB5-4AEA-BBAF-EF4772D6ADEC}.Debug|iPhoneSimulator.ActiveCfg = Debug|Any CPU
		{94BC5C9D-FAB5-4AEA-BBAF-EF4772D6ADEC}.Debug|iPhoneSimulator.Build.0 = Debug|Any CPU
		{94BC5C9D-FAB5-4AEA-BBAF-EF4772D6ADEC}.Debug|x64.ActiveCfg = Debug|Any CPU
		{94BC5C9D-FAB5-4AEA-BBAF-EF4772D6ADEC}.Debug|x64.Build.0 = Debug|Any CPU
		{94BC5C9D-FAB5-4AEA-BBAF-EF4772D6ADEC}.Debug|x86.ActiveCfg = Debug|Any CPU
		{94BC5C9D-FAB5-4AEA-BBAF-EF4772D6ADEC}.Debug|x86.Build.0 = Debug|Any CPU
		{94BC5C9D-FAB5-4AEA-BBAF-EF4772D6ADEC}.Release|Any CPU.ActiveCfg = Release|Any CPU
		{94BC5C9D-FAB5-4AEA-BBAF-EF4772D6ADEC}.Release|Any CPU.Build.0 = Release|Any CPU
		{94BC5C9D-FAB5-4AEA-BBAF-EF4772D6ADEC}.Release|ARM.ActiveCfg = Release|Any CPU
		{94BC5C9D-FAB5-4AEA-BBAF-EF4772D6ADEC}.Release|ARM.Build.0 = Release|Any CPU
		{94BC5C9D-FAB5-4AEA-BBAF-EF4772D6ADEC}.Release|ARM64.ActiveCfg = Release|Any CPU
		{94BC5C9D-FAB5-4AEA-BBAF-EF4772D6ADEC}.Release|ARM64.Build.0 = Release|Any CPU
		{94BC5C9D-FAB5-4AEA-BBAF-EF4772D6ADEC}.Release|iPhone.ActiveCfg = Release|Any CPU
		{94BC5C9D-FAB5-4AEA-BBAF-EF4772D6ADEC}.Release|iPhone.Build.0 = Release|Any CPU
		{94BC5C9D-FAB5-4AEA-BBAF-EF4772D6ADEC}.Release|iPhoneSimulator.ActiveCfg = Release|Any CPU
		{94BC5C9D-FAB5-4AEA-BBAF-EF4772D6ADEC}.Release|iPhoneSimulator.Build.0 = Release|Any CPU
		{94BC5C9D-FAB5-4AEA-BBAF-EF4772D6ADEC}.Release|x64.ActiveCfg = Release|Any CPU
		{94BC5C9D-FAB5-4AEA-BBAF-EF4772D6ADEC}.Release|x64.Build.0 = Release|Any CPU
		{94BC5C9D-FAB5-4AEA-BBAF-EF4772D6ADEC}.Release|x86.ActiveCfg = Release|Any CPU
		{94BC5C9D-FAB5-4AEA-BBAF-EF4772D6ADEC}.Release|x86.Build.0 = Release|Any CPU
	EndGlobalSection
	GlobalSection(SolutionProperties) = preSolution
		HideSolutionNode = FALSE
	EndGlobalSection
	GlobalSection(NestedProjects) = preSolution
		{B42ED0EA-883D-4D4F-B9CE-EC3E40A8F5B1} = {F0BCB953-E9FD-4E92-ADC1-327A2D42AF2A}
		{7E2B6D67-B15B-4F75-96E7-03FAB0C829F6} = {F0BCB953-E9FD-4E92-ADC1-327A2D42AF2A}
		{A250632B-FC2A-4A5B-8554-77D0A72DAE00} = {F0BCB953-E9FD-4E92-ADC1-327A2D42AF2A}
		{9EDFAA30-E62A-41AF-8BB1-1E15ED17D798} = {F0BCB953-E9FD-4E92-ADC1-327A2D42AF2A}
		{32DF3F16-4C9B-4533-8CC7-875958421D8A} = {F0BCB953-E9FD-4E92-ADC1-327A2D42AF2A}
		{7C161A5A-8BF4-4868-8C0E-58D89C3982C6} = {F0BCB953-E9FD-4E92-ADC1-327A2D42AF2A}
		{3FB209FE-C3BA-4C8A-B558-4E2633A7629C} = {F0BCB953-E9FD-4E92-ADC1-327A2D42AF2A}
		{18F9ADB9-85C0-4BAB-84A5-0149D55DA90F} = {F0BCB953-E9FD-4E92-ADC1-327A2D42AF2A}
		{94BC5C9D-FAB5-4AEA-BBAF-EF4772D6ADEC} = {F0BCB953-E9FD-4E92-ADC1-327A2D42AF2A}
	EndGlobalSection
	GlobalSection(ExtensibilityGlobals) = postSolution
		SolutionGuid = {5E5AA8A7-C043-4E74-A5AD-89E10E0584EC}
	EndGlobalSection
EndGlobal
