
Microsoft Visual Studio Solution File, Format Version 12.00
# Visual Studio 14
VisualStudioVersion = 14.0.25420.1
MinimumVisualStudioVersion = 10.0.40219.1
Project("{FAE04EC0-301F-11D3-BF4B-00C04F79EFBC}") = "StateInterpolationPlugin", "StateInterpolationPlugin\StateInterpolationPlugin.csproj", "{D73086FC-957E-4E3F-97FA-742CBBF02EA6}"
EndProject
Project("{FAE04EC0-301F-11D3-BF4B-00C04F79EFBC}") = "FlatRedBallXna4", "..\..\..\Engines\FlatRedBallXNA\FlatRedBall\FlatRedBallXna4.csproj", "{E1CB7D7B-E2EC-4DEB-92E2-6EF0B76F40F0}"
EndProject
Project("{FAE04EC0-301F-11D3-BF4B-00C04F79EFBC}") = "InterpolationCore", "InterpolationCore\InterpolationCore.csproj", "{1F85AEF5-2AE4-49B6-B0DB-623ED2A3A63C}"
EndProject
Project("{2150E333-8FDC-42A3-9474-1A3956D46DE8}") = "StateInterpolation", "StateInterpolation", "{1B7EFC18-1827-4EC7-BDE2-507FAD2783C5}"
EndProject
Project("{2150E333-8FDC-42A3-9474-1A3956D46DE8}") = "Glue", "Glue", "{891DE5A2-514C-4ECB-9A70-4FEA857BCC68}"
EndProject
Project("{FAE04EC0-301F-11D3-BF4B-00C04F79EFBC}") = "Glue", "..\Glue\Glue.csproj", "{213357E3-F729-4FF3-9B99-E91C40D50E6E}"
EndProject
Project("{2150E333-8FDC-42A3-9474-1A3956D46DE8}") = "Shared Libraries", "Shared Libraries", "{D40DFEE3-1F8E-40F0-A776-DD52526AA238}"
EndProject
Project("{FAE04EC0-301F-11D3-BF4B-00C04F79EFBC}") = "RenderingLibrary", "..\..\..\..\Gum\RenderingLibrary\RenderingLibrary.csproj", "{A86EE399-7C93-42E1-80ED-CA4CBF4CA573}"
EndProject
Project("{FAE04EC0-301F-11D3-BF4B-00C04F79EFBC}") = "WpfDataUi", "..\..\..\..\Gum\WpfDataUi\WpfDataUi.csproj", "{47241002-7EB5-433B-B931-A530BB6B84EE}"
EndProject
Project("{FAE04EC0-301F-11D3-BF4B-00C04F79EFBC}") = "XnaAndWinforms", "..\..\..\..\Gum\XnaAndWinforms\XnaAndWinforms.csproj", "{C39A973C-66D6-4A6C-82B5-AE0042F210F8}"
EndProject
Project("{FAE04EC0-301F-11D3-BF4B-00C04F79EFBC}") = "ToolsUtilities", "..\..\..\..\Gum\ToolsUtilities\ToolsUtilities.csproj", "{B941A93F-6093-4DC6-AD11-91A058B6C2CC}"
EndProject
Project("{FAE04EC0-301F-11D3-BF4B-00C04F79EFBC}") = "InputLibrary", "..\..\..\..\Gum\InputLibrary\InputLibrary.csproj", "{938D9A00-8529-4CE8-9077-E0A3994A73EA}"
EndProject
Project("{FAE04EC0-301F-11D3-BF4B-00C04F79EFBC}") = "FlatRedBall.SpecializedXnaControls", "..\..\FlatRedBall.SpecializedXnaControls\FlatRedBall.SpecializedXnaControls.csproj", "{8C80BA7B-1CBA-4579-9382-D9DC6C365070}"
EndProject
Global
	GlobalSection(SharedMSBuildProjectFiles) = preSolution
		..\..\..\Engines\FlatRedBallXNA\FlatRedBall\FlatRedBallShared.projitems*{e1cb7d7b-e2ec-4deb-92e2-6ef0b76f40f0}*SharedItemsImports = 4
	EndGlobalSection
	GlobalSection(SolutionConfigurationPlatforms) = preSolution
		AutomatedBuild|Any CPU = AutomatedBuild|Any CPU
		AutomatedBuild|Mixed Platforms = AutomatedBuild|Mixed Platforms
		AutomatedBuild|x86 = AutomatedBuild|x86
		Debug Docs|Any CPU = Debug Docs|Any CPU
		Debug Docs|Mixed Platforms = Debug Docs|Mixed Platforms
		Debug Docs|x86 = Debug Docs|x86
		Debug|Any CPU = Debug|Any CPU
		Debug|Mixed Platforms = Debug|Mixed Platforms
		Debug|x86 = Debug|x86
		Debug2|Any CPU = Debug2|Any CPU
		Debug2|Mixed Platforms = Debug2|Mixed Platforms
		Debug2|x86 = Debug2|x86
		DebugProfile|Any CPU = DebugProfile|Any CPU
		DebugProfile|Mixed Platforms = DebugProfile|Mixed Platforms
		DebugProfile|x86 = DebugProfile|x86
		Profile|Any CPU = Profile|Any CPU
		Profile|Mixed Platforms = Profile|Mixed Platforms
		Profile|x86 = Profile|x86
		Release|Any CPU = Release|Any CPU
		Release|Mixed Platforms = Release|Mixed Platforms
		Release|x86 = Release|x86
		Submission Phone|Any CPU = Submission Phone|Any CPU
		Submission Phone|Mixed Platforms = Submission Phone|Mixed Platforms
		Submission Phone|x86 = Submission Phone|x86
		Submission|Any CPU = Submission|Any CPU
		Submission|Mixed Platforms = Submission|Mixed Platforms
		Submission|x86 = Submission|x86
		UnitTest|Any CPU = UnitTest|Any CPU
		UnitTest|Mixed Platforms = UnitTest|Mixed Platforms
		UnitTest|x86 = UnitTest|x86
		UnitTests|Any CPU = UnitTests|Any CPU
		UnitTests|Mixed Platforms = UnitTests|Mixed Platforms
		UnitTests|x86 = UnitTests|x86
	EndGlobalSection
	GlobalSection(ProjectConfigurationPlatforms) = postSolution
		{D73086FC-957E-4E3F-97FA-742CBBF02EA6}.AutomatedBuild|Any CPU.ActiveCfg = Release|Any CPU
		{D73086FC-957E-4E3F-97FA-742CBBF02EA6}.AutomatedBuild|Any CPU.Build.0 = Release|Any CPU
		{D73086FC-957E-4E3F-97FA-742CBBF02EA6}.AutomatedBuild|Mixed Platforms.ActiveCfg = Release|x86
		{D73086FC-957E-4E3F-97FA-742CBBF02EA6}.AutomatedBuild|Mixed Platforms.Build.0 = Release|x86
		{D73086FC-957E-4E3F-97FA-742CBBF02EA6}.AutomatedBuild|x86.ActiveCfg = Release|x86
		{D73086FC-957E-4E3F-97FA-742CBBF02EA6}.AutomatedBuild|x86.Build.0 = Release|x86
		{D73086FC-957E-4E3F-97FA-742CBBF02EA6}.Debug Docs|Any CPU.ActiveCfg = Debug|Any CPU
		{D73086FC-957E-4E3F-97FA-742CBBF02EA6}.Debug Docs|Any CPU.Build.0 = Debug|Any CPU
		{D73086FC-957E-4E3F-97FA-742CBBF02EA6}.Debug Docs|Mixed Platforms.ActiveCfg = Debug|Any CPU
		{D73086FC-957E-4E3F-97FA-742CBBF02EA6}.Debug Docs|Mixed Platforms.Build.0 = Debug|Any CPU
		{D73086FC-957E-4E3F-97FA-742CBBF02EA6}.Debug Docs|x86.ActiveCfg = Debug|Any CPU
		{D73086FC-957E-4E3F-97FA-742CBBF02EA6}.Debug|Any CPU.ActiveCfg = Debug|Any CPU
		{D73086FC-957E-4E3F-97FA-742CBBF02EA6}.Debug|Any CPU.Build.0 = Debug|Any CPU
		{D73086FC-957E-4E3F-97FA-742CBBF02EA6}.Debug|Mixed Platforms.ActiveCfg = Debug|Any CPU
		{D73086FC-957E-4E3F-97FA-742CBBF02EA6}.Debug|Mixed Platforms.Build.0 = Debug|Any CPU
		{D73086FC-957E-4E3F-97FA-742CBBF02EA6}.Debug|x86.ActiveCfg = Debug|x86
		{D73086FC-957E-4E3F-97FA-742CBBF02EA6}.Debug|x86.Build.0 = Debug|x86
		{D73086FC-957E-4E3F-97FA-742CBBF02EA6}.Debug2|Any CPU.ActiveCfg = Debug|Any CPU
		{D73086FC-957E-4E3F-97FA-742CBBF02EA6}.Debug2|Any CPU.Build.0 = Debug|Any CPU
		{D73086FC-957E-4E3F-97FA-742CBBF02EA6}.Debug2|Mixed Platforms.ActiveCfg = Debug|x86
		{D73086FC-957E-4E3F-97FA-742CBBF02EA6}.Debug2|Mixed Platforms.Build.0 = Debug|x86
		{D73086FC-957E-4E3F-97FA-742CBBF02EA6}.Debug2|x86.ActiveCfg = Debug|x86
		{D73086FC-957E-4E3F-97FA-742CBBF02EA6}.Debug2|x86.Build.0 = Debug|x86
		{D73086FC-957E-4E3F-97FA-742CBBF02EA6}.DebugProfile|Any CPU.ActiveCfg = Debug|Any CPU
		{D73086FC-957E-4E3F-97FA-742CBBF02EA6}.DebugProfile|Any CPU.Build.0 = Debug|Any CPU
		{D73086FC-957E-4E3F-97FA-742CBBF02EA6}.DebugProfile|Mixed Platforms.ActiveCfg = Debug|Any CPU
		{D73086FC-957E-4E3F-97FA-742CBBF02EA6}.DebugProfile|Mixed Platforms.Build.0 = Debug|Any CPU
		{D73086FC-957E-4E3F-97FA-742CBBF02EA6}.DebugProfile|x86.ActiveCfg = Debug|Any CPU
		{D73086FC-957E-4E3F-97FA-742CBBF02EA6}.Profile|Any CPU.ActiveCfg = Release|Any CPU
		{D73086FC-957E-4E3F-97FA-742CBBF02EA6}.Profile|Any CPU.Build.0 = Release|Any CPU
		{D73086FC-957E-4E3F-97FA-742CBBF02EA6}.Profile|Mixed Platforms.ActiveCfg = Release|Any CPU
		{D73086FC-957E-4E3F-97FA-742CBBF02EA6}.Profile|Mixed Platforms.Build.0 = Release|Any CPU
		{D73086FC-957E-4E3F-97FA-742CBBF02EA6}.Profile|x86.ActiveCfg = Release|Any CPU
		{D73086FC-957E-4E3F-97FA-742CBBF02EA6}.Release|Any CPU.ActiveCfg = Release|Any CPU
		{D73086FC-957E-4E3F-97FA-742CBBF02EA6}.Release|Any CPU.Build.0 = Release|Any CPU
		{D73086FC-957E-4E3F-97FA-742CBBF02EA6}.Release|Mixed Platforms.ActiveCfg = Release|Any CPU
		{D73086FC-957E-4E3F-97FA-742CBBF02EA6}.Release|Mixed Platforms.Build.0 = Release|Any CPU
		{D73086FC-957E-4E3F-97FA-742CBBF02EA6}.Release|x86.ActiveCfg = Release|Any CPU
		{D73086FC-957E-4E3F-97FA-742CBBF02EA6}.Submission Phone|Any CPU.ActiveCfg = Release|Any CPU
		{D73086FC-957E-4E3F-97FA-742CBBF02EA6}.Submission Phone|Any CPU.Build.0 = Release|Any CPU
		{D73086FC-957E-4E3F-97FA-742CBBF02EA6}.Submission Phone|Mixed Platforms.ActiveCfg = Release|Any CPU
		{D73086FC-957E-4E3F-97FA-742CBBF02EA6}.Submission Phone|Mixed Platforms.Build.0 = Release|Any CPU
		{D73086FC-957E-4E3F-97FA-742CBBF02EA6}.Submission Phone|x86.ActiveCfg = Release|Any CPU
		{D73086FC-957E-4E3F-97FA-742CBBF02EA6}.Submission|Any CPU.ActiveCfg = Release|Any CPU
		{D73086FC-957E-4E3F-97FA-742CBBF02EA6}.Submission|Any CPU.Build.0 = Release|Any CPU
		{D73086FC-957E-4E3F-97FA-742CBBF02EA6}.Submission|Mixed Platforms.ActiveCfg = Release|Any CPU
		{D73086FC-957E-4E3F-97FA-742CBBF02EA6}.Submission|Mixed Platforms.Build.0 = Release|Any CPU
		{D73086FC-957E-4E3F-97FA-742CBBF02EA6}.Submission|x86.ActiveCfg = Release|Any CPU
		{D73086FC-957E-4E3F-97FA-742CBBF02EA6}.UnitTest|Any CPU.ActiveCfg = Release|Any CPU
		{D73086FC-957E-4E3F-97FA-742CBBF02EA6}.UnitTest|Any CPU.Build.0 = Release|Any CPU
		{D73086FC-957E-4E3F-97FA-742CBBF02EA6}.UnitTest|Mixed Platforms.ActiveCfg = Release|x86
		{D73086FC-957E-4E3F-97FA-742CBBF02EA6}.UnitTest|Mixed Platforms.Build.0 = Release|x86
		{D73086FC-957E-4E3F-97FA-742CBBF02EA6}.UnitTest|x86.ActiveCfg = Release|x86
		{D73086FC-957E-4E3F-97FA-742CBBF02EA6}.UnitTest|x86.Build.0 = Release|x86
		{D73086FC-957E-4E3F-97FA-742CBBF02EA6}.UnitTests|Any CPU.ActiveCfg = Release|Any CPU
		{D73086FC-957E-4E3F-97FA-742CBBF02EA6}.UnitTests|Any CPU.Build.0 = Release|Any CPU
		{D73086FC-957E-4E3F-97FA-742CBBF02EA6}.UnitTests|Mixed Platforms.ActiveCfg = Release|Any CPU
		{D73086FC-957E-4E3F-97FA-742CBBF02EA6}.UnitTests|Mixed Platforms.Build.0 = Release|Any CPU
		{D73086FC-957E-4E3F-97FA-742CBBF02EA6}.UnitTests|x86.ActiveCfg = Release|Any CPU
		{E1CB7D7B-E2EC-4DEB-92E2-6EF0B76F40F0}.AutomatedBuild|Any CPU.ActiveCfg = AutomatedBuild|x86
		{E1CB7D7B-E2EC-4DEB-92E2-6EF0B76F40F0}.AutomatedBuild|Mixed Platforms.ActiveCfg = AutomatedBuild|x86
		{E1CB7D7B-E2EC-4DEB-92E2-6EF0B76F40F0}.AutomatedBuild|Mixed Platforms.Build.0 = AutomatedBuild|x86
		{E1CB7D7B-E2EC-4DEB-92E2-6EF0B76F40F0}.AutomatedBuild|x86.ActiveCfg = AutomatedBuild|x86
		{E1CB7D7B-E2EC-4DEB-92E2-6EF0B76F40F0}.AutomatedBuild|x86.Build.0 = AutomatedBuild|x86
		{E1CB7D7B-E2EC-4DEB-92E2-6EF0B76F40F0}.Debug Docs|Any CPU.ActiveCfg = Debug Docs|x86
		{E1CB7D7B-E2EC-4DEB-92E2-6EF0B76F40F0}.Debug Docs|Mixed Platforms.ActiveCfg = Debug Docs|x86
		{E1CB7D7B-E2EC-4DEB-92E2-6EF0B76F40F0}.Debug Docs|Mixed Platforms.Build.0 = Debug Docs|x86
		{E1CB7D7B-E2EC-4DEB-92E2-6EF0B76F40F0}.Debug Docs|x86.ActiveCfg = Debug Docs|x86
		{E1CB7D7B-E2EC-4DEB-92E2-6EF0B76F40F0}.Debug Docs|x86.Build.0 = Debug Docs|x86
		{E1CB7D7B-E2EC-4DEB-92E2-6EF0B76F40F0}.Debug|Any CPU.ActiveCfg = Debug|x86
		{E1CB7D7B-E2EC-4DEB-92E2-6EF0B76F40F0}.Debug|Mixed Platforms.ActiveCfg = Debug|x86
		{E1CB7D7B-E2EC-4DEB-92E2-6EF0B76F40F0}.Debug|Mixed Platforms.Build.0 = Debug|x86
		{E1CB7D7B-E2EC-4DEB-92E2-6EF0B76F40F0}.Debug|x86.ActiveCfg = Debug|x86
		{E1CB7D7B-E2EC-4DEB-92E2-6EF0B76F40F0}.Debug|x86.Build.0 = Debug|x86
		{E1CB7D7B-E2EC-4DEB-92E2-6EF0B76F40F0}.Debug2|Any CPU.ActiveCfg = Debug2|x86
		{E1CB7D7B-E2EC-4DEB-92E2-6EF0B76F40F0}.Debug2|Mixed Platforms.ActiveCfg = Debug2|x86
		{E1CB7D7B-E2EC-4DEB-92E2-6EF0B76F40F0}.Debug2|Mixed Platforms.Build.0 = Debug2|x86
		{E1CB7D7B-E2EC-4DEB-92E2-6EF0B76F40F0}.Debug2|x86.ActiveCfg = Debug2|x86
		{E1CB7D7B-E2EC-4DEB-92E2-6EF0B76F40F0}.Debug2|x86.Build.0 = Debug2|x86
		{E1CB7D7B-E2EC-4DEB-92E2-6EF0B76F40F0}.DebugProfile|Any CPU.ActiveCfg = DebugProfile|x86
		{E1CB7D7B-E2EC-4DEB-92E2-6EF0B76F40F0}.DebugProfile|Mixed Platforms.ActiveCfg = DebugProfile|x86
		{E1CB7D7B-E2EC-4DEB-92E2-6EF0B76F40F0}.DebugProfile|Mixed Platforms.Build.0 = DebugProfile|x86
		{E1CB7D7B-E2EC-4DEB-92E2-6EF0B76F40F0}.DebugProfile|x86.ActiveCfg = DebugProfile|x86
		{E1CB7D7B-E2EC-4DEB-92E2-6EF0B76F40F0}.DebugProfile|x86.Build.0 = DebugProfile|x86
		{E1CB7D7B-E2EC-4DEB-92E2-6EF0B76F40F0}.Profile|Any CPU.ActiveCfg = Profile|x86
		{E1CB7D7B-E2EC-4DEB-92E2-6EF0B76F40F0}.Profile|Mixed Platforms.ActiveCfg = Profile|x86
		{E1CB7D7B-E2EC-4DEB-92E2-6EF0B76F40F0}.Profile|Mixed Platforms.Build.0 = Profile|x86
		{E1CB7D7B-E2EC-4DEB-92E2-6EF0B76F40F0}.Profile|x86.ActiveCfg = Profile|x86
		{E1CB7D7B-E2EC-4DEB-92E2-6EF0B76F40F0}.Profile|x86.Build.0 = Profile|x86
		{E1CB7D7B-E2EC-4DEB-92E2-6EF0B76F40F0}.Release|Any CPU.ActiveCfg = Release|x86
		{E1CB7D7B-E2EC-4DEB-92E2-6EF0B76F40F0}.Release|Mixed Platforms.ActiveCfg = Release|x86
		{E1CB7D7B-E2EC-4DEB-92E2-6EF0B76F40F0}.Release|Mixed Platforms.Build.0 = Release|x86
		{E1CB7D7B-E2EC-4DEB-92E2-6EF0B76F40F0}.Release|x86.ActiveCfg = Release|x86
		{E1CB7D7B-E2EC-4DEB-92E2-6EF0B76F40F0}.Release|x86.Build.0 = Release|x86
		{E1CB7D7B-E2EC-4DEB-92E2-6EF0B76F40F0}.Submission Phone|Any CPU.ActiveCfg = Submission Phone|x86
		{E1CB7D7B-E2EC-4DEB-92E2-6EF0B76F40F0}.Submission Phone|Mixed Platforms.ActiveCfg = Submission Phone|x86
		{E1CB7D7B-E2EC-4DEB-92E2-6EF0B76F40F0}.Submission Phone|Mixed Platforms.Build.0 = Submission Phone|x86
		{E1CB7D7B-E2EC-4DEB-92E2-6EF0B76F40F0}.Submission Phone|x86.ActiveCfg = Submission Phone|x86
		{E1CB7D7B-E2EC-4DEB-92E2-6EF0B76F40F0}.Submission Phone|x86.Build.0 = Submission Phone|x86
		{E1CB7D7B-E2EC-4DEB-92E2-6EF0B76F40F0}.Submission|Any CPU.ActiveCfg = Submission|x86
		{E1CB7D7B-E2EC-4DEB-92E2-6EF0B76F40F0}.Submission|Mixed Platforms.ActiveCfg = Submission|x86
		{E1CB7D7B-E2EC-4DEB-92E2-6EF0B76F40F0}.Submission|Mixed Platforms.Build.0 = Submission|x86
		{E1CB7D7B-E2EC-4DEB-92E2-6EF0B76F40F0}.Submission|x86.ActiveCfg = Submission|x86
		{E1CB7D7B-E2EC-4DEB-92E2-6EF0B76F40F0}.Submission|x86.Build.0 = Submission|x86
		{E1CB7D7B-E2EC-4DEB-92E2-6EF0B76F40F0}.UnitTest|Any CPU.ActiveCfg = Debug2|x86
		{E1CB7D7B-E2EC-4DEB-92E2-6EF0B76F40F0}.UnitTest|Any CPU.Build.0 = Debug2|x86
		{E1CB7D7B-E2EC-4DEB-92E2-6EF0B76F40F0}.UnitTest|Mixed Platforms.ActiveCfg = UnitTests|x86
		{E1CB7D7B-E2EC-4DEB-92E2-6EF0B76F40F0}.UnitTest|Mixed Platforms.Build.0 = UnitTests|x86
		{E1CB7D7B-E2EC-4DEB-92E2-6EF0B76F40F0}.UnitTest|x86.ActiveCfg = UnitTests|x86
		{E1CB7D7B-E2EC-4DEB-92E2-6EF0B76F40F0}.UnitTest|x86.Build.0 = UnitTests|x86
		{E1CB7D7B-E2EC-4DEB-92E2-6EF0B76F40F0}.UnitTests|Any CPU.ActiveCfg = UnitTests|x86
		{E1CB7D7B-E2EC-4DEB-92E2-6EF0B76F40F0}.UnitTests|Mixed Platforms.ActiveCfg = UnitTests|x86
		{E1CB7D7B-E2EC-4DEB-92E2-6EF0B76F40F0}.UnitTests|Mixed Platforms.Build.0 = UnitTests|x86
		{E1CB7D7B-E2EC-4DEB-92E2-6EF0B76F40F0}.UnitTests|x86.ActiveCfg = UnitTests|x86
		{E1CB7D7B-E2EC-4DEB-92E2-6EF0B76F40F0}.UnitTests|x86.Build.0 = UnitTests|x86
		{1F85AEF5-2AE4-49B6-B0DB-623ED2A3A63C}.AutomatedBuild|Any CPU.ActiveCfg = Release|Any CPU
		{1F85AEF5-2AE4-49B6-B0DB-623ED2A3A63C}.AutomatedBuild|Any CPU.Build.0 = Release|Any CPU
		{1F85AEF5-2AE4-49B6-B0DB-623ED2A3A63C}.AutomatedBuild|Mixed Platforms.ActiveCfg = Release|x86
		{1F85AEF5-2AE4-49B6-B0DB-623ED2A3A63C}.AutomatedBuild|Mixed Platforms.Build.0 = Release|x86
		{1F85AEF5-2AE4-49B6-B0DB-623ED2A3A63C}.AutomatedBuild|x86.ActiveCfg = Release|x86
		{1F85AEF5-2AE4-49B6-B0DB-623ED2A3A63C}.AutomatedBuild|x86.Build.0 = Release|x86
		{1F85AEF5-2AE4-49B6-B0DB-623ED2A3A63C}.Debug Docs|Any CPU.ActiveCfg = Debug|Any CPU
		{1F85AEF5-2AE4-49B6-B0DB-623ED2A3A63C}.Debug Docs|Any CPU.Build.0 = Debug|Any CPU
		{1F85AEF5-2AE4-49B6-B0DB-623ED2A3A63C}.Debug Docs|Mixed Platforms.ActiveCfg = Debug|Any CPU
		{1F85AEF5-2AE4-49B6-B0DB-623ED2A3A63C}.Debug Docs|Mixed Platforms.Build.0 = Debug|Any CPU
		{1F85AEF5-2AE4-49B6-B0DB-623ED2A3A63C}.Debug Docs|x86.ActiveCfg = Debug|Any CPU
		{1F85AEF5-2AE4-49B6-B0DB-623ED2A3A63C}.Debug|Any CPU.ActiveCfg = Debug|Any CPU
		{1F85AEF5-2AE4-49B6-B0DB-623ED2A3A63C}.Debug|Any CPU.Build.0 = Debug|Any CPU
		{1F85AEF5-2AE4-49B6-B0DB-623ED2A3A63C}.Debug|Mixed Platforms.ActiveCfg = Debug|Any CPU
		{1F85AEF5-2AE4-49B6-B0DB-623ED2A3A63C}.Debug|Mixed Platforms.Build.0 = Debug|Any CPU
		{1F85AEF5-2AE4-49B6-B0DB-623ED2A3A63C}.Debug|x86.ActiveCfg = Debug|x86
		{1F85AEF5-2AE4-49B6-B0DB-623ED2A3A63C}.Debug|x86.Build.0 = Debug|x86
		{1F85AEF5-2AE4-49B6-B0DB-623ED2A3A63C}.Debug2|Any CPU.ActiveCfg = Debug|Any CPU
		{1F85AEF5-2AE4-49B6-B0DB-623ED2A3A63C}.Debug2|Any CPU.Build.0 = Debug|Any CPU
		{1F85AEF5-2AE4-49B6-B0DB-623ED2A3A63C}.Debug2|Mixed Platforms.ActiveCfg = Debug|x86
		{1F85AEF5-2AE4-49B6-B0DB-623ED2A3A63C}.Debug2|Mixed Platforms.Build.0 = Debug|x86
		{1F85AEF5-2AE4-49B6-B0DB-623ED2A3A63C}.Debug2|x86.ActiveCfg = Debug|x86
		{1F85AEF5-2AE4-49B6-B0DB-623ED2A3A63C}.Debug2|x86.Build.0 = Debug|x86
		{1F85AEF5-2AE4-49B6-B0DB-623ED2A3A63C}.DebugProfile|Any CPU.ActiveCfg = Debug|Any CPU
		{1F85AEF5-2AE4-49B6-B0DB-623ED2A3A63C}.DebugProfile|Any CPU.Build.0 = Debug|Any CPU
		{1F85AEF5-2AE4-49B6-B0DB-623ED2A3A63C}.DebugProfile|Mixed Platforms.ActiveCfg = Debug|Any CPU
		{1F85AEF5-2AE4-49B6-B0DB-623ED2A3A63C}.DebugProfile|Mixed Platforms.Build.0 = Debug|Any CPU
		{1F85AEF5-2AE4-49B6-B0DB-623ED2A3A63C}.DebugProfile|x86.ActiveCfg = Debug|Any CPU
		{1F85AEF5-2AE4-49B6-B0DB-623ED2A3A63C}.Profile|Any CPU.ActiveCfg = Release|Any CPU
		{1F85AEF5-2AE4-49B6-B0DB-623ED2A3A63C}.Profile|Any CPU.Build.0 = Release|Any CPU
		{1F85AEF5-2AE4-49B6-B0DB-623ED2A3A63C}.Profile|Mixed Platforms.ActiveCfg = Release|Any CPU
		{1F85AEF5-2AE4-49B6-B0DB-623ED2A3A63C}.Profile|Mixed Platforms.Build.0 = Release|Any CPU
		{1F85AEF5-2AE4-49B6-B0DB-623ED2A3A63C}.Profile|x86.ActiveCfg = Release|Any CPU
		{1F85AEF5-2AE4-49B6-B0DB-623ED2A3A63C}.Release|Any CPU.ActiveCfg = Release|Any CPU
		{1F85AEF5-2AE4-49B6-B0DB-623ED2A3A63C}.Release|Any CPU.Build.0 = Release|Any CPU
		{1F85AEF5-2AE4-49B6-B0DB-623ED2A3A63C}.Release|Mixed Platforms.ActiveCfg = Release|Any CPU
		{1F85AEF5-2AE4-49B6-B0DB-623ED2A3A63C}.Release|Mixed Platforms.Build.0 = Release|Any CPU
		{1F85AEF5-2AE4-49B6-B0DB-623ED2A3A63C}.Release|x86.ActiveCfg = Release|Any CPU
		{1F85AEF5-2AE4-49B6-B0DB-623ED2A3A63C}.Submission Phone|Any CPU.ActiveCfg = Release|Any CPU
		{1F85AEF5-2AE4-49B6-B0DB-623ED2A3A63C}.Submission Phone|Any CPU.Build.0 = Release|Any CPU
		{1F85AEF5-2AE4-49B6-B0DB-623ED2A3A63C}.Submission Phone|Mixed Platforms.ActiveCfg = Release|Any CPU
		{1F85AEF5-2AE4-49B6-B0DB-623ED2A3A63C}.Submission Phone|Mixed Platforms.Build.0 = Release|Any CPU
		{1F85AEF5-2AE4-49B6-B0DB-623ED2A3A63C}.Submission Phone|x86.ActiveCfg = Release|Any CPU
		{1F85AEF5-2AE4-49B6-B0DB-623ED2A3A63C}.Submission|Any CPU.ActiveCfg = Release|Any CPU
		{1F85AEF5-2AE4-49B6-B0DB-623ED2A3A63C}.Submission|Any CPU.Build.0 = Release|Any CPU
		{1F85AEF5-2AE4-49B6-B0DB-623ED2A3A63C}.Submission|Mixed Platforms.ActiveCfg = Release|Any CPU
		{1F85AEF5-2AE4-49B6-B0DB-623ED2A3A63C}.Submission|Mixed Platforms.Build.0 = Release|Any CPU
		{1F85AEF5-2AE4-49B6-B0DB-623ED2A3A63C}.Submission|x86.ActiveCfg = Release|Any CPU
		{1F85AEF5-2AE4-49B6-B0DB-623ED2A3A63C}.UnitTest|Any CPU.ActiveCfg = Release|Any CPU
		{1F85AEF5-2AE4-49B6-B0DB-623ED2A3A63C}.UnitTest|Any CPU.Build.0 = Release|Any CPU
		{1F85AEF5-2AE4-49B6-B0DB-623ED2A3A63C}.UnitTest|Mixed Platforms.ActiveCfg = Release|x86
		{1F85AEF5-2AE4-49B6-B0DB-623ED2A3A63C}.UnitTest|Mixed Platforms.Build.0 = Release|x86
		{1F85AEF5-2AE4-49B6-B0DB-623ED2A3A63C}.UnitTest|x86.ActiveCfg = Release|x86
		{1F85AEF5-2AE4-49B6-B0DB-623ED2A3A63C}.UnitTest|x86.Build.0 = Release|x86
		{1F85AEF5-2AE4-49B6-B0DB-623ED2A3A63C}.UnitTests|Any CPU.ActiveCfg = Release|Any CPU
		{1F85AEF5-2AE4-49B6-B0DB-623ED2A3A63C}.UnitTests|Any CPU.Build.0 = Release|Any CPU
		{1F85AEF5-2AE4-49B6-B0DB-623ED2A3A63C}.UnitTests|Mixed Platforms.ActiveCfg = Release|Any CPU
		{1F85AEF5-2AE4-49B6-B0DB-623ED2A3A63C}.UnitTests|Mixed Platforms.Build.0 = Release|Any CPU
		{1F85AEF5-2AE4-49B6-B0DB-623ED2A3A63C}.UnitTests|x86.ActiveCfg = Release|Any CPU
		{213357E3-F729-4FF3-9B99-E91C40D50E6E}.AutomatedBuild|Any CPU.ActiveCfg = AutomatedBuild|Any CPU
		{213357E3-F729-4FF3-9B99-E91C40D50E6E}.AutomatedBuild|Any CPU.Build.0 = AutomatedBuild|Any CPU
		{213357E3-F729-4FF3-9B99-E91C40D50E6E}.AutomatedBuild|Mixed Platforms.ActiveCfg = AutomatedBuild|x86
		{213357E3-F729-4FF3-9B99-E91C40D50E6E}.AutomatedBuild|Mixed Platforms.Build.0 = AutomatedBuild|x86
		{213357E3-F729-4FF3-9B99-E91C40D50E6E}.AutomatedBuild|x86.ActiveCfg = AutomatedBuild|x86
		{213357E3-F729-4FF3-9B99-E91C40D50E6E}.AutomatedBuild|x86.Build.0 = AutomatedBuild|x86
		{213357E3-F729-4FF3-9B99-E91C40D50E6E}.Debug Docs|Any CPU.ActiveCfg = Debug|Any CPU
		{213357E3-F729-4FF3-9B99-E91C40D50E6E}.Debug Docs|Any CPU.Build.0 = Debug|Any CPU
		{213357E3-F729-4FF3-9B99-E91C40D50E6E}.Debug Docs|Mixed Platforms.ActiveCfg = Debug|x86
		{213357E3-F729-4FF3-9B99-E91C40D50E6E}.Debug Docs|Mixed Platforms.Build.0 = Debug|x86
		{213357E3-F729-4FF3-9B99-E91C40D50E6E}.Debug Docs|x86.ActiveCfg = Debug|x86
		{213357E3-F729-4FF3-9B99-E91C40D50E6E}.Debug Docs|x86.Build.0 = Debug|x86
		{213357E3-F729-4FF3-9B99-E91C40D50E6E}.Debug|Any CPU.ActiveCfg = Debug|Any CPU
		{213357E3-F729-4FF3-9B99-E91C40D50E6E}.Debug|Any CPU.Build.0 = Debug|Any CPU
		{213357E3-F729-4FF3-9B99-E91C40D50E6E}.Debug|Mixed Platforms.ActiveCfg = Debug|x86
		{213357E3-F729-4FF3-9B99-E91C40D50E6E}.Debug|Mixed Platforms.Build.0 = Debug|x86
		{213357E3-F729-4FF3-9B99-E91C40D50E6E}.Debug|x86.ActiveCfg = Debug|x86
		{213357E3-F729-4FF3-9B99-E91C40D50E6E}.Debug|x86.Build.0 = Debug|x86
		{213357E3-F729-4FF3-9B99-E91C40D50E6E}.Debug2|Any CPU.ActiveCfg = Debug|Any CPU
		{213357E3-F729-4FF3-9B99-E91C40D50E6E}.Debug2|Any CPU.Build.0 = Debug|Any CPU
		{213357E3-F729-4FF3-9B99-E91C40D50E6E}.Debug2|Mixed Platforms.ActiveCfg = Debug|x86
		{213357E3-F729-4FF3-9B99-E91C40D50E6E}.Debug2|Mixed Platforms.Build.0 = Debug|x86
		{213357E3-F729-4FF3-9B99-E91C40D50E6E}.Debug2|x86.ActiveCfg = Debug|x86
		{213357E3-F729-4FF3-9B99-E91C40D50E6E}.Debug2|x86.Build.0 = Debug|x86
		{213357E3-F729-4FF3-9B99-E91C40D50E6E}.DebugProfile|Any CPU.ActiveCfg = Debug|Any CPU
		{213357E3-F729-4FF3-9B99-E91C40D50E6E}.DebugProfile|Any CPU.Build.0 = Debug|Any CPU
		{213357E3-F729-4FF3-9B99-E91C40D50E6E}.DebugProfile|Mixed Platforms.ActiveCfg = Debug|x86
		{213357E3-F729-4FF3-9B99-E91C40D50E6E}.DebugProfile|Mixed Platforms.Build.0 = Debug|x86
		{213357E3-F729-4FF3-9B99-E91C40D50E6E}.DebugProfile|x86.ActiveCfg = Debug|x86
		{213357E3-F729-4FF3-9B99-E91C40D50E6E}.DebugProfile|x86.Build.0 = Debug|x86
		{213357E3-F729-4FF3-9B99-E91C40D50E6E}.Profile|Any CPU.ActiveCfg = UnitTests|Any CPU
		{213357E3-F729-4FF3-9B99-E91C40D50E6E}.Profile|Any CPU.Build.0 = UnitTests|Any CPU
		{213357E3-F729-4FF3-9B99-E91C40D50E6E}.Profile|Mixed Platforms.ActiveCfg = UnitTests|x86
		{213357E3-F729-4FF3-9B99-E91C40D50E6E}.Profile|Mixed Platforms.Build.0 = UnitTests|x86
		{213357E3-F729-4FF3-9B99-E91C40D50E6E}.Profile|x86.ActiveCfg = UnitTests|x86
		{213357E3-F729-4FF3-9B99-E91C40D50E6E}.Profile|x86.Build.0 = UnitTests|x86
		{213357E3-F729-4FF3-9B99-E91C40D50E6E}.Release|Any CPU.ActiveCfg = Release|Any CPU
		{213357E3-F729-4FF3-9B99-E91C40D50E6E}.Release|Any CPU.Build.0 = Release|Any CPU
		{213357E3-F729-4FF3-9B99-E91C40D50E6E}.Release|Mixed Platforms.ActiveCfg = Release|x86
		{213357E3-F729-4FF3-9B99-E91C40D50E6E}.Release|Mixed Platforms.Build.0 = Release|x86
		{213357E3-F729-4FF3-9B99-E91C40D50E6E}.Release|x86.ActiveCfg = Release|x86
		{213357E3-F729-4FF3-9B99-E91C40D50E6E}.Release|x86.Build.0 = Release|x86
		{213357E3-F729-4FF3-9B99-E91C40D50E6E}.Submission Phone|Any CPU.ActiveCfg = UnitTests|Any CPU
		{213357E3-F729-4FF3-9B99-E91C40D50E6E}.Submission Phone|Any CPU.Build.0 = UnitTests|Any CPU
		{213357E3-F729-4FF3-9B99-E91C40D50E6E}.Submission Phone|Mixed Platforms.ActiveCfg = UnitTests|x86
		{213357E3-F729-4FF3-9B99-E91C40D50E6E}.Submission Phone|Mixed Platforms.Build.0 = UnitTests|x86
		{213357E3-F729-4FF3-9B99-E91C40D50E6E}.Submission Phone|x86.ActiveCfg = UnitTests|x86
		{213357E3-F729-4FF3-9B99-E91C40D50E6E}.Submission Phone|x86.Build.0 = UnitTests|x86
		{213357E3-F729-4FF3-9B99-E91C40D50E6E}.Submission|Any CPU.ActiveCfg = UnitTests|Any CPU
		{213357E3-F729-4FF3-9B99-E91C40D50E6E}.Submission|Any CPU.Build.0 = UnitTests|Any CPU
		{213357E3-F729-4FF3-9B99-E91C40D50E6E}.Submission|Mixed Platforms.ActiveCfg = UnitTests|x86
		{213357E3-F729-4FF3-9B99-E91C40D50E6E}.Submission|Mixed Platforms.Build.0 = UnitTests|x86
		{213357E3-F729-4FF3-9B99-E91C40D50E6E}.Submission|x86.ActiveCfg = UnitTests|x86
		{213357E3-F729-4FF3-9B99-E91C40D50E6E}.Submission|x86.Build.0 = UnitTests|x86
		{213357E3-F729-4FF3-9B99-E91C40D50E6E}.UnitTest|Any CPU.ActiveCfg = UnitTests|Any CPU
		{213357E3-F729-4FF3-9B99-E91C40D50E6E}.UnitTest|Any CPU.Build.0 = UnitTests|Any CPU
		{213357E3-F729-4FF3-9B99-E91C40D50E6E}.UnitTest|Mixed Platforms.ActiveCfg = UnitTests|x86
		{213357E3-F729-4FF3-9B99-E91C40D50E6E}.UnitTest|Mixed Platforms.Build.0 = UnitTests|x86
		{213357E3-F729-4FF3-9B99-E91C40D50E6E}.UnitTest|x86.ActiveCfg = UnitTests|x86
		{213357E3-F729-4FF3-9B99-E91C40D50E6E}.UnitTest|x86.Build.0 = UnitTests|x86
		{213357E3-F729-4FF3-9B99-E91C40D50E6E}.UnitTests|Any CPU.ActiveCfg = UnitTests|Any CPU
		{213357E3-F729-4FF3-9B99-E91C40D50E6E}.UnitTests|Any CPU.Build.0 = UnitTests|Any CPU
		{213357E3-F729-4FF3-9B99-E91C40D50E6E}.UnitTests|Mixed Platforms.ActiveCfg = UnitTests|x86
		{213357E3-F729-4FF3-9B99-E91C40D50E6E}.UnitTests|Mixed Platforms.Build.0 = UnitTests|x86
		{213357E3-F729-4FF3-9B99-E91C40D50E6E}.UnitTests|x86.ActiveCfg = UnitTests|x86
		{213357E3-F729-4FF3-9B99-E91C40D50E6E}.UnitTests|x86.Build.0 = UnitTests|x86
		{A86EE399-7C93-42E1-80ED-CA4CBF4CA573}.AutomatedBuild|Any CPU.ActiveCfg = AutomatedBuild|x86
		{A86EE399-7C93-42E1-80ED-CA4CBF4CA573}.AutomatedBuild|Mixed Platforms.ActiveCfg = AutomatedBuild|x86
		{A86EE399-7C93-42E1-80ED-CA4CBF4CA573}.AutomatedBuild|Mixed Platforms.Build.0 = AutomatedBuild|x86
		{A86EE399-7C93-42E1-80ED-CA4CBF4CA573}.AutomatedBuild|x86.ActiveCfg = AutomatedBuild|x86
		{A86EE399-7C93-42E1-80ED-CA4CBF4CA573}.AutomatedBuild|x86.Build.0 = AutomatedBuild|x86
		{A86EE399-7C93-42E1-80ED-CA4CBF4CA573}.Debug Docs|Any CPU.ActiveCfg = Debug2|x86
		{A86EE399-7C93-42E1-80ED-CA4CBF4CA573}.Debug Docs|Any CPU.Build.0 = Debug2|x86
		{A86EE399-7C93-42E1-80ED-CA4CBF4CA573}.Debug Docs|Mixed Platforms.ActiveCfg = Debug2|x86
		{A86EE399-7C93-42E1-80ED-CA4CBF4CA573}.Debug Docs|Mixed Platforms.Build.0 = Debug2|x86
		{A86EE399-7C93-42E1-80ED-CA4CBF4CA573}.Debug Docs|x86.ActiveCfg = Debug2|x86
		{A86EE399-7C93-42E1-80ED-CA4CBF4CA573}.Debug Docs|x86.Build.0 = Debug2|x86
		{A86EE399-7C93-42E1-80ED-CA4CBF4CA573}.Debug|Any CPU.ActiveCfg = Debug|x86
		{A86EE399-7C93-42E1-80ED-CA4CBF4CA573}.Debug|Mixed Platforms.ActiveCfg = Debug|x86
		{A86EE399-7C93-42E1-80ED-CA4CBF4CA573}.Debug|Mixed Platforms.Build.0 = Debug|x86
		{A86EE399-7C93-42E1-80ED-CA4CBF4CA573}.Debug|x86.ActiveCfg = Debug|x86
		{A86EE399-7C93-42E1-80ED-CA4CBF4CA573}.Debug|x86.Build.0 = Debug|x86
		{A86EE399-7C93-42E1-80ED-CA4CBF4CA573}.Debug2|Any CPU.ActiveCfg = Debug2|x86
		{A86EE399-7C93-42E1-80ED-CA4CBF4CA573}.Debug2|Mixed Platforms.ActiveCfg = Debug2|x86
		{A86EE399-7C93-42E1-80ED-CA4CBF4CA573}.Debug2|Mixed Platforms.Build.0 = Debug2|x86
		{A86EE399-7C93-42E1-80ED-CA4CBF4CA573}.Debug2|x86.ActiveCfg = Debug2|x86
		{A86EE399-7C93-42E1-80ED-CA4CBF4CA573}.Debug2|x86.Build.0 = Debug2|x86
		{A86EE399-7C93-42E1-80ED-CA4CBF4CA573}.DebugProfile|Any CPU.ActiveCfg = Debug2|x86
		{A86EE399-7C93-42E1-80ED-CA4CBF4CA573}.DebugProfile|Any CPU.Build.0 = Debug2|x86
		{A86EE399-7C93-42E1-80ED-CA4CBF4CA573}.DebugProfile|Mixed Platforms.ActiveCfg = Debug2|x86
		{A86EE399-7C93-42E1-80ED-CA4CBF4CA573}.DebugProfile|Mixed Platforms.Build.0 = Debug2|x86
		{A86EE399-7C93-42E1-80ED-CA4CBF4CA573}.DebugProfile|x86.ActiveCfg = Debug2|x86
		{A86EE399-7C93-42E1-80ED-CA4CBF4CA573}.DebugProfile|x86.Build.0 = Debug2|x86
		{A86EE399-7C93-42E1-80ED-CA4CBF4CA573}.Profile|Any CPU.ActiveCfg = Debug2|x86
		{A86EE399-7C93-42E1-80ED-CA4CBF4CA573}.Profile|Any CPU.Build.0 = Debug2|x86
		{A86EE399-7C93-42E1-80ED-CA4CBF4CA573}.Profile|Mixed Platforms.ActiveCfg = Debug2|x86
		{A86EE399-7C93-42E1-80ED-CA4CBF4CA573}.Profile|Mixed Platforms.Build.0 = Debug2|x86
		{A86EE399-7C93-42E1-80ED-CA4CBF4CA573}.Profile|x86.ActiveCfg = Debug2|x86
		{A86EE399-7C93-42E1-80ED-CA4CBF4CA573}.Profile|x86.Build.0 = Debug2|x86
		{A86EE399-7C93-42E1-80ED-CA4CBF4CA573}.Release|Any CPU.ActiveCfg = Release|x86
		{A86EE399-7C93-42E1-80ED-CA4CBF4CA573}.Release|Mixed Platforms.ActiveCfg = Release|x86
		{A86EE399-7C93-42E1-80ED-CA4CBF4CA573}.Release|Mixed Platforms.Build.0 = Release|x86
		{A86EE399-7C93-42E1-80ED-CA4CBF4CA573}.Release|x86.ActiveCfg = Release|x86
		{A86EE399-7C93-42E1-80ED-CA4CBF4CA573}.Release|x86.Build.0 = Release|x86
		{A86EE399-7C93-42E1-80ED-CA4CBF4CA573}.Submission Phone|Any CPU.ActiveCfg = Debug2|x86
		{A86EE399-7C93-42E1-80ED-CA4CBF4CA573}.Submission Phone|Any CPU.Build.0 = Debug2|x86
		{A86EE399-7C93-42E1-80ED-CA4CBF4CA573}.Submission Phone|Mixed Platforms.ActiveCfg = Debug2|x86
		{A86EE399-7C93-42E1-80ED-CA4CBF4CA573}.Submission Phone|Mixed Platforms.Build.0 = Debug2|x86
		{A86EE399-7C93-42E1-80ED-CA4CBF4CA573}.Submission Phone|x86.ActiveCfg = Debug2|x86
		{A86EE399-7C93-42E1-80ED-CA4CBF4CA573}.Submission Phone|x86.Build.0 = Debug2|x86
		{A86EE399-7C93-42E1-80ED-CA4CBF4CA573}.Submission|Any CPU.ActiveCfg = Debug2|x86
		{A86EE399-7C93-42E1-80ED-CA4CBF4CA573}.Submission|Any CPU.Build.0 = Debug2|x86
		{A86EE399-7C93-42E1-80ED-CA4CBF4CA573}.Submission|Mixed Platforms.ActiveCfg = Debug2|x86
		{A86EE399-7C93-42E1-80ED-CA4CBF4CA573}.Submission|Mixed Platforms.Build.0 = Debug2|x86
		{A86EE399-7C93-42E1-80ED-CA4CBF4CA573}.Submission|x86.ActiveCfg = Debug2|x86
		{A86EE399-7C93-42E1-80ED-CA4CBF4CA573}.Submission|x86.Build.0 = Debug2|x86
		{A86EE399-7C93-42E1-80ED-CA4CBF4CA573}.UnitTest|Any CPU.ActiveCfg = UnitTest|x86
		{A86EE399-7C93-42E1-80ED-CA4CBF4CA573}.UnitTest|Mixed Platforms.ActiveCfg = UnitTest|x86
		{A86EE399-7C93-42E1-80ED-CA4CBF4CA573}.UnitTest|Mixed Platforms.Build.0 = UnitTest|x86
		{A86EE399-7C93-42E1-80ED-CA4CBF4CA573}.UnitTest|x86.ActiveCfg = UnitTest|x86
		{A86EE399-7C93-42E1-80ED-CA4CBF4CA573}.UnitTest|x86.Build.0 = UnitTest|x86
		{A86EE399-7C93-42E1-80ED-CA4CBF4CA573}.UnitTests|Any CPU.ActiveCfg = Debug2|x86
		{A86EE399-7C93-42E1-80ED-CA4CBF4CA573}.UnitTests|Any CPU.Build.0 = Debug2|x86
		{A86EE399-7C93-42E1-80ED-CA4CBF4CA573}.UnitTests|Mixed Platforms.ActiveCfg = UnitTest|x86
		{A86EE399-7C93-42E1-80ED-CA4CBF4CA573}.UnitTests|Mixed Platforms.Build.0 = UnitTest|x86
		{A86EE399-7C93-42E1-80ED-CA4CBF4CA573}.UnitTests|x86.ActiveCfg = UnitTest|x86
		{A86EE399-7C93-42E1-80ED-CA4CBF4CA573}.UnitTests|x86.Build.0 = UnitTest|x86
		{47241002-7EB5-433B-B931-A530BB6B84EE}.AutomatedBuild|Any CPU.ActiveCfg = Debug2|x86
		{47241002-7EB5-433B-B931-A530BB6B84EE}.AutomatedBuild|Any CPU.Build.0 = Debug2|x86
		{47241002-7EB5-433B-B931-A530BB6B84EE}.AutomatedBuild|Mixed Platforms.ActiveCfg = Debug2|x86
		{47241002-7EB5-433B-B931-A530BB6B84EE}.AutomatedBuild|Mixed Platforms.Build.0 = Debug2|x86
		{47241002-7EB5-433B-B931-A530BB6B84EE}.AutomatedBuild|x86.ActiveCfg = Debug2|x86
		{47241002-7EB5-433B-B931-A530BB6B84EE}.AutomatedBuild|x86.Build.0 = Debug2|x86
		{47241002-7EB5-433B-B931-A530BB6B84EE}.Debug Docs|Any CPU.ActiveCfg = Debug2|x86
		{47241002-7EB5-433B-B931-A530BB6B84EE}.Debug Docs|Any CPU.Build.0 = Debug2|x86
		{47241002-7EB5-433B-B931-A530BB6B84EE}.Debug Docs|Mixed Platforms.ActiveCfg = Debug2|x86
		{47241002-7EB5-433B-B931-A530BB6B84EE}.Debug Docs|Mixed Platforms.Build.0 = Debug2|x86
		{47241002-7EB5-433B-B931-A530BB6B84EE}.Debug Docs|x86.ActiveCfg = Debug2|x86
		{47241002-7EB5-433B-B931-A530BB6B84EE}.Debug Docs|x86.Build.0 = Debug2|x86
		{47241002-7EB5-433B-B931-A530BB6B84EE}.Debug|Any CPU.ActiveCfg = Debug|x86
		{47241002-7EB5-433B-B931-A530BB6B84EE}.Debug|Mixed Platforms.ActiveCfg = Debug|x86
		{47241002-7EB5-433B-B931-A530BB6B84EE}.Debug|Mixed Platforms.Build.0 = Debug|x86
		{47241002-7EB5-433B-B931-A530BB6B84EE}.Debug|x86.ActiveCfg = Debug|x86
		{47241002-7EB5-433B-B931-A530BB6B84EE}.Debug|x86.Build.0 = Debug|x86
		{47241002-7EB5-433B-B931-A530BB6B84EE}.Debug2|Any CPU.ActiveCfg = Debug2|x86
		{47241002-7EB5-433B-B931-A530BB6B84EE}.Debug2|Mixed Platforms.ActiveCfg = Debug2|x86
		{47241002-7EB5-433B-B931-A530BB6B84EE}.Debug2|Mixed Platforms.Build.0 = Debug2|x86
		{47241002-7EB5-433B-B931-A530BB6B84EE}.Debug2|x86.ActiveCfg = Debug2|x86
		{47241002-7EB5-433B-B931-A530BB6B84EE}.Debug2|x86.Build.0 = Debug2|x86
		{47241002-7EB5-433B-B931-A530BB6B84EE}.DebugProfile|Any CPU.ActiveCfg = Debug2|x86
		{47241002-7EB5-433B-B931-A530BB6B84EE}.DebugProfile|Any CPU.Build.0 = Debug2|x86
		{47241002-7EB5-433B-B931-A530BB6B84EE}.DebugProfile|Mixed Platforms.ActiveCfg = Debug2|x86
		{47241002-7EB5-433B-B931-A530BB6B84EE}.DebugProfile|Mixed Platforms.Build.0 = Debug2|x86
		{47241002-7EB5-433B-B931-A530BB6B84EE}.DebugProfile|x86.ActiveCfg = Debug2|x86
		{47241002-7EB5-433B-B931-A530BB6B84EE}.DebugProfile|x86.Build.0 = Debug2|x86
		{47241002-7EB5-433B-B931-A530BB6B84EE}.Profile|Any CPU.ActiveCfg = Debug2|x86
		{47241002-7EB5-433B-B931-A530BB6B84EE}.Profile|Any CPU.Build.0 = Debug2|x86
		{47241002-7EB5-433B-B931-A530BB6B84EE}.Profile|Mixed Platforms.ActiveCfg = Debug2|x86
		{47241002-7EB5-433B-B931-A530BB6B84EE}.Profile|Mixed Platforms.Build.0 = Debug2|x86
		{47241002-7EB5-433B-B931-A530BB6B84EE}.Profile|x86.ActiveCfg = Debug2|x86
		{47241002-7EB5-433B-B931-A530BB6B84EE}.Profile|x86.Build.0 = Debug2|x86
		{47241002-7EB5-433B-B931-A530BB6B84EE}.Release|Any CPU.ActiveCfg = Release|x86
		{47241002-7EB5-433B-B931-A530BB6B84EE}.Release|Mixed Platforms.ActiveCfg = Release|x86
		{47241002-7EB5-433B-B931-A530BB6B84EE}.Release|Mixed Platforms.Build.0 = Release|x86
		{47241002-7EB5-433B-B931-A530BB6B84EE}.Release|x86.ActiveCfg = Release|x86
		{47241002-7EB5-433B-B931-A530BB6B84EE}.Release|x86.Build.0 = Release|x86
		{47241002-7EB5-433B-B931-A530BB6B84EE}.Submission Phone|Any CPU.ActiveCfg = Debug2|x86
		{47241002-7EB5-433B-B931-A530BB6B84EE}.Submission Phone|Any CPU.Build.0 = Debug2|x86
		{47241002-7EB5-433B-B931-A530BB6B84EE}.Submission Phone|Mixed Platforms.ActiveCfg = Debug2|x86
		{47241002-7EB5-433B-B931-A530BB6B84EE}.Submission Phone|Mixed Platforms.Build.0 = Debug2|x86
		{47241002-7EB5-433B-B931-A530BB6B84EE}.Submission Phone|x86.ActiveCfg = Debug2|x86
		{47241002-7EB5-433B-B931-A530BB6B84EE}.Submission Phone|x86.Build.0 = Debug2|x86
		{47241002-7EB5-433B-B931-A530BB6B84EE}.Submission|Any CPU.ActiveCfg = Debug2|x86
		{47241002-7EB5-433B-B931-A530BB6B84EE}.Submission|Any CPU.Build.0 = Debug2|x86
		{47241002-7EB5-433B-B931-A530BB6B84EE}.Submission|Mixed Platforms.ActiveCfg = Debug2|x86
		{47241002-7EB5-433B-B931-A530BB6B84EE}.Submission|Mixed Platforms.Build.0 = Debug2|x86
		{47241002-7EB5-433B-B931-A530BB6B84EE}.Submission|x86.ActiveCfg = Debug2|x86
		{47241002-7EB5-433B-B931-A530BB6B84EE}.Submission|x86.Build.0 = Debug2|x86
		{47241002-7EB5-433B-B931-A530BB6B84EE}.UnitTest|Any CPU.ActiveCfg = Debug2|x86
		{47241002-7EB5-433B-B931-A530BB6B84EE}.UnitTest|Any CPU.Build.0 = Debug2|x86
		{47241002-7EB5-433B-B931-A530BB6B84EE}.UnitTest|Mixed Platforms.ActiveCfg = Debug2|x86
		{47241002-7EB5-433B-B931-A530BB6B84EE}.UnitTest|Mixed Platforms.Build.0 = Debug2|x86
		{47241002-7EB5-433B-B931-A530BB6B84EE}.UnitTest|x86.ActiveCfg = Debug2|x86
		{47241002-7EB5-433B-B931-A530BB6B84EE}.UnitTest|x86.Build.0 = Debug2|x86
		{47241002-7EB5-433B-B931-A530BB6B84EE}.UnitTests|Any CPU.ActiveCfg = Debug2|x86
		{47241002-7EB5-433B-B931-A530BB6B84EE}.UnitTests|Any CPU.Build.0 = Debug2|x86
		{47241002-7EB5-433B-B931-A530BB6B84EE}.UnitTests|Mixed Platforms.ActiveCfg = Debug2|x86
		{47241002-7EB5-433B-B931-A530BB6B84EE}.UnitTests|Mixed Platforms.Build.0 = Debug2|x86
		{47241002-7EB5-433B-B931-A530BB6B84EE}.UnitTests|x86.ActiveCfg = Debug2|x86
		{47241002-7EB5-433B-B931-A530BB6B84EE}.UnitTests|x86.Build.0 = Debug2|x86
		{C39A973C-66D6-4A6C-82B5-AE0042F210F8}.AutomatedBuild|Any CPU.ActiveCfg = AutomatedBuild|x86
		{C39A973C-66D6-4A6C-82B5-AE0042F210F8}.AutomatedBuild|Mixed Platforms.ActiveCfg = AutomatedBuild|x86
		{C39A973C-66D6-4A6C-82B5-AE0042F210F8}.AutomatedBuild|Mixed Platforms.Build.0 = AutomatedBuild|x86
		{C39A973C-66D6-4A6C-82B5-AE0042F210F8}.AutomatedBuild|x86.ActiveCfg = AutomatedBuild|x86
		{C39A973C-66D6-4A6C-82B5-AE0042F210F8}.AutomatedBuild|x86.Build.0 = AutomatedBuild|x86
		{C39A973C-66D6-4A6C-82B5-AE0042F210F8}.Debug Docs|Any CPU.ActiveCfg = Debug2|x86
		{C39A973C-66D6-4A6C-82B5-AE0042F210F8}.Debug Docs|Any CPU.Build.0 = Debug2|x86
		{C39A973C-66D6-4A6C-82B5-AE0042F210F8}.Debug Docs|Mixed Platforms.ActiveCfg = Debug2|x86
		{C39A973C-66D6-4A6C-82B5-AE0042F210F8}.Debug Docs|Mixed Platforms.Build.0 = Debug2|x86
		{C39A973C-66D6-4A6C-82B5-AE0042F210F8}.Debug Docs|x86.ActiveCfg = Debug2|x86
		{C39A973C-66D6-4A6C-82B5-AE0042F210F8}.Debug Docs|x86.Build.0 = Debug2|x86
		{C39A973C-66D6-4A6C-82B5-AE0042F210F8}.Debug|Any CPU.ActiveCfg = Debug|x86
		{C39A973C-66D6-4A6C-82B5-AE0042F210F8}.Debug|Mixed Platforms.ActiveCfg = Debug|x86
		{C39A973C-66D6-4A6C-82B5-AE0042F210F8}.Debug|Mixed Platforms.Build.0 = Debug|x86
		{C39A973C-66D6-4A6C-82B5-AE0042F210F8}.Debug|x86.ActiveCfg = Debug|x86
		{C39A973C-66D6-4A6C-82B5-AE0042F210F8}.Debug|x86.Build.0 = Debug|x86
		{C39A973C-66D6-4A6C-82B5-AE0042F210F8}.Debug2|Any CPU.ActiveCfg = Debug2|x86
		{C39A973C-66D6-4A6C-82B5-AE0042F210F8}.Debug2|Mixed Platforms.ActiveCfg = Debug2|x86
		{C39A973C-66D6-4A6C-82B5-AE0042F210F8}.Debug2|Mixed Platforms.Build.0 = Debug2|x86
		{C39A973C-66D6-4A6C-82B5-AE0042F210F8}.Debug2|x86.ActiveCfg = Debug2|x86
		{C39A973C-66D6-4A6C-82B5-AE0042F210F8}.Debug2|x86.Build.0 = Debug2|x86
		{C39A973C-66D6-4A6C-82B5-AE0042F210F8}.DebugProfile|Any CPU.ActiveCfg = Debug2|x86
		{C39A973C-66D6-4A6C-82B5-AE0042F210F8}.DebugProfile|Any CPU.Build.0 = Debug2|x86
		{C39A973C-66D6-4A6C-82B5-AE0042F210F8}.DebugProfile|Mixed Platforms.ActiveCfg = Debug2|x86
		{C39A973C-66D6-4A6C-82B5-AE0042F210F8}.DebugProfile|Mixed Platforms.Build.0 = Debug2|x86
		{C39A973C-66D6-4A6C-82B5-AE0042F210F8}.DebugProfile|x86.ActiveCfg = Debug2|x86
		{C39A973C-66D6-4A6C-82B5-AE0042F210F8}.DebugProfile|x86.Build.0 = Debug2|x86
		{C39A973C-66D6-4A6C-82B5-AE0042F210F8}.Profile|Any CPU.ActiveCfg = Debug2|x86
		{C39A973C-66D6-4A6C-82B5-AE0042F210F8}.Profile|Any CPU.Build.0 = Debug2|x86
		{C39A973C-66D6-4A6C-82B5-AE0042F210F8}.Profile|Mixed Platforms.ActiveCfg = Debug2|x86
		{C39A973C-66D6-4A6C-82B5-AE0042F210F8}.Profile|Mixed Platforms.Build.0 = Debug2|x86
		{C39A973C-66D6-4A6C-82B5-AE0042F210F8}.Profile|x86.ActiveCfg = Debug2|x86
		{C39A973C-66D6-4A6C-82B5-AE0042F210F8}.Profile|x86.Build.0 = Debug2|x86
		{C39A973C-66D6-4A6C-82B5-AE0042F210F8}.Release|Any CPU.ActiveCfg = Release|x86
		{C39A973C-66D6-4A6C-82B5-AE0042F210F8}.Release|Mixed Platforms.ActiveCfg = Release|x86
		{C39A973C-66D6-4A6C-82B5-AE0042F210F8}.Release|Mixed Platforms.Build.0 = Release|x86
		{C39A973C-66D6-4A6C-82B5-AE0042F210F8}.Release|x86.ActiveCfg = Release|x86
		{C39A973C-66D6-4A6C-82B5-AE0042F210F8}.Release|x86.Build.0 = Release|x86
		{C39A973C-66D6-4A6C-82B5-AE0042F210F8}.Submission Phone|Any CPU.ActiveCfg = Debug2|x86
		{C39A973C-66D6-4A6C-82B5-AE0042F210F8}.Submission Phone|Any CPU.Build.0 = Debug2|x86
		{C39A973C-66D6-4A6C-82B5-AE0042F210F8}.Submission Phone|Mixed Platforms.ActiveCfg = Debug2|x86
		{C39A973C-66D6-4A6C-82B5-AE0042F210F8}.Submission Phone|Mixed Platforms.Build.0 = Debug2|x86
		{C39A973C-66D6-4A6C-82B5-AE0042F210F8}.Submission Phone|x86.ActiveCfg = Debug2|x86
		{C39A973C-66D6-4A6C-82B5-AE0042F210F8}.Submission Phone|x86.Build.0 = Debug2|x86
		{C39A973C-66D6-4A6C-82B5-AE0042F210F8}.Submission|Any CPU.ActiveCfg = Debug2|x86
		{C39A973C-66D6-4A6C-82B5-AE0042F210F8}.Submission|Any CPU.Build.0 = Debug2|x86
		{C39A973C-66D6-4A6C-82B5-AE0042F210F8}.Submission|Mixed Platforms.ActiveCfg = Debug2|x86
		{C39A973C-66D6-4A6C-82B5-AE0042F210F8}.Submission|Mixed Platforms.Build.0 = Debug2|x86
		{C39A973C-66D6-4A6C-82B5-AE0042F210F8}.Submission|x86.ActiveCfg = Debug2|x86
		{C39A973C-66D6-4A6C-82B5-AE0042F210F8}.Submission|x86.Build.0 = Debug2|x86
		{C39A973C-66D6-4A6C-82B5-AE0042F210F8}.UnitTest|Any CPU.ActiveCfg = Debug2|x86
		{C39A973C-66D6-4A6C-82B5-AE0042F210F8}.UnitTest|Any CPU.Build.0 = Debug2|x86
		{C39A973C-66D6-4A6C-82B5-AE0042F210F8}.UnitTest|Mixed Platforms.ActiveCfg = Debug2|x86
		{C39A973C-66D6-4A6C-82B5-AE0042F210F8}.UnitTest|Mixed Platforms.Build.0 = Debug2|x86
		{C39A973C-66D6-4A6C-82B5-AE0042F210F8}.UnitTest|x86.ActiveCfg = Debug2|x86
		{C39A973C-66D6-4A6C-82B5-AE0042F210F8}.UnitTest|x86.Build.0 = Debug2|x86
		{C39A973C-66D6-4A6C-82B5-AE0042F210F8}.UnitTests|Any CPU.ActiveCfg = Debug2|x86
		{C39A973C-66D6-4A6C-82B5-AE0042F210F8}.UnitTests|Any CPU.Build.0 = Debug2|x86
		{C39A973C-66D6-4A6C-82B5-AE0042F210F8}.UnitTests|Mixed Platforms.ActiveCfg = Debug2|x86
		{C39A973C-66D6-4A6C-82B5-AE0042F210F8}.UnitTests|Mixed Platforms.Build.0 = Debug2|x86
		{C39A973C-66D6-4A6C-82B5-AE0042F210F8}.UnitTests|x86.ActiveCfg = Debug2|x86
		{C39A973C-66D6-4A6C-82B5-AE0042F210F8}.UnitTests|x86.Build.0 = Debug2|x86
		{B941A93F-6093-4DC6-AD11-91A058B6C2CC}.AutomatedBuild|Any CPU.ActiveCfg = AutomatedBuild|x86
		{B941A93F-6093-4DC6-AD11-91A058B6C2CC}.AutomatedBuild|Mixed Platforms.ActiveCfg = AutomatedBuild|x86
		{B941A93F-6093-4DC6-AD11-91A058B6C2CC}.AutomatedBuild|Mixed Platforms.Build.0 = AutomatedBuild|x86
		{B941A93F-6093-4DC6-AD11-91A058B6C2CC}.AutomatedBuild|x86.ActiveCfg = AutomatedBuild|x86
		{B941A93F-6093-4DC6-AD11-91A058B6C2CC}.AutomatedBuild|x86.Build.0 = AutomatedBuild|x86
		{B941A93F-6093-4DC6-AD11-91A058B6C2CC}.Debug Docs|Any CPU.ActiveCfg = Debug2|x86
		{B941A93F-6093-4DC6-AD11-91A058B6C2CC}.Debug Docs|Any CPU.Build.0 = Debug2|x86
		{B941A93F-6093-4DC6-AD11-91A058B6C2CC}.Debug Docs|Mixed Platforms.ActiveCfg = Debug2|x86
		{B941A93F-6093-4DC6-AD11-91A058B6C2CC}.Debug Docs|Mixed Platforms.Build.0 = Debug2|x86
		{B941A93F-6093-4DC6-AD11-91A058B6C2CC}.Debug Docs|x86.ActiveCfg = Debug2|x86
		{B941A93F-6093-4DC6-AD11-91A058B6C2CC}.Debug Docs|x86.Build.0 = Debug2|x86
		{B941A93F-6093-4DC6-AD11-91A058B6C2CC}.Debug|Any CPU.ActiveCfg = Debug|x86
		{B941A93F-6093-4DC6-AD11-91A058B6C2CC}.Debug|Mixed Platforms.ActiveCfg = Debug|x86
		{B941A93F-6093-4DC6-AD11-91A058B6C2CC}.Debug|Mixed Platforms.Build.0 = Debug|x86
		{B941A93F-6093-4DC6-AD11-91A058B6C2CC}.Debug|x86.ActiveCfg = Debug|x86
		{B941A93F-6093-4DC6-AD11-91A058B6C2CC}.Debug|x86.Build.0 = Debug|x86
		{B941A93F-6093-4DC6-AD11-91A058B6C2CC}.Debug2|Any CPU.ActiveCfg = Debug2|x86
		{B941A93F-6093-4DC6-AD11-91A058B6C2CC}.Debug2|Mixed Platforms.ActiveCfg = Debug2|x86
		{B941A93F-6093-4DC6-AD11-91A058B6C2CC}.Debug2|Mixed Platforms.Build.0 = Debug2|x86
		{B941A93F-6093-4DC6-AD11-91A058B6C2CC}.Debug2|x86.ActiveCfg = Debug2|x86
		{B941A93F-6093-4DC6-AD11-91A058B6C2CC}.Debug2|x86.Build.0 = Debug2|x86
		{B941A93F-6093-4DC6-AD11-91A058B6C2CC}.DebugProfile|Any CPU.ActiveCfg = Debug2|x86
		{B941A93F-6093-4DC6-AD11-91A058B6C2CC}.DebugProfile|Any CPU.Build.0 = Debug2|x86
		{B941A93F-6093-4DC6-AD11-91A058B6C2CC}.DebugProfile|Mixed Platforms.ActiveCfg = Debug2|x86
		{B941A93F-6093-4DC6-AD11-91A058B6C2CC}.DebugProfile|Mixed Platforms.Build.0 = Debug2|x86
		{B941A93F-6093-4DC6-AD11-91A058B6C2CC}.DebugProfile|x86.ActiveCfg = Debug2|x86
		{B941A93F-6093-4DC6-AD11-91A058B6C2CC}.DebugProfile|x86.Build.0 = Debug2|x86
		{B941A93F-6093-4DC6-AD11-91A058B6C2CC}.Profile|Any CPU.ActiveCfg = Debug2|x86
		{B941A93F-6093-4DC6-AD11-91A058B6C2CC}.Profile|Any CPU.Build.0 = Debug2|x86
		{B941A93F-6093-4DC6-AD11-91A058B6C2CC}.Profile|Mixed Platforms.ActiveCfg = Debug2|x86
		{B941A93F-6093-4DC6-AD11-91A058B6C2CC}.Profile|Mixed Platforms.Build.0 = Debug2|x86
		{B941A93F-6093-4DC6-AD11-91A058B6C2CC}.Profile|x86.ActiveCfg = Debug2|x86
		{B941A93F-6093-4DC6-AD11-91A058B6C2CC}.Profile|x86.Build.0 = Debug2|x86
		{B941A93F-6093-4DC6-AD11-91A058B6C2CC}.Release|Any CPU.ActiveCfg = Release|x86
		{B941A93F-6093-4DC6-AD11-91A058B6C2CC}.Release|Mixed Platforms.ActiveCfg = Release|x86
		{B941A93F-6093-4DC6-AD11-91A058B6C2CC}.Release|Mixed Platforms.Build.0 = Release|x86
		{B941A93F-6093-4DC6-AD11-91A058B6C2CC}.Release|x86.ActiveCfg = Release|x86
		{B941A93F-6093-4DC6-AD11-91A058B6C2CC}.Release|x86.Build.0 = Release|x86
		{B941A93F-6093-4DC6-AD11-91A058B6C2CC}.Submission Phone|Any CPU.ActiveCfg = Debug2|x86
		{B941A93F-6093-4DC6-AD11-91A058B6C2CC}.Submission Phone|Any CPU.Build.0 = Debug2|x86
		{B941A93F-6093-4DC6-AD11-91A058B6C2CC}.Submission Phone|Mixed Platforms.ActiveCfg = Debug2|x86
		{B941A93F-6093-4DC6-AD11-91A058B6C2CC}.Submission Phone|Mixed Platforms.Build.0 = Debug2|x86
		{B941A93F-6093-4DC6-AD11-91A058B6C2CC}.Submission Phone|x86.ActiveCfg = Debug2|x86
		{B941A93F-6093-4DC6-AD11-91A058B6C2CC}.Submission Phone|x86.Build.0 = Debug2|x86
		{B941A93F-6093-4DC6-AD11-91A058B6C2CC}.Submission|Any CPU.ActiveCfg = Debug2|x86
		{B941A93F-6093-4DC6-AD11-91A058B6C2CC}.Submission|Any CPU.Build.0 = Debug2|x86
		{B941A93F-6093-4DC6-AD11-91A058B6C2CC}.Submission|Mixed Platforms.ActiveCfg = Debug2|x86
		{B941A93F-6093-4DC6-AD11-91A058B6C2CC}.Submission|Mixed Platforms.Build.0 = Debug2|x86
		{B941A93F-6093-4DC6-AD11-91A058B6C2CC}.Submission|x86.ActiveCfg = Debug2|x86
		{B941A93F-6093-4DC6-AD11-91A058B6C2CC}.Submission|x86.Build.0 = Debug2|x86
		{B941A93F-6093-4DC6-AD11-91A058B6C2CC}.UnitTest|Any CPU.ActiveCfg = Debug2|x86
		{B941A93F-6093-4DC6-AD11-91A058B6C2CC}.UnitTest|Any CPU.Build.0 = Debug2|x86
		{B941A93F-6093-4DC6-AD11-91A058B6C2CC}.UnitTest|Mixed Platforms.ActiveCfg = Debug2|x86
		{B941A93F-6093-4DC6-AD11-91A058B6C2CC}.UnitTest|Mixed Platforms.Build.0 = Debug2|x86
		{B941A93F-6093-4DC6-AD11-91A058B6C2CC}.UnitTest|x86.ActiveCfg = Debug2|x86
		{B941A93F-6093-4DC6-AD11-91A058B6C2CC}.UnitTest|x86.Build.0 = Debug2|x86
		{B941A93F-6093-4DC6-AD11-91A058B6C2CC}.UnitTests|Any CPU.ActiveCfg = Debug2|x86
		{B941A93F-6093-4DC6-AD11-91A058B6C2CC}.UnitTests|Any CPU.Build.0 = Debug2|x86
		{B941A93F-6093-4DC6-AD11-91A058B6C2CC}.UnitTests|Mixed Platforms.ActiveCfg = Debug2|x86
		{B941A93F-6093-4DC6-AD11-91A058B6C2CC}.UnitTests|Mixed Platforms.Build.0 = Debug2|x86
		{B941A93F-6093-4DC6-AD11-91A058B6C2CC}.UnitTests|x86.ActiveCfg = Debug2|x86
		{B941A93F-6093-4DC6-AD11-91A058B6C2CC}.UnitTests|x86.Build.0 = Debug2|x86
		{938D9A00-8529-4CE8-9077-E0A3994A73EA}.AutomatedBuild|Any CPU.ActiveCfg = AutomatedBuild|x86
		{938D9A00-8529-4CE8-9077-E0A3994A73EA}.AutomatedBuild|Mixed Platforms.ActiveCfg = AutomatedBuild|x86
		{938D9A00-8529-4CE8-9077-E0A3994A73EA}.AutomatedBuild|Mixed Platforms.Build.0 = AutomatedBuild|x86
		{938D9A00-8529-4CE8-9077-E0A3994A73EA}.AutomatedBuild|x86.ActiveCfg = AutomatedBuild|x86
		{938D9A00-8529-4CE8-9077-E0A3994A73EA}.AutomatedBuild|x86.Build.0 = AutomatedBuild|x86
		{938D9A00-8529-4CE8-9077-E0A3994A73EA}.Debug Docs|Any CPU.ActiveCfg = Debug2|x86
		{938D9A00-8529-4CE8-9077-E0A3994A73EA}.Debug Docs|Any CPU.Build.0 = Debug2|x86
		{938D9A00-8529-4CE8-9077-E0A3994A73EA}.Debug Docs|Mixed Platforms.ActiveCfg = Debug2|x86
		{938D9A00-8529-4CE8-9077-E0A3994A73EA}.Debug Docs|Mixed Platforms.Build.0 = Debug2|x86
		{938D9A00-8529-4CE8-9077-E0A3994A73EA}.Debug Docs|x86.ActiveCfg = Debug2|x86
		{938D9A00-8529-4CE8-9077-E0A3994A73EA}.Debug Docs|x86.Build.0 = Debug2|x86
		{938D9A00-8529-4CE8-9077-E0A3994A73EA}.Debug|Any CPU.ActiveCfg = Debug|x86
		{938D9A00-8529-4CE8-9077-E0A3994A73EA}.Debug|Mixed Platforms.ActiveCfg = Debug|x86
		{938D9A00-8529-4CE8-9077-E0A3994A73EA}.Debug|Mixed Platforms.Build.0 = Debug|x86
		{938D9A00-8529-4CE8-9077-E0A3994A73EA}.Debug|x86.ActiveCfg = Debug|x86
		{938D9A00-8529-4CE8-9077-E0A3994A73EA}.Debug|x86.Build.0 = Debug|x86
		{938D9A00-8529-4CE8-9077-E0A3994A73EA}.Debug2|Any CPU.ActiveCfg = Debug2|x86
		{938D9A00-8529-4CE8-9077-E0A3994A73EA}.Debug2|Mixed Platforms.ActiveCfg = Debug2|x86
		{938D9A00-8529-4CE8-9077-E0A3994A73EA}.Debug2|Mixed Platforms.Build.0 = Debug2|x86
		{938D9A00-8529-4CE8-9077-E0A3994A73EA}.Debug2|x86.ActiveCfg = Debug2|x86
		{938D9A00-8529-4CE8-9077-E0A3994A73EA}.Debug2|x86.Build.0 = Debug2|x86
		{938D9A00-8529-4CE8-9077-E0A3994A73EA}.DebugProfile|Any CPU.ActiveCfg = Debug2|x86
		{938D9A00-8529-4CE8-9077-E0A3994A73EA}.DebugProfile|Any CPU.Build.0 = Debug2|x86
		{938D9A00-8529-4CE8-9077-E0A3994A73EA}.DebugProfile|Mixed Platforms.ActiveCfg = Debug2|x86
		{938D9A00-8529-4CE8-9077-E0A3994A73EA}.DebugProfile|Mixed Platforms.Build.0 = Debug2|x86
		{938D9A00-8529-4CE8-9077-E0A3994A73EA}.DebugProfile|x86.ActiveCfg = Debug2|x86
		{938D9A00-8529-4CE8-9077-E0A3994A73EA}.DebugProfile|x86.Build.0 = Debug2|x86
		{938D9A00-8529-4CE8-9077-E0A3994A73EA}.Profile|Any CPU.ActiveCfg = Debug2|x86
		{938D9A00-8529-4CE8-9077-E0A3994A73EA}.Profile|Any CPU.Build.0 = Debug2|x86
		{938D9A00-8529-4CE8-9077-E0A3994A73EA}.Profile|Mixed Platforms.ActiveCfg = Debug2|x86
		{938D9A00-8529-4CE8-9077-E0A3994A73EA}.Profile|Mixed Platforms.Build.0 = Debug2|x86
		{938D9A00-8529-4CE8-9077-E0A3994A73EA}.Profile|x86.ActiveCfg = Debug2|x86
		{938D9A00-8529-4CE8-9077-E0A3994A73EA}.Profile|x86.Build.0 = Debug2|x86
		{938D9A00-8529-4CE8-9077-E0A3994A73EA}.Release|Any CPU.ActiveCfg = Release|x86
		{938D9A00-8529-4CE8-9077-E0A3994A73EA}.Release|Mixed Platforms.ActiveCfg = Release|x86
		{938D9A00-8529-4CE8-9077-E0A3994A73EA}.Release|Mixed Platforms.Build.0 = Release|x86
		{938D9A00-8529-4CE8-9077-E0A3994A73EA}.Release|x86.ActiveCfg = Release|x86
		{938D9A00-8529-4CE8-9077-E0A3994A73EA}.Release|x86.Build.0 = Release|x86
		{938D9A00-8529-4CE8-9077-E0A3994A73EA}.Submission Phone|Any CPU.ActiveCfg = Debug2|x86
		{938D9A00-8529-4CE8-9077-E0A3994A73EA}.Submission Phone|Any CPU.Build.0 = Debug2|x86
		{938D9A00-8529-4CE8-9077-E0A3994A73EA}.Submission Phone|Mixed Platforms.ActiveCfg = Debug2|x86
		{938D9A00-8529-4CE8-9077-E0A3994A73EA}.Submission Phone|Mixed Platforms.Build.0 = Debug2|x86
		{938D9A00-8529-4CE8-9077-E0A3994A73EA}.Submission Phone|x86.ActiveCfg = Debug2|x86
		{938D9A00-8529-4CE8-9077-E0A3994A73EA}.Submission Phone|x86.Build.0 = Debug2|x86
		{938D9A00-8529-4CE8-9077-E0A3994A73EA}.Submission|Any CPU.ActiveCfg = Debug2|x86
		{938D9A00-8529-4CE8-9077-E0A3994A73EA}.Submission|Any CPU.Build.0 = Debug2|x86
		{938D9A00-8529-4CE8-9077-E0A3994A73EA}.Submission|Mixed Platforms.ActiveCfg = Debug2|x86
		{938D9A00-8529-4CE8-9077-E0A3994A73EA}.Submission|Mixed Platforms.Build.0 = Debug2|x86
		{938D9A00-8529-4CE8-9077-E0A3994A73EA}.Submission|x86.ActiveCfg = Debug2|x86
		{938D9A00-8529-4CE8-9077-E0A3994A73EA}.Submission|x86.Build.0 = Debug2|x86
		{938D9A00-8529-4CE8-9077-E0A3994A73EA}.UnitTest|Any CPU.ActiveCfg = Debug2|x86
		{938D9A00-8529-4CE8-9077-E0A3994A73EA}.UnitTest|Any CPU.Build.0 = Debug2|x86
		{938D9A00-8529-4CE8-9077-E0A3994A73EA}.UnitTest|Mixed Platforms.ActiveCfg = Debug2|x86
		{938D9A00-8529-4CE8-9077-E0A3994A73EA}.UnitTest|Mixed Platforms.Build.0 = Debug2|x86
		{938D9A00-8529-4CE8-9077-E0A3994A73EA}.UnitTest|x86.ActiveCfg = Debug2|x86
		{938D9A00-8529-4CE8-9077-E0A3994A73EA}.UnitTest|x86.Build.0 = Debug2|x86
		{938D9A00-8529-4CE8-9077-E0A3994A73EA}.UnitTests|Any CPU.ActiveCfg = Debug2|x86
		{938D9A00-8529-4CE8-9077-E0A3994A73EA}.UnitTests|Any CPU.Build.0 = Debug2|x86
		{938D9A00-8529-4CE8-9077-E0A3994A73EA}.UnitTests|Mixed Platforms.ActiveCfg = Debug2|x86
		{938D9A00-8529-4CE8-9077-E0A3994A73EA}.UnitTests|Mixed Platforms.Build.0 = Debug2|x86
		{938D9A00-8529-4CE8-9077-E0A3994A73EA}.UnitTests|x86.ActiveCfg = Debug2|x86
		{938D9A00-8529-4CE8-9077-E0A3994A73EA}.UnitTests|x86.Build.0 = Debug2|x86
		{8C80BA7B-1CBA-4579-9382-D9DC6C365070}.AutomatedBuild|Any CPU.ActiveCfg = AutomatedBuild|Any CPU
		{8C80BA7B-1CBA-4579-9382-D9DC6C365070}.AutomatedBuild|Any CPU.Build.0 = AutomatedBuild|Any CPU
		{8C80BA7B-1CBA-4579-9382-D9DC6C365070}.AutomatedBuild|Mixed Platforms.ActiveCfg = AutomatedBuild|x86
		{8C80BA7B-1CBA-4579-9382-D9DC6C365070}.AutomatedBuild|Mixed Platforms.Build.0 = AutomatedBuild|x86
		{8C80BA7B-1CBA-4579-9382-D9DC6C365070}.AutomatedBuild|x86.ActiveCfg = AutomatedBuild|x86
		{8C80BA7B-1CBA-4579-9382-D9DC6C365070}.AutomatedBuild|x86.Build.0 = AutomatedBuild|x86
		{8C80BA7B-1CBA-4579-9382-D9DC6C365070}.Debug Docs|Any CPU.ActiveCfg = Debug|Any CPU
		{8C80BA7B-1CBA-4579-9382-D9DC6C365070}.Debug Docs|Any CPU.Build.0 = Debug|Any CPU
		{8C80BA7B-1CBA-4579-9382-D9DC6C365070}.Debug Docs|Mixed Platforms.ActiveCfg = Debug|x86
		{8C80BA7B-1CBA-4579-9382-D9DC6C365070}.Debug Docs|Mixed Platforms.Build.0 = Debug|x86
		{8C80BA7B-1CBA-4579-9382-D9DC6C365070}.Debug Docs|x86.ActiveCfg = Debug|x86
		{8C80BA7B-1CBA-4579-9382-D9DC6C365070}.Debug Docs|x86.Build.0 = Debug|x86
		{8C80BA7B-1CBA-4579-9382-D9DC6C365070}.Debug|Any CPU.ActiveCfg = Debug|Any CPU
		{8C80BA7B-1CBA-4579-9382-D9DC6C365070}.Debug|Any CPU.Build.0 = Debug|Any CPU
		{8C80BA7B-1CBA-4579-9382-D9DC6C365070}.Debug|Mixed Platforms.ActiveCfg = Debug|x86
		{8C80BA7B-1CBA-4579-9382-D9DC6C365070}.Debug|Mixed Platforms.Build.0 = Debug|x86
		{8C80BA7B-1CBA-4579-9382-D9DC6C365070}.Debug|x86.ActiveCfg = Debug|x86
		{8C80BA7B-1CBA-4579-9382-D9DC6C365070}.Debug|x86.Build.0 = Debug|x86
		{8C80BA7B-1CBA-4579-9382-D9DC6C365070}.Debug2|Any CPU.ActiveCfg = Debug|Any CPU
		{8C80BA7B-1CBA-4579-9382-D9DC6C365070}.Debug2|Any CPU.Build.0 = Debug|Any CPU
		{8C80BA7B-1CBA-4579-9382-D9DC6C365070}.Debug2|Mixed Platforms.ActiveCfg = Debug|x86
		{8C80BA7B-1CBA-4579-9382-D9DC6C365070}.Debug2|Mixed Platforms.Build.0 = Debug|x86
		{8C80BA7B-1CBA-4579-9382-D9DC6C365070}.Debug2|x86.ActiveCfg = Debug|x86
		{8C80BA7B-1CBA-4579-9382-D9DC6C365070}.Debug2|x86.Build.0 = Debug|x86
		{8C80BA7B-1CBA-4579-9382-D9DC6C365070}.DebugProfile|Any CPU.ActiveCfg = Debug|Any CPU
		{8C80BA7B-1CBA-4579-9382-D9DC6C365070}.DebugProfile|Any CPU.Build.0 = Debug|Any CPU
		{8C80BA7B-1CBA-4579-9382-D9DC6C365070}.DebugProfile|Mixed Platforms.ActiveCfg = Debug|x86
		{8C80BA7B-1CBA-4579-9382-D9DC6C365070}.DebugProfile|Mixed Platforms.Build.0 = Debug|x86
		{8C80BA7B-1CBA-4579-9382-D9DC6C365070}.DebugProfile|x86.ActiveCfg = Debug|x86
		{8C80BA7B-1CBA-4579-9382-D9DC6C365070}.DebugProfile|x86.Build.0 = Debug|x86
		{8C80BA7B-1CBA-4579-9382-D9DC6C365070}.Profile|Any CPU.ActiveCfg = AutomatedBuild|Any CPU
		{8C80BA7B-1CBA-4579-9382-D9DC6C365070}.Profile|Any CPU.Build.0 = AutomatedBuild|Any CPU
		{8C80BA7B-1CBA-4579-9382-D9DC6C365070}.Profile|Mixed Platforms.ActiveCfg = AutomatedBuild|x86
		{8C80BA7B-1CBA-4579-9382-D9DC6C365070}.Profile|Mixed Platforms.Build.0 = AutomatedBuild|x86
		{8C80BA7B-1CBA-4579-9382-D9DC6C365070}.Profile|x86.ActiveCfg = AutomatedBuild|x86
		{8C80BA7B-1CBA-4579-9382-D9DC6C365070}.Profile|x86.Build.0 = AutomatedBuild|x86
		{8C80BA7B-1CBA-4579-9382-D9DC6C365070}.Release|Any CPU.ActiveCfg = Release|Any CPU
		{8C80BA7B-1CBA-4579-9382-D9DC6C365070}.Release|Any CPU.Build.0 = Release|Any CPU
		{8C80BA7B-1CBA-4579-9382-D9DC6C365070}.Release|Mixed Platforms.ActiveCfg = Release|x86
		{8C80BA7B-1CBA-4579-9382-D9DC6C365070}.Release|Mixed Platforms.Build.0 = Release|x86
		{8C80BA7B-1CBA-4579-9382-D9DC6C365070}.Release|x86.ActiveCfg = Release|x86
		{8C80BA7B-1CBA-4579-9382-D9DC6C365070}.Release|x86.Build.0 = Release|x86
		{8C80BA7B-1CBA-4579-9382-D9DC6C365070}.Submission Phone|Any CPU.ActiveCfg = AutomatedBuild|Any CPU
		{8C80BA7B-1CBA-4579-9382-D9DC6C365070}.Submission Phone|Any CPU.Build.0 = AutomatedBuild|Any CPU
		{8C80BA7B-1CBA-4579-9382-D9DC6C365070}.Submission Phone|Mixed Platforms.ActiveCfg = AutomatedBuild|x86
		{8C80BA7B-1CBA-4579-9382-D9DC6C365070}.Submission Phone|Mixed Platforms.Build.0 = AutomatedBuild|x86
		{8C80BA7B-1CBA-4579-9382-D9DC6C365070}.Submission Phone|x86.ActiveCfg = AutomatedBuild|x86
		{8C80BA7B-1CBA-4579-9382-D9DC6C365070}.Submission Phone|x86.Build.0 = AutomatedBuild|x86
		{8C80BA7B-1CBA-4579-9382-D9DC6C365070}.Submission|Any CPU.ActiveCfg = AutomatedBuild|Any CPU
		{8C80BA7B-1CBA-4579-9382-D9DC6C365070}.Submission|Any CPU.Build.0 = AutomatedBuild|Any CPU
		{8C80BA7B-1CBA-4579-9382-D9DC6C365070}.Submission|Mixed Platforms.ActiveCfg = AutomatedBuild|x86
		{8C80BA7B-1CBA-4579-9382-D9DC6C365070}.Submission|Mixed Platforms.Build.0 = AutomatedBuild|x86
		{8C80BA7B-1CBA-4579-9382-D9DC6C365070}.Submission|x86.ActiveCfg = AutomatedBuild|x86
		{8C80BA7B-1CBA-4579-9382-D9DC6C365070}.Submission|x86.Build.0 = AutomatedBuild|x86
		{8C80BA7B-1CBA-4579-9382-D9DC6C365070}.UnitTest|Any CPU.ActiveCfg = AutomatedBuild|Any CPU
		{8C80BA7B-1CBA-4579-9382-D9DC6C365070}.UnitTest|Any CPU.Build.0 = AutomatedBuild|Any CPU
		{8C80BA7B-1CBA-4579-9382-D9DC6C365070}.UnitTest|Mixed Platforms.ActiveCfg = AutomatedBuild|x86
		{8C80BA7B-1CBA-4579-9382-D9DC6C365070}.UnitTest|Mixed Platforms.Build.0 = AutomatedBuild|x86
		{8C80BA7B-1CBA-4579-9382-D9DC6C365070}.UnitTest|x86.ActiveCfg = AutomatedBuild|x86
		{8C80BA7B-1CBA-4579-9382-D9DC6C365070}.UnitTest|x86.Build.0 = AutomatedBuild|x86
		{8C80BA7B-1CBA-4579-9382-D9DC6C365070}.UnitTests|Any CPU.ActiveCfg = AutomatedBuild|Any CPU
		{8C80BA7B-1CBA-4579-9382-D9DC6C365070}.UnitTests|Any CPU.Build.0 = AutomatedBuild|Any CPU
		{8C80BA7B-1CBA-4579-9382-D9DC6C365070}.UnitTests|Mixed Platforms.ActiveCfg = AutomatedBuild|x86
		{8C80BA7B-1CBA-4579-9382-D9DC6C365070}.UnitTests|Mixed Platforms.Build.0 = AutomatedBuild|x86
		{8C80BA7B-1CBA-4579-9382-D9DC6C365070}.UnitTests|x86.ActiveCfg = AutomatedBuild|x86
		{8C80BA7B-1CBA-4579-9382-D9DC6C365070}.UnitTests|x86.Build.0 = AutomatedBuild|x86
	EndGlobalSection
	GlobalSection(SolutionProperties) = preSolution
		HideSolutionNode = FALSE
	EndGlobalSection
	GlobalSection(NestedProjects) = preSolution
		{D73086FC-957E-4E3F-97FA-742CBBF02EA6} = {1B7EFC18-1827-4EC7-BDE2-507FAD2783C5}
		{1F85AEF5-2AE4-49B6-B0DB-623ED2A3A63C} = {1B7EFC18-1827-4EC7-BDE2-507FAD2783C5}
		{213357E3-F729-4FF3-9B99-E91C40D50E6E} = {891DE5A2-514C-4ECB-9A70-4FEA857BCC68}
		{A86EE399-7C93-42E1-80ED-CA4CBF4CA573} = {D40DFEE3-1F8E-40F0-A776-DD52526AA238}
		{47241002-7EB5-433B-B931-A530BB6B84EE} = {D40DFEE3-1F8E-40F0-A776-DD52526AA238}
		{C39A973C-66D6-4A6C-82B5-AE0042F210F8} = {D40DFEE3-1F8E-40F0-A776-DD52526AA238}
		{B941A93F-6093-4DC6-AD11-91A058B6C2CC} = {D40DFEE3-1F8E-40F0-A776-DD52526AA238}
		{938D9A00-8529-4CE8-9077-E0A3994A73EA} = {D40DFEE3-1F8E-40F0-A776-DD52526AA238}
		{8C80BA7B-1CBA-4579-9382-D9DC6C365070} = {D40DFEE3-1F8E-40F0-A776-DD52526AA238}
	EndGlobalSection
EndGlobal
