
Microsoft Visual Studio Solution File, Format Version 12.00
# Visual Studio 2012
Project("{FAE04EC0-301F-11D3-BF4B-00C04F79EFBC}") = "TileGraphicsPlugin", "TileGraphicsPlugin\TileGraphicsPlugin.csproj", "{D73086FC-957E-4E3F-97FA-742CBBF02EA6}"
	ProjectSection(ProjectDependencies) = postProject
		{EAA9B407-D6C9-46AC-82D4-F1861D235883} = {EAA9B407-D6C9-46AC-82D4-F1861D235883}
		{8E4CB10A-D352-4562-8AC7-F92530A44AAA} = {8E4CB10A-D352-4562-8AC7-F92530A44AAA}
		{09CC5544-0DA9-47EB-96A8-52D0F0DC461A} = {09CC5544-0DA9-47EB-96A8-52D0F0DC461A}
		{6C27074B-84C2-495D-87AE-A66C1346680B} = {6C27074B-84C2-495D-87AE-A66C1346680B}
		{8A145E54-EF69-4B3B-8B3A-0D2223B85F00} = {8A145E54-EF69-4B3B-8B3A-0D2223B85F00}
	EndProjectSection
EndProject
Project("{FAE04EC0-301F-11D3-BF4B-00C04F79EFBC}") = "EditorObjectsXna4", "..\..\FRBDK Supporting Projects\EditorObjects\EditorObjectsXna4.csproj", "{E1D670B6-AD42-4B84-AFF8-D568097BE03D}"
EndProject
Project("{FAE04EC0-301F-11D3-BF4B-00C04F79EFBC}") = "TmxEditor", "..\..\..\TmxConversion\testbed\TmxEditor\TmxEditor.csproj", "{02D8D83A-96C7-4D2E-953C-9433C3817412}"
EndProject
Project("{FAE04EC0-301F-11D3-BF4B-00C04F79EFBC}") = "TMXGlueLib", "..\..\..\TmxConversion\testbed\TMXGlueLib\TMXGlueLib.csproj", "{8600173A-6281-45E1-8076-54366E42CBDE}"
EndProject
Project("{FAE04EC0-301F-11D3-BF4B-00C04F79EFBC}") = "TestWithGlue", "TestWithGlue\TestWithGlue.csproj", "{C29256C5-DD2D-4CB6-B584-C11AEA9B0450}"
EndProject
Project("{FAE04EC0-301F-11D3-BF4B-00C04F79EFBC}") = "RenderingLibrary", "..\..\..\Gum\RenderingLibrary\RenderingLibrary.csproj", "{A86EE399-7C93-42E1-80ED-CA4CBF4CA573}"
EndProject
Project("{FAE04EC0-301F-11D3-BF4B-00C04F79EFBC}") = "FlatRedBallXna4", "..\..\..\Engines\FlatRedBallXNA\FlatRedBall\FlatRedBallXna4.csproj", "{E1CB7D7B-E2EC-4DEB-92E2-6EF0B76F40F0}"
EndProject
Project("{FAE04EC0-301F-11D3-BF4B-00C04F79EFBC}") = "ToolsUtilities", "..\..\..\Gum\ToolsUtilities\ToolsUtilities.csproj", "{B941A93F-6093-4DC6-AD11-91A058B6C2CC}"
EndProject
Project("{FAE04EC0-301F-11D3-BF4B-00C04F79EFBC}") = "Glue", "..\Glue\Glue.csproj", "{213357E3-F729-4FF3-9B99-E91C40D50E6E}"
EndProject
Project("{FAE04EC0-301F-11D3-BF4B-00C04F79EFBC}") = "FlatRedBall.Plugin", "..\FlatRedBall.Plugin\FlatRedBall.Plugin.csproj", "{2C289A72-D6BD-4358-AFBC-B71F9D31B01E}"
EndProject
Project("{FAE04EC0-301F-11D3-BF4B-00C04F79EFBC}") = "GlueSaveClasses", "..\GlueSaveClasses\GlueSaveClasses.csproj", "{545FF183-4D9D-4121-9A04-1D354B0B0DBA}"
EndProject
Project("{2150E333-8FDC-42A3-9474-1A3956D46DE8}") = "Builders", "Builders", "{59DE7711-E38D-4679-A33B-B69FD6396388}"
EndProject
Project("{FAE04EC0-301F-11D3-BF4B-00C04F79EFBC}") = "TmxToCSV", "..\..\..\TmxConversion\testbed\TmxToCSV\TmxToCSV.csproj", "{8A145E54-EF69-4B3B-8B3A-0D2223B85F00}"
EndProject
Project("{FAE04EC0-301F-11D3-BF4B-00C04F79EFBC}") = "TmxToNntx", "..\..\..\TmxConversion\testbed\TmxToNntx\TmxToNntx.csproj", "{6C27074B-84C2-495D-87AE-A66C1346680B}"
EndProject
Project("{FAE04EC0-301F-11D3-BF4B-00C04F79EFBC}") = "TmxToScnx", "..\..\..\TmxConversion\testbed\TmxToScnx\TmxToScnx.csproj", "{EAA9B407-D6C9-46AC-82D4-F1861D235883}"
EndProject
Project("{FAE04EC0-301F-11D3-BF4B-00C04F79EFBC}") = "TmxToShcx", "..\..\..\TmxConversion\testbed\TmxToShcx\TmxToShcx.csproj", "{09CC5544-0DA9-47EB-96A8-52D0F0DC461A}"
EndProject
Project("{FAE04EC0-301F-11D3-BF4B-00C04F79EFBC}") = "TmxToTilb", "..\..\..\TmxConversion\testbed\TmxToTilb\TmxToTilb.csproj", "{8E4CB10A-D352-4562-8AC7-F92530A44AAA}"
EndProject
Global
	GlobalSection(SolutionConfigurationPlatforms) = preSolution
		Debug Docs|Any CPU = Debug Docs|Any CPU
		Debug Docs|Mixed Platforms = Debug Docs|Mixed Platforms
		Debug Docs|x86 = Debug Docs|x86
		Debug|Any CPU = Debug|Any CPU
		Debug|Mixed Platforms = Debug|Mixed Platforms
		Debug|x86 = Debug|x86
		DebugProfile|Any CPU = DebugProfile|Any CPU
		DebugProfile|Mixed Platforms = DebugProfile|Mixed Platforms
		DebugProfile|x86 = DebugProfile|x86
		Profile|Any CPU = Profile|Any CPU
		Profile|Mixed Platforms = Profile|Mixed Platforms
		Profile|x86 = Profile|x86
		Release|Any CPU = Release|Any CPU
		Release|Mixed Platforms = Release|Mixed Platforms
		Release|x86 = Release|x86
		Submission Phone|Any CPU = Submission Phone|Any CPU
		Submission Phone|Mixed Platforms = Submission Phone|Mixed Platforms
		Submission Phone|x86 = Submission Phone|x86
		Submission|Any CPU = Submission|Any CPU
		Submission|Mixed Platforms = Submission|Mixed Platforms
		Submission|x86 = Submission|x86
		UnitTest|Any CPU = UnitTest|Any CPU
		UnitTest|Mixed Platforms = UnitTest|Mixed Platforms
		UnitTest|x86 = UnitTest|x86
		UnitTests|Any CPU = UnitTests|Any CPU
		UnitTests|Mixed Platforms = UnitTests|Mixed Platforms
		UnitTests|x86 = UnitTests|x86
	EndGlobalSection
	GlobalSection(ProjectConfigurationPlatforms) = postSolution
		{D73086FC-957E-4E3F-97FA-742CBBF02EA6}.Debug Docs|Any CPU.ActiveCfg = Debug|Any CPU
		{D73086FC-957E-4E3F-97FA-742CBBF02EA6}.Debug Docs|Any CPU.Build.0 = Debug|Any CPU
		{D73086FC-957E-4E3F-97FA-742CBBF02EA6}.Debug Docs|Mixed Platforms.ActiveCfg = Debug|Any CPU
		{D73086FC-957E-4E3F-97FA-742CBBF02EA6}.Debug Docs|Mixed Platforms.Build.0 = Debug|Any CPU
		{D73086FC-957E-4E3F-97FA-742CBBF02EA6}.Debug Docs|x86.ActiveCfg = Debug|Any CPU
		{D73086FC-957E-4E3F-97FA-742CBBF02EA6}.Debug|Any CPU.ActiveCfg = Debug|Any CPU
		{D73086FC-957E-4E3F-97FA-742CBBF02EA6}.Debug|Any CPU.Build.0 = Debug|Any CPU
		{D73086FC-957E-4E3F-97FA-742CBBF02EA6}.Debug|Mixed Platforms.ActiveCfg = Debug|Any CPU
		{D73086FC-957E-4E3F-97FA-742CBBF02EA6}.Debug|Mixed Platforms.Build.0 = Debug|Any CPU
		{D73086FC-957E-4E3F-97FA-742CBBF02EA6}.Debug|x86.ActiveCfg = Debug|Any CPU
		{D73086FC-957E-4E3F-97FA-742CBBF02EA6}.Debug|x86.Build.0 = Debug|Any CPU
		{D73086FC-957E-4E3F-97FA-742CBBF02EA6}.DebugProfile|Any CPU.ActiveCfg = Debug|Any CPU
		{D73086FC-957E-4E3F-97FA-742CBBF02EA6}.DebugProfile|Any CPU.Build.0 = Debug|Any CPU
		{D73086FC-957E-4E3F-97FA-742CBBF02EA6}.DebugProfile|Mixed Platforms.ActiveCfg = Debug|Any CPU
		{D73086FC-957E-4E3F-97FA-742CBBF02EA6}.DebugProfile|Mixed Platforms.Build.0 = Debug|Any CPU
		{D73086FC-957E-4E3F-97FA-742CBBF02EA6}.DebugProfile|x86.ActiveCfg = Debug|Any CPU
		{D73086FC-957E-4E3F-97FA-742CBBF02EA6}.Profile|Any CPU.ActiveCfg = Release|Any CPU
		{D73086FC-957E-4E3F-97FA-742CBBF02EA6}.Profile|Any CPU.Build.0 = Release|Any CPU
		{D73086FC-957E-4E3F-97FA-742CBBF02EA6}.Profile|Mixed Platforms.ActiveCfg = Release|Any CPU
		{D73086FC-957E-4E3F-97FA-742CBBF02EA6}.Profile|Mixed Platforms.Build.0 = Release|Any CPU
		{D73086FC-957E-4E3F-97FA-742CBBF02EA6}.Profile|x86.ActiveCfg = Release|Any CPU
		{D73086FC-957E-4E3F-97FA-742CBBF02EA6}.Release|Any CPU.ActiveCfg = Release|Any CPU
		{D73086FC-957E-4E3F-97FA-742CBBF02EA6}.Release|Any CPU.Build.0 = Release|Any CPU
		{D73086FC-957E-4E3F-97FA-742CBBF02EA6}.Release|Mixed Platforms.ActiveCfg = Release|Any CPU
		{D73086FC-957E-4E3F-97FA-742CBBF02EA6}.Release|Mixed Platforms.Build.0 = Release|Any CPU
		{D73086FC-957E-4E3F-97FA-742CBBF02EA6}.Release|x86.ActiveCfg = Release|Any CPU
		{D73086FC-957E-4E3F-97FA-742CBBF02EA6}.Submission Phone|Any CPU.ActiveCfg = Release|Any CPU
		{D73086FC-957E-4E3F-97FA-742CBBF02EA6}.Submission Phone|Any CPU.Build.0 = Release|Any CPU
		{D73086FC-957E-4E3F-97FA-742CBBF02EA6}.Submission Phone|Mixed Platforms.ActiveCfg = Release|Any CPU
		{D73086FC-957E-4E3F-97FA-742CBBF02EA6}.Submission Phone|Mixed Platforms.Build.0 = Release|Any CPU
		{D73086FC-957E-4E3F-97FA-742CBBF02EA6}.Submission Phone|x86.ActiveCfg = Release|Any CPU
		{D73086FC-957E-4E3F-97FA-742CBBF02EA6}.Submission|Any CPU.ActiveCfg = Release|Any CPU
		{D73086FC-957E-4E3F-97FA-742CBBF02EA6}.Submission|Any CPU.Build.0 = Release|Any CPU
		{D73086FC-957E-4E3F-97FA-742CBBF02EA6}.Submission|Mixed Platforms.ActiveCfg = Release|Any CPU
		{D73086FC-957E-4E3F-97FA-742CBBF02EA6}.Submission|Mixed Platforms.Build.0 = Release|Any CPU
		{D73086FC-957E-4E3F-97FA-742CBBF02EA6}.Submission|x86.ActiveCfg = Release|Any CPU
		{D73086FC-957E-4E3F-97FA-742CBBF02EA6}.UnitTest|Any CPU.ActiveCfg = Release|Any CPU
		{D73086FC-957E-4E3F-97FA-742CBBF02EA6}.UnitTest|Any CPU.Build.0 = Release|Any CPU
		{D73086FC-957E-4E3F-97FA-742CBBF02EA6}.UnitTest|Mixed Platforms.ActiveCfg = Release|Any CPU
		{D73086FC-957E-4E3F-97FA-742CBBF02EA6}.UnitTest|Mixed Platforms.Build.0 = Release|Any CPU
		{D73086FC-957E-4E3F-97FA-742CBBF02EA6}.UnitTest|x86.ActiveCfg = Release|Any CPU
		{D73086FC-957E-4E3F-97FA-742CBBF02EA6}.UnitTests|Any CPU.ActiveCfg = Release|Any CPU
		{D73086FC-957E-4E3F-97FA-742CBBF02EA6}.UnitTests|Any CPU.Build.0 = Release|Any CPU
		{D73086FC-957E-4E3F-97FA-742CBBF02EA6}.UnitTests|Mixed Platforms.ActiveCfg = Release|Any CPU
		{D73086FC-957E-4E3F-97FA-742CBBF02EA6}.UnitTests|Mixed Platforms.Build.0 = Release|Any CPU
		{D73086FC-957E-4E3F-97FA-742CBBF02EA6}.UnitTests|x86.ActiveCfg = Release|Any CPU
		{E1D670B6-AD42-4B84-AFF8-D568097BE03D}.Debug Docs|Any CPU.ActiveCfg = Debug|Any CPU
		{E1D670B6-AD42-4B84-AFF8-D568097BE03D}.Debug Docs|Any CPU.Build.0 = Debug|Any CPU
		{E1D670B6-AD42-4B84-AFF8-D568097BE03D}.Debug Docs|Mixed Platforms.ActiveCfg = Debug|x86
		{E1D670B6-AD42-4B84-AFF8-D568097BE03D}.Debug Docs|Mixed Platforms.Build.0 = Debug|x86
		{E1D670B6-AD42-4B84-AFF8-D568097BE03D}.Debug Docs|x86.ActiveCfg = Debug|x86
		{E1D670B6-AD42-4B84-AFF8-D568097BE03D}.Debug Docs|x86.Build.0 = Debug|x86
		{E1D670B6-AD42-4B84-AFF8-D568097BE03D}.Debug|Any CPU.ActiveCfg = Debug|Any CPU
		{E1D670B6-AD42-4B84-AFF8-D568097BE03D}.Debug|Any CPU.Build.0 = Debug|Any CPU
		{E1D670B6-AD42-4B84-AFF8-D568097BE03D}.Debug|Mixed Platforms.ActiveCfg = Debug|x86
		{E1D670B6-AD42-4B84-AFF8-D568097BE03D}.Debug|Mixed Platforms.Build.0 = Debug|x86
		{E1D670B6-AD42-4B84-AFF8-D568097BE03D}.Debug|x86.ActiveCfg = Debug|x86
		{E1D670B6-AD42-4B84-AFF8-D568097BE03D}.Debug|x86.Build.0 = Debug|x86
		{E1D670B6-AD42-4B84-AFF8-D568097BE03D}.DebugProfile|Any CPU.ActiveCfg = Debug|Any CPU
		{E1D670B6-AD42-4B84-AFF8-D568097BE03D}.DebugProfile|Any CPU.Build.0 = Debug|Any CPU
		{E1D670B6-AD42-4B84-AFF8-D568097BE03D}.DebugProfile|Mixed Platforms.ActiveCfg = Debug|x86
		{E1D670B6-AD42-4B84-AFF8-D568097BE03D}.DebugProfile|Mixed Platforms.Build.0 = Debug|x86
		{E1D670B6-AD42-4B84-AFF8-D568097BE03D}.DebugProfile|x86.ActiveCfg = Debug|x86
		{E1D670B6-AD42-4B84-AFF8-D568097BE03D}.DebugProfile|x86.Build.0 = Debug|x86
		{E1D670B6-AD42-4B84-AFF8-D568097BE03D}.Profile|Any CPU.ActiveCfg = UnitTests|Any CPU
		{E1D670B6-AD42-4B84-AFF8-D568097BE03D}.Profile|Any CPU.Build.0 = UnitTests|Any CPU
		{E1D670B6-AD42-4B84-AFF8-D568097BE03D}.Profile|Mixed Platforms.ActiveCfg = UnitTests|x86
		{E1D670B6-AD42-4B84-AFF8-D568097BE03D}.Profile|Mixed Platforms.Build.0 = UnitTests|x86
		{E1D670B6-AD42-4B84-AFF8-D568097BE03D}.Profile|x86.ActiveCfg = UnitTests|x86
		{E1D670B6-AD42-4B84-AFF8-D568097BE03D}.Profile|x86.Build.0 = UnitTests|x86
		{E1D670B6-AD42-4B84-AFF8-D568097BE03D}.Release|Any CPU.ActiveCfg = Release|Any CPU
		{E1D670B6-AD42-4B84-AFF8-D568097BE03D}.Release|Any CPU.Build.0 = Release|Any CPU
		{E1D670B6-AD42-4B84-AFF8-D568097BE03D}.Release|Mixed Platforms.ActiveCfg = Release|x86
		{E1D670B6-AD42-4B84-AFF8-D568097BE03D}.Release|Mixed Platforms.Build.0 = Release|x86
		{E1D670B6-AD42-4B84-AFF8-D568097BE03D}.Release|x86.ActiveCfg = Release|x86
		{E1D670B6-AD42-4B84-AFF8-D568097BE03D}.Release|x86.Build.0 = Release|x86
		{E1D670B6-AD42-4B84-AFF8-D568097BE03D}.Submission Phone|Any CPU.ActiveCfg = UnitTests|Any CPU
		{E1D670B6-AD42-4B84-AFF8-D568097BE03D}.Submission Phone|Any CPU.Build.0 = UnitTests|Any CPU
		{E1D670B6-AD42-4B84-AFF8-D568097BE03D}.Submission Phone|Mixed Platforms.ActiveCfg = UnitTests|x86
		{E1D670B6-AD42-4B84-AFF8-D568097BE03D}.Submission Phone|Mixed Platforms.Build.0 = UnitTests|x86
		{E1D670B6-AD42-4B84-AFF8-D568097BE03D}.Submission Phone|x86.ActiveCfg = UnitTests|x86
		{E1D670B6-AD42-4B84-AFF8-D568097BE03D}.Submission Phone|x86.Build.0 = UnitTests|x86
		{E1D670B6-AD42-4B84-AFF8-D568097BE03D}.Submission|Any CPU.ActiveCfg = UnitTests|Any CPU
		{E1D670B6-AD42-4B84-AFF8-D568097BE03D}.Submission|Any CPU.Build.0 = UnitTests|Any CPU
		{E1D670B6-AD42-4B84-AFF8-D568097BE03D}.Submission|Mixed Platforms.ActiveCfg = UnitTests|x86
		{E1D670B6-AD42-4B84-AFF8-D568097BE03D}.Submission|Mixed Platforms.Build.0 = UnitTests|x86
		{E1D670B6-AD42-4B84-AFF8-D568097BE03D}.Submission|x86.ActiveCfg = UnitTests|x86
		{E1D670B6-AD42-4B84-AFF8-D568097BE03D}.Submission|x86.Build.0 = UnitTests|x86
		{E1D670B6-AD42-4B84-AFF8-D568097BE03D}.UnitTest|Any CPU.ActiveCfg = UnitTests|Any CPU
		{E1D670B6-AD42-4B84-AFF8-D568097BE03D}.UnitTest|Any CPU.Build.0 = UnitTests|Any CPU
		{E1D670B6-AD42-4B84-AFF8-D568097BE03D}.UnitTest|Mixed Platforms.ActiveCfg = UnitTests|x86
		{E1D670B6-AD42-4B84-AFF8-D568097BE03D}.UnitTest|Mixed Platforms.Build.0 = UnitTests|x86
		{E1D670B6-AD42-4B84-AFF8-D568097BE03D}.UnitTest|x86.ActiveCfg = UnitTests|x86
		{E1D670B6-AD42-4B84-AFF8-D568097BE03D}.UnitTest|x86.Build.0 = UnitTests|x86
		{E1D670B6-AD42-4B84-AFF8-D568097BE03D}.UnitTests|Any CPU.ActiveCfg = UnitTests|Any CPU
		{E1D670B6-AD42-4B84-AFF8-D568097BE03D}.UnitTests|Any CPU.Build.0 = UnitTests|Any CPU
		{E1D670B6-AD42-4B84-AFF8-D568097BE03D}.UnitTests|Mixed Platforms.ActiveCfg = UnitTests|x86
		{E1D670B6-AD42-4B84-AFF8-D568097BE03D}.UnitTests|Mixed Platforms.Build.0 = UnitTests|x86
		{E1D670B6-AD42-4B84-AFF8-D568097BE03D}.UnitTests|x86.ActiveCfg = UnitTests|x86
		{E1D670B6-AD42-4B84-AFF8-D568097BE03D}.UnitTests|x86.Build.0 = UnitTests|x86
		{02D8D83A-96C7-4D2E-953C-9433C3817412}.Debug Docs|Any CPU.ActiveCfg = Debug|x86
		{02D8D83A-96C7-4D2E-953C-9433C3817412}.Debug Docs|Mixed Platforms.ActiveCfg = Debug|x86
		{02D8D83A-96C7-4D2E-953C-9433C3817412}.Debug Docs|Mixed Platforms.Build.0 = Debug|x86
		{02D8D83A-96C7-4D2E-953C-9433C3817412}.Debug Docs|x86.ActiveCfg = Debug|x86
		{02D8D83A-96C7-4D2E-953C-9433C3817412}.Debug Docs|x86.Build.0 = Debug|x86
		{02D8D83A-96C7-4D2E-953C-9433C3817412}.Debug|Any CPU.ActiveCfg = Debug|x86
		{02D8D83A-96C7-4D2E-953C-9433C3817412}.Debug|Mixed Platforms.ActiveCfg = Debug|x86
		{02D8D83A-96C7-4D2E-953C-9433C3817412}.Debug|Mixed Platforms.Build.0 = Debug|x86
		{02D8D83A-96C7-4D2E-953C-9433C3817412}.Debug|x86.ActiveCfg = Debug|x86
		{02D8D83A-96C7-4D2E-953C-9433C3817412}.Debug|x86.Build.0 = Debug|x86
		{02D8D83A-96C7-4D2E-953C-9433C3817412}.DebugProfile|Any CPU.ActiveCfg = Debug|x86
		{02D8D83A-96C7-4D2E-953C-9433C3817412}.DebugProfile|Mixed Platforms.ActiveCfg = Debug|x86
		{02D8D83A-96C7-4D2E-953C-9433C3817412}.DebugProfile|Mixed Platforms.Build.0 = Debug|x86
		{02D8D83A-96C7-4D2E-953C-9433C3817412}.DebugProfile|x86.ActiveCfg = Debug|x86
		{02D8D83A-96C7-4D2E-953C-9433C3817412}.DebugProfile|x86.Build.0 = Debug|x86
		{02D8D83A-96C7-4D2E-953C-9433C3817412}.Profile|Any CPU.ActiveCfg = Release|x86
		{02D8D83A-96C7-4D2E-953C-9433C3817412}.Profile|Mixed Platforms.ActiveCfg = Release|x86
		{02D8D83A-96C7-4D2E-953C-9433C3817412}.Profile|Mixed Platforms.Build.0 = Release|x86
		{02D8D83A-96C7-4D2E-953C-9433C3817412}.Profile|x86.ActiveCfg = Release|x86
		{02D8D83A-96C7-4D2E-953C-9433C3817412}.Profile|x86.Build.0 = Release|x86
		{02D8D83A-96C7-4D2E-953C-9433C3817412}.Release|Any CPU.ActiveCfg = Release|x86
		{02D8D83A-96C7-4D2E-953C-9433C3817412}.Release|Mixed Platforms.ActiveCfg = Release|x86
		{02D8D83A-96C7-4D2E-953C-9433C3817412}.Release|Mixed Platforms.Build.0 = Release|x86
		{02D8D83A-96C7-4D2E-953C-9433C3817412}.Release|x86.ActiveCfg = Release|x86
		{02D8D83A-96C7-4D2E-953C-9433C3817412}.Release|x86.Build.0 = Release|x86
		{02D8D83A-96C7-4D2E-953C-9433C3817412}.Submission Phone|Any CPU.ActiveCfg = Release|x86
		{02D8D83A-96C7-4D2E-953C-9433C3817412}.Submission Phone|Mixed Platforms.ActiveCfg = Release|x86
		{02D8D83A-96C7-4D2E-953C-9433C3817412}.Submission Phone|Mixed Platforms.Build.0 = Release|x86
		{02D8D83A-96C7-4D2E-953C-9433C3817412}.Submission Phone|x86.ActiveCfg = Release|x86
		{02D8D83A-96C7-4D2E-953C-9433C3817412}.Submission Phone|x86.Build.0 = Release|x86
		{02D8D83A-96C7-4D2E-953C-9433C3817412}.Submission|Any CPU.ActiveCfg = Release|x86
		{02D8D83A-96C7-4D2E-953C-9433C3817412}.Submission|Mixed Platforms.ActiveCfg = Release|x86
		{02D8D83A-96C7-4D2E-953C-9433C3817412}.Submission|Mixed Platforms.Build.0 = Release|x86
		{02D8D83A-96C7-4D2E-953C-9433C3817412}.Submission|x86.ActiveCfg = Release|x86
		{02D8D83A-96C7-4D2E-953C-9433C3817412}.Submission|x86.Build.0 = Release|x86
		{02D8D83A-96C7-4D2E-953C-9433C3817412}.UnitTest|Any CPU.ActiveCfg = Release|x86
		{02D8D83A-96C7-4D2E-953C-9433C3817412}.UnitTest|Mixed Platforms.ActiveCfg = Release|x86
		{02D8D83A-96C7-4D2E-953C-9433C3817412}.UnitTest|Mixed Platforms.Build.0 = Release|x86
		{02D8D83A-96C7-4D2E-953C-9433C3817412}.UnitTest|x86.ActiveCfg = Release|x86
		{02D8D83A-96C7-4D2E-953C-9433C3817412}.UnitTest|x86.Build.0 = Release|x86
		{02D8D83A-96C7-4D2E-953C-9433C3817412}.UnitTests|Any CPU.ActiveCfg = Release|x86
		{02D8D83A-96C7-4D2E-953C-9433C3817412}.UnitTests|Mixed Platforms.ActiveCfg = Release|x86
		{02D8D83A-96C7-4D2E-953C-9433C3817412}.UnitTests|Mixed Platforms.Build.0 = Release|x86
		{02D8D83A-96C7-4D2E-953C-9433C3817412}.UnitTests|x86.ActiveCfg = Release|x86
		{02D8D83A-96C7-4D2E-953C-9433C3817412}.UnitTests|x86.Build.0 = Release|x86
		{8600173A-6281-45E1-8076-54366E42CBDE}.Debug Docs|Any CPU.ActiveCfg = Debug|Any CPU
		{8600173A-6281-45E1-8076-54366E42CBDE}.Debug Docs|Any CPU.Build.0 = Debug|Any CPU
		{8600173A-6281-45E1-8076-54366E42CBDE}.Debug Docs|Mixed Platforms.ActiveCfg = Debug|Any CPU
		{8600173A-6281-45E1-8076-54366E42CBDE}.Debug Docs|Mixed Platforms.Build.0 = Debug|Any CPU
		{8600173A-6281-45E1-8076-54366E42CBDE}.Debug Docs|x86.ActiveCfg = Debug|Any CPU
		{8600173A-6281-45E1-8076-54366E42CBDE}.Debug|Any CPU.ActiveCfg = Debug|Any CPU
		{8600173A-6281-45E1-8076-54366E42CBDE}.Debug|Any CPU.Build.0 = Debug|Any CPU
		{8600173A-6281-45E1-8076-54366E42CBDE}.Debug|Mixed Platforms.ActiveCfg = Debug|Any CPU
		{8600173A-6281-45E1-8076-54366E42CBDE}.Debug|Mixed Platforms.Build.0 = Debug|Any CPU
		{8600173A-6281-45E1-8076-54366E42CBDE}.Debug|x86.ActiveCfg = Debug|Any CPU
		{8600173A-6281-45E1-8076-54366E42CBDE}.Debug|x86.Build.0 = Debug|Any CPU
		{8600173A-6281-45E1-8076-54366E42CBDE}.DebugProfile|Any CPU.ActiveCfg = Debug|Any CPU
		{8600173A-6281-45E1-8076-54366E42CBDE}.DebugProfile|Any CPU.Build.0 = Debug|Any CPU
		{8600173A-6281-45E1-8076-54366E42CBDE}.DebugProfile|Mixed Platforms.ActiveCfg = Debug|Any CPU
		{8600173A-6281-45E1-8076-54366E42CBDE}.DebugProfile|Mixed Platforms.Build.0 = Debug|Any CPU
		{8600173A-6281-45E1-8076-54366E42CBDE}.DebugProfile|x86.ActiveCfg = Debug|Any CPU
		{8600173A-6281-45E1-8076-54366E42CBDE}.Profile|Any CPU.ActiveCfg = Release|Any CPU
		{8600173A-6281-45E1-8076-54366E42CBDE}.Profile|Any CPU.Build.0 = Release|Any CPU
		{8600173A-6281-45E1-8076-54366E42CBDE}.Profile|Mixed Platforms.ActiveCfg = Release|Any CPU
		{8600173A-6281-45E1-8076-54366E42CBDE}.Profile|Mixed Platforms.Build.0 = Release|Any CPU
		{8600173A-6281-45E1-8076-54366E42CBDE}.Profile|x86.ActiveCfg = Release|Any CPU
		{8600173A-6281-45E1-8076-54366E42CBDE}.Release|Any CPU.ActiveCfg = Release|Any CPU
		{8600173A-6281-45E1-8076-54366E42CBDE}.Release|Any CPU.Build.0 = Release|Any CPU
		{8600173A-6281-45E1-8076-54366E42CBDE}.Release|Mixed Platforms.ActiveCfg = Release|Any CPU
		{8600173A-6281-45E1-8076-54366E42CBDE}.Release|Mixed Platforms.Build.0 = Release|Any CPU
		{8600173A-6281-45E1-8076-54366E42CBDE}.Release|x86.ActiveCfg = Release|Any CPU
		{8600173A-6281-45E1-8076-54366E42CBDE}.Submission Phone|Any CPU.ActiveCfg = Release|Any CPU
		{8600173A-6281-45E1-8076-54366E42CBDE}.Submission Phone|Any CPU.Build.0 = Release|Any CPU
		{8600173A-6281-45E1-8076-54366E42CBDE}.Submission Phone|Mixed Platforms.ActiveCfg = Release|Any CPU
		{8600173A-6281-45E1-8076-54366E42CBDE}.Submission Phone|Mixed Platforms.Build.0 = Release|Any CPU
		{8600173A-6281-45E1-8076-54366E42CBDE}.Submission Phone|x86.ActiveCfg = Release|Any CPU
		{8600173A-6281-45E1-8076-54366E42CBDE}.Submission|Any CPU.ActiveCfg = Release|Any CPU
		{8600173A-6281-45E1-8076-54366E42CBDE}.Submission|Any CPU.Build.0 = Release|Any CPU
		{8600173A-6281-45E1-8076-54366E42CBDE}.Submission|Mixed Platforms.ActiveCfg = Release|Any CPU
		{8600173A-6281-45E1-8076-54366E42CBDE}.Submission|Mixed Platforms.Build.0 = Release|Any CPU
		{8600173A-6281-45E1-8076-54366E42CBDE}.Submission|x86.ActiveCfg = Release|Any CPU
		{8600173A-6281-45E1-8076-54366E42CBDE}.UnitTest|Any CPU.ActiveCfg = Release|Any CPU
		{8600173A-6281-45E1-8076-54366E42CBDE}.UnitTest|Any CPU.Build.0 = Release|Any CPU
		{8600173A-6281-45E1-8076-54366E42CBDE}.UnitTest|Mixed Platforms.ActiveCfg = Release|Any CPU
		{8600173A-6281-45E1-8076-54366E42CBDE}.UnitTest|Mixed Platforms.Build.0 = Release|Any CPU
		{8600173A-6281-45E1-8076-54366E42CBDE}.UnitTest|x86.ActiveCfg = Release|Any CPU
		{8600173A-6281-45E1-8076-54366E42CBDE}.UnitTests|Any CPU.ActiveCfg = Release|Any CPU
		{8600173A-6281-45E1-8076-54366E42CBDE}.UnitTests|Any CPU.Build.0 = Release|Any CPU
		{8600173A-6281-45E1-8076-54366E42CBDE}.UnitTests|Mixed Platforms.ActiveCfg = Release|Any CPU
		{8600173A-6281-45E1-8076-54366E42CBDE}.UnitTests|Mixed Platforms.Build.0 = Release|Any CPU
		{8600173A-6281-45E1-8076-54366E42CBDE}.UnitTests|x86.ActiveCfg = Release|Any CPU
		{C29256C5-DD2D-4CB6-B584-C11AEA9B0450}.Debug Docs|Any CPU.ActiveCfg = Debug|x86
		{C29256C5-DD2D-4CB6-B584-C11AEA9B0450}.Debug Docs|Mixed Platforms.ActiveCfg = Debug|x86
		{C29256C5-DD2D-4CB6-B584-C11AEA9B0450}.Debug Docs|Mixed Platforms.Build.0 = Debug|x86
		{C29256C5-DD2D-4CB6-B584-C11AEA9B0450}.Debug Docs|x86.ActiveCfg = Debug|x86
		{C29256C5-DD2D-4CB6-B584-C11AEA9B0450}.Debug Docs|x86.Build.0 = Debug|x86
		{C29256C5-DD2D-4CB6-B584-C11AEA9B0450}.Debug|Any CPU.ActiveCfg = Debug|x86
		{C29256C5-DD2D-4CB6-B584-C11AEA9B0450}.Debug|Mixed Platforms.ActiveCfg = Debug|x86
		{C29256C5-DD2D-4CB6-B584-C11AEA9B0450}.Debug|Mixed Platforms.Build.0 = Debug|x86
		{C29256C5-DD2D-4CB6-B584-C11AEA9B0450}.Debug|x86.ActiveCfg = Debug|x86
		{C29256C5-DD2D-4CB6-B584-C11AEA9B0450}.Debug|x86.Build.0 = Debug|x86
		{C29256C5-DD2D-4CB6-B584-C11AEA9B0450}.DebugProfile|Any CPU.ActiveCfg = Debug|x86
		{C29256C5-DD2D-4CB6-B584-C11AEA9B0450}.DebugProfile|Mixed Platforms.ActiveCfg = Debug|x86
		{C29256C5-DD2D-4CB6-B584-C11AEA9B0450}.DebugProfile|Mixed Platforms.Build.0 = Debug|x86
		{C29256C5-DD2D-4CB6-B584-C11AEA9B0450}.DebugProfile|x86.ActiveCfg = Debug|x86
		{C29256C5-DD2D-4CB6-B584-C11AEA9B0450}.DebugProfile|x86.Build.0 = Debug|x86
		{C29256C5-DD2D-4CB6-B584-C11AEA9B0450}.Profile|Any CPU.ActiveCfg = Release|x86
		{C29256C5-DD2D-4CB6-B584-C11AEA9B0450}.Profile|Mixed Platforms.ActiveCfg = Release|x86
		{C29256C5-DD2D-4CB6-B584-C11AEA9B0450}.Profile|Mixed Platforms.Build.0 = Release|x86
		{C29256C5-DD2D-4CB6-B584-C11AEA9B0450}.Profile|x86.ActiveCfg = Release|x86
		{C29256C5-DD2D-4CB6-B584-C11AEA9B0450}.Profile|x86.Build.0 = Release|x86
		{C29256C5-DD2D-4CB6-B584-C11AEA9B0450}.Release|Any CPU.ActiveCfg = Release|x86
		{C29256C5-DD2D-4CB6-B584-C11AEA9B0450}.Release|Mixed Platforms.ActiveCfg = Release|x86
		{C29256C5-DD2D-4CB6-B584-C11AEA9B0450}.Release|Mixed Platforms.Build.0 = Release|x86
		{C29256C5-DD2D-4CB6-B584-C11AEA9B0450}.Release|x86.ActiveCfg = Release|x86
		{C29256C5-DD2D-4CB6-B584-C11AEA9B0450}.Release|x86.Build.0 = Release|x86
		{C29256C5-DD2D-4CB6-B584-C11AEA9B0450}.Submission Phone|Any CPU.ActiveCfg = Release|x86
		{C29256C5-DD2D-4CB6-B584-C11AEA9B0450}.Submission Phone|Mixed Platforms.ActiveCfg = Release|x86
		{C29256C5-DD2D-4CB6-B584-C11AEA9B0450}.Submission Phone|Mixed Platforms.Build.0 = Release|x86
		{C29256C5-DD2D-4CB6-B584-C11AEA9B0450}.Submission Phone|x86.ActiveCfg = Release|x86
		{C29256C5-DD2D-4CB6-B584-C11AEA9B0450}.Submission Phone|x86.Build.0 = Release|x86
		{C29256C5-DD2D-4CB6-B584-C11AEA9B0450}.Submission|Any CPU.ActiveCfg = Release|x86
		{C29256C5-DD2D-4CB6-B584-C11AEA9B0450}.Submission|Mixed Platforms.ActiveCfg = Release|x86
		{C29256C5-DD2D-4CB6-B584-C11AEA9B0450}.Submission|Mixed Platforms.Build.0 = Release|x86
		{C29256C5-DD2D-4CB6-B584-C11AEA9B0450}.Submission|x86.ActiveCfg = Release|x86
		{C29256C5-DD2D-4CB6-B584-C11AEA9B0450}.Submission|x86.Build.0 = Release|x86
		{C29256C5-DD2D-4CB6-B584-C11AEA9B0450}.UnitTest|Any CPU.ActiveCfg = Release|x86
		{C29256C5-DD2D-4CB6-B584-C11AEA9B0450}.UnitTest|Mixed Platforms.ActiveCfg = Release|x86
		{C29256C5-DD2D-4CB6-B584-C11AEA9B0450}.UnitTest|Mixed Platforms.Build.0 = Release|x86
		{C29256C5-DD2D-4CB6-B584-C11AEA9B0450}.UnitTest|x86.ActiveCfg = Release|x86
		{C29256C5-DD2D-4CB6-B584-C11AEA9B0450}.UnitTest|x86.Build.0 = Release|x86
		{C29256C5-DD2D-4CB6-B584-C11AEA9B0450}.UnitTests|Any CPU.ActiveCfg = Release|x86
		{C29256C5-DD2D-4CB6-B584-C11AEA9B0450}.UnitTests|Mixed Platforms.ActiveCfg = Release|x86
		{C29256C5-DD2D-4CB6-B584-C11AEA9B0450}.UnitTests|Mixed Platforms.Build.0 = Release|x86
		{C29256C5-DD2D-4CB6-B584-C11AEA9B0450}.UnitTests|x86.ActiveCfg = Release|x86
		{C29256C5-DD2D-4CB6-B584-C11AEA9B0450}.UnitTests|x86.Build.0 = Release|x86
		{A86EE399-7C93-42E1-80ED-CA4CBF4CA573}.Debug Docs|Any CPU.ActiveCfg = Debug|Any CPU
		{A86EE399-7C93-42E1-80ED-CA4CBF4CA573}.Debug Docs|Any CPU.Build.0 = Debug|Any CPU
		{A86EE399-7C93-42E1-80ED-CA4CBF4CA573}.Debug Docs|Mixed Platforms.ActiveCfg = Debug|x86
		{A86EE399-7C93-42E1-80ED-CA4CBF4CA573}.Debug Docs|Mixed Platforms.Build.0 = Debug|x86
		{A86EE399-7C93-42E1-80ED-CA4CBF4CA573}.Debug Docs|x86.ActiveCfg = Debug|x86
		{A86EE399-7C93-42E1-80ED-CA4CBF4CA573}.Debug Docs|x86.Build.0 = Debug|x86
		{A86EE399-7C93-42E1-80ED-CA4CBF4CA573}.Debug|Any CPU.ActiveCfg = Debug|Any CPU
		{A86EE399-7C93-42E1-80ED-CA4CBF4CA573}.Debug|Any CPU.Build.0 = Debug|Any CPU
		{A86EE399-7C93-42E1-80ED-CA4CBF4CA573}.Debug|Mixed Platforms.ActiveCfg = Debug|x86
		{A86EE399-7C93-42E1-80ED-CA4CBF4CA573}.Debug|Mixed Platforms.Build.0 = Debug|x86
		{A86EE399-7C93-42E1-80ED-CA4CBF4CA573}.Debug|x86.ActiveCfg = Debug|x86
		{A86EE399-7C93-42E1-80ED-CA4CBF4CA573}.Debug|x86.Build.0 = Debug|x86
		{A86EE399-7C93-42E1-80ED-CA4CBF4CA573}.DebugProfile|Any CPU.ActiveCfg = Debug|Any CPU
		{A86EE399-7C93-42E1-80ED-CA4CBF4CA573}.DebugProfile|Any CPU.Build.0 = Debug|Any CPU
		{A86EE399-7C93-42E1-80ED-CA4CBF4CA573}.DebugProfile|Mixed Platforms.ActiveCfg = Debug|x86
		{A86EE399-7C93-42E1-80ED-CA4CBF4CA573}.DebugProfile|Mixed Platforms.Build.0 = Debug|x86
		{A86EE399-7C93-42E1-80ED-CA4CBF4CA573}.DebugProfile|x86.ActiveCfg = Debug|x86
		{A86EE399-7C93-42E1-80ED-CA4CBF4CA573}.DebugProfile|x86.Build.0 = Debug|x86
		{A86EE399-7C93-42E1-80ED-CA4CBF4CA573}.Profile|Any CPU.ActiveCfg = UnitTest|Any CPU
		{A86EE399-7C93-42E1-80ED-CA4CBF4CA573}.Profile|Any CPU.Build.0 = UnitTest|Any CPU
		{A86EE399-7C93-42E1-80ED-CA4CBF4CA573}.Profile|Mixed Platforms.ActiveCfg = UnitTest|x86
		{A86EE399-7C93-42E1-80ED-CA4CBF4CA573}.Profile|Mixed Platforms.Build.0 = UnitTest|x86
		{A86EE399-7C93-42E1-80ED-CA4CBF4CA573}.Profile|x86.ActiveCfg = UnitTest|x86
		{A86EE399-7C93-42E1-80ED-CA4CBF4CA573}.Profile|x86.Build.0 = UnitTest|x86
		{A86EE399-7C93-42E1-80ED-CA4CBF4CA573}.Release|Any CPU.ActiveCfg = Release|Any CPU
		{A86EE399-7C93-42E1-80ED-CA4CBF4CA573}.Release|Any CPU.Build.0 = Release|Any CPU
		{A86EE399-7C93-42E1-80ED-CA4CBF4CA573}.Release|Mixed Platforms.ActiveCfg = Release|x86
		{A86EE399-7C93-42E1-80ED-CA4CBF4CA573}.Release|Mixed Platforms.Build.0 = Release|x86
		{A86EE399-7C93-42E1-80ED-CA4CBF4CA573}.Release|x86.ActiveCfg = Release|x86
		{A86EE399-7C93-42E1-80ED-CA4CBF4CA573}.Release|x86.Build.0 = Release|x86
		{A86EE399-7C93-42E1-80ED-CA4CBF4CA573}.Submission Phone|Any CPU.ActiveCfg = UnitTest|Any CPU
		{A86EE399-7C93-42E1-80ED-CA4CBF4CA573}.Submission Phone|Any CPU.Build.0 = UnitTest|Any CPU
		{A86EE399-7C93-42E1-80ED-CA4CBF4CA573}.Submission Phone|Mixed Platforms.ActiveCfg = UnitTest|x86
		{A86EE399-7C93-42E1-80ED-CA4CBF4CA573}.Submission Phone|Mixed Platforms.Build.0 = UnitTest|x86
		{A86EE399-7C93-42E1-80ED-CA4CBF4CA573}.Submission Phone|x86.ActiveCfg = UnitTest|x86
		{A86EE399-7C93-42E1-80ED-CA4CBF4CA573}.Submission Phone|x86.Build.0 = UnitTest|x86
		{A86EE399-7C93-42E1-80ED-CA4CBF4CA573}.Submission|Any CPU.ActiveCfg = UnitTest|Any CPU
		{A86EE399-7C93-42E1-80ED-CA4CBF4CA573}.Submission|Any CPU.Build.0 = UnitTest|Any CPU
		{A86EE399-7C93-42E1-80ED-CA4CBF4CA573}.Submission|Mixed Platforms.ActiveCfg = UnitTest|x86
		{A86EE399-7C93-42E1-80ED-CA4CBF4CA573}.Submission|Mixed Platforms.Build.0 = UnitTest|x86
		{A86EE399-7C93-42E1-80ED-CA4CBF4CA573}.Submission|x86.ActiveCfg = UnitTest|x86
		{A86EE399-7C93-42E1-80ED-CA4CBF4CA573}.Submission|x86.Build.0 = UnitTest|x86
		{A86EE399-7C93-42E1-80ED-CA4CBF4CA573}.UnitTest|Any CPU.ActiveCfg = UnitTest|Any CPU
		{A86EE399-7C93-42E1-80ED-CA4CBF4CA573}.UnitTest|Any CPU.Build.0 = UnitTest|Any CPU
		{A86EE399-7C93-42E1-80ED-CA4CBF4CA573}.UnitTest|Mixed Platforms.ActiveCfg = UnitTest|x86
		{A86EE399-7C93-42E1-80ED-CA4CBF4CA573}.UnitTest|Mixed Platforms.Build.0 = UnitTest|x86
		{A86EE399-7C93-42E1-80ED-CA4CBF4CA573}.UnitTest|x86.ActiveCfg = UnitTest|x86
		{A86EE399-7C93-42E1-80ED-CA4CBF4CA573}.UnitTest|x86.Build.0 = UnitTest|x86
		{A86EE399-7C93-42E1-80ED-CA4CBF4CA573}.UnitTests|Any CPU.ActiveCfg = UnitTest|Any CPU
		{A86EE399-7C93-42E1-80ED-CA4CBF4CA573}.UnitTests|Any CPU.Build.0 = UnitTest|Any CPU
		{A86EE399-7C93-42E1-80ED-CA4CBF4CA573}.UnitTests|Mixed Platforms.ActiveCfg = UnitTest|x86
		{A86EE399-7C93-42E1-80ED-CA4CBF4CA573}.UnitTests|Mixed Platforms.Build.0 = UnitTest|x86
		{A86EE399-7C93-42E1-80ED-CA4CBF4CA573}.UnitTests|x86.ActiveCfg = UnitTest|x86
		{A86EE399-7C93-42E1-80ED-CA4CBF4CA573}.UnitTests|x86.Build.0 = UnitTest|x86
		{E1CB7D7B-E2EC-4DEB-92E2-6EF0B76F40F0}.Debug Docs|Any CPU.ActiveCfg = Debug Docs|x86
		{E1CB7D7B-E2EC-4DEB-92E2-6EF0B76F40F0}.Debug Docs|Mixed Platforms.ActiveCfg = Debug Docs|x86
		{E1CB7D7B-E2EC-4DEB-92E2-6EF0B76F40F0}.Debug Docs|Mixed Platforms.Build.0 = Debug Docs|x86
		{E1CB7D7B-E2EC-4DEB-92E2-6EF0B76F40F0}.Debug Docs|x86.ActiveCfg = Debug Docs|x86
		{E1CB7D7B-E2EC-4DEB-92E2-6EF0B76F40F0}.Debug Docs|x86.Build.0 = Debug Docs|x86
		{E1CB7D7B-E2EC-4DEB-92E2-6EF0B76F40F0}.Debug|Any CPU.ActiveCfg = Debug|x86
		{E1CB7D7B-E2EC-4DEB-92E2-6EF0B76F40F0}.Debug|Mixed Platforms.ActiveCfg = Debug|x86
		{E1CB7D7B-E2EC-4DEB-92E2-6EF0B76F40F0}.Debug|Mixed Platforms.Build.0 = Debug|x86
		{E1CB7D7B-E2EC-4DEB-92E2-6EF0B76F40F0}.Debug|x86.ActiveCfg = Debug|x86
		{E1CB7D7B-E2EC-4DEB-92E2-6EF0B76F40F0}.Debug|x86.Build.0 = Debug|x86
		{E1CB7D7B-E2EC-4DEB-92E2-6EF0B76F40F0}.DebugProfile|Any CPU.ActiveCfg = DebugProfile|x86
		{E1CB7D7B-E2EC-4DEB-92E2-6EF0B76F40F0}.DebugProfile|Mixed Platforms.ActiveCfg = DebugProfile|x86
		{E1CB7D7B-E2EC-4DEB-92E2-6EF0B76F40F0}.DebugProfile|Mixed Platforms.Build.0 = DebugProfile|x86
		{E1CB7D7B-E2EC-4DEB-92E2-6EF0B76F40F0}.DebugProfile|x86.ActiveCfg = DebugProfile|x86
		{E1CB7D7B-E2EC-4DEB-92E2-6EF0B76F40F0}.DebugProfile|x86.Build.0 = DebugProfile|x86
		{E1CB7D7B-E2EC-4DEB-92E2-6EF0B76F40F0}.Profile|Any CPU.ActiveCfg = Profile|x86
		{E1CB7D7B-E2EC-4DEB-92E2-6EF0B76F40F0}.Profile|Mixed Platforms.ActiveCfg = Profile|x86
		{E1CB7D7B-E2EC-4DEB-92E2-6EF0B76F40F0}.Profile|Mixed Platforms.Build.0 = Profile|x86
		{E1CB7D7B-E2EC-4DEB-92E2-6EF0B76F40F0}.Profile|x86.ActiveCfg = Profile|x86
		{E1CB7D7B-E2EC-4DEB-92E2-6EF0B76F40F0}.Profile|x86.Build.0 = Profile|x86
		{E1CB7D7B-E2EC-4DEB-92E2-6EF0B76F40F0}.Release|Any CPU.ActiveCfg = Release|x86
		{E1CB7D7B-E2EC-4DEB-92E2-6EF0B76F40F0}.Release|Mixed Platforms.ActiveCfg = Release|x86
		{E1CB7D7B-E2EC-4DEB-92E2-6EF0B76F40F0}.Release|Mixed Platforms.Build.0 = Release|x86
		{E1CB7D7B-E2EC-4DEB-92E2-6EF0B76F40F0}.Release|x86.ActiveCfg = Release|x86
		{E1CB7D7B-E2EC-4DEB-92E2-6EF0B76F40F0}.Release|x86.Build.0 = Release|x86
		{E1CB7D7B-E2EC-4DEB-92E2-6EF0B76F40F0}.Submission Phone|Any CPU.ActiveCfg = Submission Phone|x86
		{E1CB7D7B-E2EC-4DEB-92E2-6EF0B76F40F0}.Submission Phone|Mixed Platforms.ActiveCfg = Submission Phone|x86
		{E1CB7D7B-E2EC-4DEB-92E2-6EF0B76F40F0}.Submission Phone|Mixed Platforms.Build.0 = Submission Phone|x86
		{E1CB7D7B-E2EC-4DEB-92E2-6EF0B76F40F0}.Submission Phone|x86.ActiveCfg = Submission Phone|x86
		{E1CB7D7B-E2EC-4DEB-92E2-6EF0B76F40F0}.Submission Phone|x86.Build.0 = Submission Phone|x86
		{E1CB7D7B-E2EC-4DEB-92E2-6EF0B76F40F0}.Submission|Any CPU.ActiveCfg = Submission|x86
		{E1CB7D7B-E2EC-4DEB-92E2-6EF0B76F40F0}.Submission|Mixed Platforms.ActiveCfg = Submission|x86
		{E1CB7D7B-E2EC-4DEB-92E2-6EF0B76F40F0}.Submission|Mixed Platforms.Build.0 = Submission|x86
		{E1CB7D7B-E2EC-4DEB-92E2-6EF0B76F40F0}.Submission|x86.ActiveCfg = Submission|x86
		{E1CB7D7B-E2EC-4DEB-92E2-6EF0B76F40F0}.Submission|x86.Build.0 = Submission|x86
		{E1CB7D7B-E2EC-4DEB-92E2-6EF0B76F40F0}.UnitTest|Any CPU.ActiveCfg = UnitTests|x86
		{E1CB7D7B-E2EC-4DEB-92E2-6EF0B76F40F0}.UnitTest|Mixed Platforms.ActiveCfg = UnitTests|x86
		{E1CB7D7B-E2EC-4DEB-92E2-6EF0B76F40F0}.UnitTest|Mixed Platforms.Build.0 = UnitTests|x86
		{E1CB7D7B-E2EC-4DEB-92E2-6EF0B76F40F0}.UnitTest|x86.ActiveCfg = UnitTests|x86
		{E1CB7D7B-E2EC-4DEB-92E2-6EF0B76F40F0}.UnitTest|x86.Build.0 = UnitTests|x86
		{E1CB7D7B-E2EC-4DEB-92E2-6EF0B76F40F0}.UnitTests|Any CPU.ActiveCfg = UnitTests|x86
		{E1CB7D7B-E2EC-4DEB-92E2-6EF0B76F40F0}.UnitTests|Mixed Platforms.ActiveCfg = UnitTests|x86
		{E1CB7D7B-E2EC-4DEB-92E2-6EF0B76F40F0}.UnitTests|Mixed Platforms.Build.0 = UnitTests|x86
		{E1CB7D7B-E2EC-4DEB-92E2-6EF0B76F40F0}.UnitTests|x86.ActiveCfg = UnitTests|x86
		{E1CB7D7B-E2EC-4DEB-92E2-6EF0B76F40F0}.UnitTests|x86.Build.0 = UnitTests|x86
		{B941A93F-6093-4DC6-AD11-91A058B6C2CC}.Debug Docs|Any CPU.ActiveCfg = Debug|Any CPU
		{B941A93F-6093-4DC6-AD11-91A058B6C2CC}.Debug Docs|Any CPU.Build.0 = Debug|Any CPU
		{B941A93F-6093-4DC6-AD11-91A058B6C2CC}.Debug Docs|Mixed Platforms.ActiveCfg = Debug|x86
		{B941A93F-6093-4DC6-AD11-91A058B6C2CC}.Debug Docs|Mixed Platforms.Build.0 = Debug|x86
		{B941A93F-6093-4DC6-AD11-91A058B6C2CC}.Debug Docs|x86.ActiveCfg = Debug|x86
		{B941A93F-6093-4DC6-AD11-91A058B6C2CC}.Debug Docs|x86.Build.0 = Debug|x86
		{B941A93F-6093-4DC6-AD11-91A058B6C2CC}.Debug|Any CPU.ActiveCfg = Debug|Any CPU
		{B941A93F-6093-4DC6-AD11-91A058B6C2CC}.Debug|Any CPU.Build.0 = Debug|Any CPU
		{B941A93F-6093-4DC6-AD11-91A058B6C2CC}.Debug|Mixed Platforms.ActiveCfg = Debug|x86
		{B941A93F-6093-4DC6-AD11-91A058B6C2CC}.Debug|Mixed Platforms.Build.0 = Debug|x86
		{B941A93F-6093-4DC6-AD11-91A058B6C2CC}.Debug|x86.ActiveCfg = Debug|x86
		{B941A93F-6093-4DC6-AD11-91A058B6C2CC}.Debug|x86.Build.0 = Debug|x86
		{B941A93F-6093-4DC6-AD11-91A058B6C2CC}.DebugProfile|Any CPU.ActiveCfg = Debug|Any CPU
		{B941A93F-6093-4DC6-AD11-91A058B6C2CC}.DebugProfile|Any CPU.Build.0 = Debug|Any CPU
		{B941A93F-6093-4DC6-AD11-91A058B6C2CC}.DebugProfile|Mixed Platforms.ActiveCfg = Debug|x86
		{B941A93F-6093-4DC6-AD11-91A058B6C2CC}.DebugProfile|Mixed Platforms.Build.0 = Debug|x86
		{B941A93F-6093-4DC6-AD11-91A058B6C2CC}.DebugProfile|x86.ActiveCfg = Debug|x86
		{B941A93F-6093-4DC6-AD11-91A058B6C2CC}.DebugProfile|x86.Build.0 = Debug|x86
		{B941A93F-6093-4DC6-AD11-91A058B6C2CC}.Profile|Any CPU.ActiveCfg = Release|Any CPU
		{B941A93F-6093-4DC6-AD11-91A058B6C2CC}.Profile|Any CPU.Build.0 = Release|Any CPU
		{B941A93F-6093-4DC6-AD11-91A058B6C2CC}.Profile|Mixed Platforms.ActiveCfg = Release|x86
		{B941A93F-6093-4DC6-AD11-91A058B6C2CC}.Profile|Mixed Platforms.Build.0 = Release|x86
		{B941A93F-6093-4DC6-AD11-91A058B6C2CC}.Profile|x86.ActiveCfg = Release|x86
		{B941A93F-6093-4DC6-AD11-91A058B6C2CC}.Profile|x86.Build.0 = Release|x86
		{B941A93F-6093-4DC6-AD11-91A058B6C2CC}.Release|Any CPU.ActiveCfg = Release|Any CPU
		{B941A93F-6093-4DC6-AD11-91A058B6C2CC}.Release|Any CPU.Build.0 = Release|Any CPU
		{B941A93F-6093-4DC6-AD11-91A058B6C2CC}.Release|Mixed Platforms.ActiveCfg = Release|x86
		{B941A93F-6093-4DC6-AD11-91A058B6C2CC}.Release|Mixed Platforms.Build.0 = Release|x86
		{B941A93F-6093-4DC6-AD11-91A058B6C2CC}.Release|x86.ActiveCfg = Release|x86
		{B941A93F-6093-4DC6-AD11-91A058B6C2CC}.Release|x86.Build.0 = Release|x86
		{B941A93F-6093-4DC6-AD11-91A058B6C2CC}.Submission Phone|Any CPU.ActiveCfg = Release|Any CPU
		{B941A93F-6093-4DC6-AD11-91A058B6C2CC}.Submission Phone|Any CPU.Build.0 = Release|Any CPU
		{B941A93F-6093-4DC6-AD11-91A058B6C2CC}.Submission Phone|Mixed Platforms.ActiveCfg = Release|x86
		{B941A93F-6093-4DC6-AD11-91A058B6C2CC}.Submission Phone|Mixed Platforms.Build.0 = Release|x86
		{B941A93F-6093-4DC6-AD11-91A058B6C2CC}.Submission Phone|x86.ActiveCfg = Release|x86
		{B941A93F-6093-4DC6-AD11-91A058B6C2CC}.Submission Phone|x86.Build.0 = Release|x86
		{B941A93F-6093-4DC6-AD11-91A058B6C2CC}.Submission|Any CPU.ActiveCfg = Release|Any CPU
		{B941A93F-6093-4DC6-AD11-91A058B6C2CC}.Submission|Any CPU.Build.0 = Release|Any CPU
		{B941A93F-6093-4DC6-AD11-91A058B6C2CC}.Submission|Mixed Platforms.ActiveCfg = Release|x86
		{B941A93F-6093-4DC6-AD11-91A058B6C2CC}.Submission|Mixed Platforms.Build.0 = Release|x86
		{B941A93F-6093-4DC6-AD11-91A058B6C2CC}.Submission|x86.ActiveCfg = Release|x86
		{B941A93F-6093-4DC6-AD11-91A058B6C2CC}.Submission|x86.Build.0 = Release|x86
		{B941A93F-6093-4DC6-AD11-91A058B6C2CC}.UnitTest|Any CPU.ActiveCfg = Release|Any CPU
		{B941A93F-6093-4DC6-AD11-91A058B6C2CC}.UnitTest|Any CPU.Build.0 = Release|Any CPU
		{B941A93F-6093-4DC6-AD11-91A058B6C2CC}.UnitTest|Mixed Platforms.ActiveCfg = Release|x86
		{B941A93F-6093-4DC6-AD11-91A058B6C2CC}.UnitTest|Mixed Platforms.Build.0 = Release|x86
		{B941A93F-6093-4DC6-AD11-91A058B6C2CC}.UnitTest|x86.ActiveCfg = Release|x86
		{B941A93F-6093-4DC6-AD11-91A058B6C2CC}.UnitTest|x86.Build.0 = Release|x86
		{B941A93F-6093-4DC6-AD11-91A058B6C2CC}.UnitTests|Any CPU.ActiveCfg = Release|Any CPU
		{B941A93F-6093-4DC6-AD11-91A058B6C2CC}.UnitTests|Any CPU.Build.0 = Release|Any CPU
		{B941A93F-6093-4DC6-AD11-91A058B6C2CC}.UnitTests|Mixed Platforms.ActiveCfg = Release|x86
		{B941A93F-6093-4DC6-AD11-91A058B6C2CC}.UnitTests|Mixed Platforms.Build.0 = Release|x86
		{B941A93F-6093-4DC6-AD11-91A058B6C2CC}.UnitTests|x86.ActiveCfg = Release|x86
		{B941A93F-6093-4DC6-AD11-91A058B6C2CC}.UnitTests|x86.Build.0 = Release|x86
		{213357E3-F729-4FF3-9B99-E91C40D50E6E}.Debug Docs|Any CPU.ActiveCfg = Debug|Any CPU
		{213357E3-F729-4FF3-9B99-E91C40D50E6E}.Debug Docs|Any CPU.Build.0 = Debug|Any CPU
		{213357E3-F729-4FF3-9B99-E91C40D50E6E}.Debug Docs|Mixed Platforms.ActiveCfg = Debug|x86
		{213357E3-F729-4FF3-9B99-E91C40D50E6E}.Debug Docs|Mixed Platforms.Build.0 = Debug|x86
		{213357E3-F729-4FF3-9B99-E91C40D50E6E}.Debug Docs|x86.ActiveCfg = Debug|x86
		{213357E3-F729-4FF3-9B99-E91C40D50E6E}.Debug Docs|x86.Build.0 = Debug|x86
		{213357E3-F729-4FF3-9B99-E91C40D50E6E}.Debug|Any CPU.ActiveCfg = Debug|Any CPU
		{213357E3-F729-4FF3-9B99-E91C40D50E6E}.Debug|Any CPU.Build.0 = Debug|Any CPU
		{213357E3-F729-4FF3-9B99-E91C40D50E6E}.Debug|Mixed Platforms.ActiveCfg = Debug|x86
		{213357E3-F729-4FF3-9B99-E91C40D50E6E}.Debug|Mixed Platforms.Build.0 = Debug|x86
		{213357E3-F729-4FF3-9B99-E91C40D50E6E}.Debug|x86.ActiveCfg = Debug|x86
		{213357E3-F729-4FF3-9B99-E91C40D50E6E}.Debug|x86.Build.0 = Debug|x86
		{213357E3-F729-4FF3-9B99-E91C40D50E6E}.DebugProfile|Any CPU.ActiveCfg = Debug|Any CPU
		{213357E3-F729-4FF3-9B99-E91C40D50E6E}.DebugProfile|Any CPU.Build.0 = Debug|Any CPU
		{213357E3-F729-4FF3-9B99-E91C40D50E6E}.DebugProfile|Mixed Platforms.ActiveCfg = Debug|x86
		{213357E3-F729-4FF3-9B99-E91C40D50E6E}.DebugProfile|Mixed Platforms.Build.0 = Debug|x86
		{213357E3-F729-4FF3-9B99-E91C40D50E6E}.DebugProfile|x86.ActiveCfg = Debug|x86
		{213357E3-F729-4FF3-9B99-E91C40D50E6E}.DebugProfile|x86.Build.0 = Debug|x86
		{213357E3-F729-4FF3-9B99-E91C40D50E6E}.Profile|Any CPU.ActiveCfg = UnitTests|Any CPU
		{213357E3-F729-4FF3-9B99-E91C40D50E6E}.Profile|Any CPU.Build.0 = UnitTests|Any CPU
		{213357E3-F729-4FF3-9B99-E91C40D50E6E}.Profile|Mixed Platforms.ActiveCfg = UnitTests|x86
		{213357E3-F729-4FF3-9B99-E91C40D50E6E}.Profile|Mixed Platforms.Build.0 = UnitTests|x86
		{213357E3-F729-4FF3-9B99-E91C40D50E6E}.Profile|x86.ActiveCfg = UnitTests|x86
		{213357E3-F729-4FF3-9B99-E91C40D50E6E}.Profile|x86.Build.0 = UnitTests|x86
		{213357E3-F729-4FF3-9B99-E91C40D50E6E}.Release|Any CPU.ActiveCfg = Release|Any CPU
		{213357E3-F729-4FF3-9B99-E91C40D50E6E}.Release|Any CPU.Build.0 = Release|Any CPU
		{213357E3-F729-4FF3-9B99-E91C40D50E6E}.Release|Mixed Platforms.ActiveCfg = Release|x86
		{213357E3-F729-4FF3-9B99-E91C40D50E6E}.Release|Mixed Platforms.Build.0 = Release|x86
		{213357E3-F729-4FF3-9B99-E91C40D50E6E}.Release|x86.ActiveCfg = Release|x86
		{213357E3-F729-4FF3-9B99-E91C40D50E6E}.Release|x86.Build.0 = Release|x86
		{213357E3-F729-4FF3-9B99-E91C40D50E6E}.Submission Phone|Any CPU.ActiveCfg = UnitTests|Any CPU
		{213357E3-F729-4FF3-9B99-E91C40D50E6E}.Submission Phone|Any CPU.Build.0 = UnitTests|Any CPU
		{213357E3-F729-4FF3-9B99-E91C40D50E6E}.Submission Phone|Mixed Platforms.ActiveCfg = UnitTests|x86
		{213357E3-F729-4FF3-9B99-E91C40D50E6E}.Submission Phone|Mixed Platforms.Build.0 = UnitTests|x86
		{213357E3-F729-4FF3-9B99-E91C40D50E6E}.Submission Phone|x86.ActiveCfg = UnitTests|x86
		{213357E3-F729-4FF3-9B99-E91C40D50E6E}.Submission Phone|x86.Build.0 = UnitTests|x86
		{213357E3-F729-4FF3-9B99-E91C40D50E6E}.Submission|Any CPU.ActiveCfg = UnitTests|Any CPU
		{213357E3-F729-4FF3-9B99-E91C40D50E6E}.Submission|Any CPU.Build.0 = UnitTests|Any CPU
		{213357E3-F729-4FF3-9B99-E91C40D50E6E}.Submission|Mixed Platforms.ActiveCfg = UnitTests|x86
		{213357E3-F729-4FF3-9B99-E91C40D50E6E}.Submission|Mixed Platforms.Build.0 = UnitTests|x86
		{213357E3-F729-4FF3-9B99-E91C40D50E6E}.Submission|x86.ActiveCfg = UnitTests|x86
		{213357E3-F729-4FF3-9B99-E91C40D50E6E}.Submission|x86.Build.0 = UnitTests|x86
		{213357E3-F729-4FF3-9B99-E91C40D50E6E}.UnitTest|Any CPU.ActiveCfg = UnitTests|Any CPU
		{213357E3-F729-4FF3-9B99-E91C40D50E6E}.UnitTest|Any CPU.Build.0 = UnitTests|Any CPU
		{213357E3-F729-4FF3-9B99-E91C40D50E6E}.UnitTest|Mixed Platforms.ActiveCfg = UnitTests|x86
		{213357E3-F729-4FF3-9B99-E91C40D50E6E}.UnitTest|Mixed Platforms.Build.0 = UnitTests|x86
		{213357E3-F729-4FF3-9B99-E91C40D50E6E}.UnitTest|x86.ActiveCfg = UnitTests|x86
		{213357E3-F729-4FF3-9B99-E91C40D50E6E}.UnitTest|x86.Build.0 = UnitTests|x86
		{213357E3-F729-4FF3-9B99-E91C40D50E6E}.UnitTests|Any CPU.ActiveCfg = UnitTests|Any CPU
		{213357E3-F729-4FF3-9B99-E91C40D50E6E}.UnitTests|Any CPU.Build.0 = UnitTests|Any CPU
		{213357E3-F729-4FF3-9B99-E91C40D50E6E}.UnitTests|Mixed Platforms.ActiveCfg = UnitTests|x86
		{213357E3-F729-4FF3-9B99-E91C40D50E6E}.UnitTests|Mixed Platforms.Build.0 = UnitTests|x86
		{213357E3-F729-4FF3-9B99-E91C40D50E6E}.UnitTests|x86.ActiveCfg = UnitTests|x86
		{213357E3-F729-4FF3-9B99-E91C40D50E6E}.UnitTests|x86.Build.0 = UnitTests|x86
		{2C289A72-D6BD-4358-AFBC-B71F9D31B01E}.Debug Docs|Any CPU.ActiveCfg = Debug|Any CPU
		{2C289A72-D6BD-4358-AFBC-B71F9D31B01E}.Debug Docs|Any CPU.Build.0 = Debug|Any CPU
		{2C289A72-D6BD-4358-AFBC-B71F9D31B01E}.Debug Docs|Mixed Platforms.ActiveCfg = Debug|x86
		{2C289A72-D6BD-4358-AFBC-B71F9D31B01E}.Debug Docs|Mixed Platforms.Build.0 = Debug|x86
		{2C289A72-D6BD-4358-AFBC-B71F9D31B01E}.Debug Docs|x86.ActiveCfg = Debug|x86
		{2C289A72-D6BD-4358-AFBC-B71F9D31B01E}.Debug Docs|x86.Build.0 = Debug|x86
		{2C289A72-D6BD-4358-AFBC-B71F9D31B01E}.Debug|Any CPU.ActiveCfg = Debug|Any CPU
		{2C289A72-D6BD-4358-AFBC-B71F9D31B01E}.Debug|Any CPU.Build.0 = Debug|Any CPU
		{2C289A72-D6BD-4358-AFBC-B71F9D31B01E}.Debug|Mixed Platforms.ActiveCfg = Debug|x86
		{2C289A72-D6BD-4358-AFBC-B71F9D31B01E}.Debug|Mixed Platforms.Build.0 = Debug|x86
		{2C289A72-D6BD-4358-AFBC-B71F9D31B01E}.Debug|x86.ActiveCfg = Debug|x86
		{2C289A72-D6BD-4358-AFBC-B71F9D31B01E}.Debug|x86.Build.0 = Debug|x86
		{2C289A72-D6BD-4358-AFBC-B71F9D31B01E}.DebugProfile|Any CPU.ActiveCfg = Debug|Any CPU
		{2C289A72-D6BD-4358-AFBC-B71F9D31B01E}.DebugProfile|Any CPU.Build.0 = Debug|Any CPU
		{2C289A72-D6BD-4358-AFBC-B71F9D31B01E}.DebugProfile|Mixed Platforms.ActiveCfg = Debug|x86
		{2C289A72-D6BD-4358-AFBC-B71F9D31B01E}.DebugProfile|Mixed Platforms.Build.0 = Debug|x86
		{2C289A72-D6BD-4358-AFBC-B71F9D31B01E}.DebugProfile|x86.ActiveCfg = Debug|x86
		{2C289A72-D6BD-4358-AFBC-B71F9D31B01E}.DebugProfile|x86.Build.0 = Debug|x86
		{2C289A72-D6BD-4358-AFBC-B71F9D31B01E}.Profile|Any CPU.ActiveCfg = UnitTests|Any CPU
		{2C289A72-D6BD-4358-AFBC-B71F9D31B01E}.Profile|Any CPU.Build.0 = UnitTests|Any CPU
		{2C289A72-D6BD-4358-AFBC-B71F9D31B01E}.Profile|Mixed Platforms.ActiveCfg = UnitTests|x86
		{2C289A72-D6BD-4358-AFBC-B71F9D31B01E}.Profile|Mixed Platforms.Build.0 = UnitTests|x86
		{2C289A72-D6BD-4358-AFBC-B71F9D31B01E}.Profile|x86.ActiveCfg = UnitTests|x86
		{2C289A72-D6BD-4358-AFBC-B71F9D31B01E}.Profile|x86.Build.0 = UnitTests|x86
		{2C289A72-D6BD-4358-AFBC-B71F9D31B01E}.Release|Any CPU.ActiveCfg = Release|Any CPU
		{2C289A72-D6BD-4358-AFBC-B71F9D31B01E}.Release|Any CPU.Build.0 = Release|Any CPU
		{2C289A72-D6BD-4358-AFBC-B71F9D31B01E}.Release|Mixed Platforms.ActiveCfg = Release|x86
		{2C289A72-D6BD-4358-AFBC-B71F9D31B01E}.Release|Mixed Platforms.Build.0 = Release|x86
		{2C289A72-D6BD-4358-AFBC-B71F9D31B01E}.Release|x86.ActiveCfg = Release|x86
		{2C289A72-D6BD-4358-AFBC-B71F9D31B01E}.Release|x86.Build.0 = Release|x86
		{2C289A72-D6BD-4358-AFBC-B71F9D31B01E}.Submission Phone|Any CPU.ActiveCfg = UnitTests|Any CPU
		{2C289A72-D6BD-4358-AFBC-B71F9D31B01E}.Submission Phone|Any CPU.Build.0 = UnitTests|Any CPU
		{2C289A72-D6BD-4358-AFBC-B71F9D31B01E}.Submission Phone|Mixed Platforms.ActiveCfg = UnitTests|x86
		{2C289A72-D6BD-4358-AFBC-B71F9D31B01E}.Submission Phone|Mixed Platforms.Build.0 = UnitTests|x86
		{2C289A72-D6BD-4358-AFBC-B71F9D31B01E}.Submission Phone|x86.ActiveCfg = UnitTests|x86
		{2C289A72-D6BD-4358-AFBC-B71F9D31B01E}.Submission Phone|x86.Build.0 = UnitTests|x86
		{2C289A72-D6BD-4358-AFBC-B71F9D31B01E}.Submission|Any CPU.ActiveCfg = UnitTests|Any CPU
		{2C289A72-D6BD-4358-AFBC-B71F9D31B01E}.Submission|Any CPU.Build.0 = UnitTests|Any CPU
		{2C289A72-D6BD-4358-AFBC-B71F9D31B01E}.Submission|Mixed Platforms.ActiveCfg = UnitTests|x86
		{2C289A72-D6BD-4358-AFBC-B71F9D31B01E}.Submission|Mixed Platforms.Build.0 = UnitTests|x86
		{2C289A72-D6BD-4358-AFBC-B71F9D31B01E}.Submission|x86.ActiveCfg = UnitTests|x86
		{2C289A72-D6BD-4358-AFBC-B71F9D31B01E}.Submission|x86.Build.0 = UnitTests|x86
		{2C289A72-D6BD-4358-AFBC-B71F9D31B01E}.UnitTest|Any CPU.ActiveCfg = UnitTests|Any CPU
		{2C289A72-D6BD-4358-AFBC-B71F9D31B01E}.UnitTest|Any CPU.Build.0 = UnitTests|Any CPU
		{2C289A72-D6BD-4358-AFBC-B71F9D31B01E}.UnitTest|Mixed Platforms.ActiveCfg = UnitTests|x86
		{2C289A72-D6BD-4358-AFBC-B71F9D31B01E}.UnitTest|Mixed Platforms.Build.0 = UnitTests|x86
		{2C289A72-D6BD-4358-AFBC-B71F9D31B01E}.UnitTest|x86.ActiveCfg = UnitTests|x86
		{2C289A72-D6BD-4358-AFBC-B71F9D31B01E}.UnitTest|x86.Build.0 = UnitTests|x86
		{2C289A72-D6BD-4358-AFBC-B71F9D31B01E}.UnitTests|Any CPU.ActiveCfg = UnitTests|Any CPU
		{2C289A72-D6BD-4358-AFBC-B71F9D31B01E}.UnitTests|Any CPU.Build.0 = UnitTests|Any CPU
		{2C289A72-D6BD-4358-AFBC-B71F9D31B01E}.UnitTests|Mixed Platforms.ActiveCfg = UnitTests|x86
		{2C289A72-D6BD-4358-AFBC-B71F9D31B01E}.UnitTests|Mixed Platforms.Build.0 = UnitTests|x86
		{2C289A72-D6BD-4358-AFBC-B71F9D31B01E}.UnitTests|x86.ActiveCfg = UnitTests|x86
		{2C289A72-D6BD-4358-AFBC-B71F9D31B01E}.UnitTests|x86.Build.0 = UnitTests|x86
		{545FF183-4D9D-4121-9A04-1D354B0B0DBA}.Debug Docs|Any CPU.ActiveCfg = Debug|Any CPU
		{545FF183-4D9D-4121-9A04-1D354B0B0DBA}.Debug Docs|Any CPU.Build.0 = Debug|Any CPU
		{545FF183-4D9D-4121-9A04-1D354B0B0DBA}.Debug Docs|Mixed Platforms.ActiveCfg = Debug|x86
		{545FF183-4D9D-4121-9A04-1D354B0B0DBA}.Debug Docs|Mixed Platforms.Build.0 = Debug|x86
		{545FF183-4D9D-4121-9A04-1D354B0B0DBA}.Debug Docs|x86.ActiveCfg = Debug|x86
		{545FF183-4D9D-4121-9A04-1D354B0B0DBA}.Debug Docs|x86.Build.0 = Debug|x86
		{545FF183-4D9D-4121-9A04-1D354B0B0DBA}.Debug|Any CPU.ActiveCfg = Debug|Any CPU
		{545FF183-4D9D-4121-9A04-1D354B0B0DBA}.Debug|Any CPU.Build.0 = Debug|Any CPU
		{545FF183-4D9D-4121-9A04-1D354B0B0DBA}.Debug|Mixed Platforms.ActiveCfg = Debug|x86
		{545FF183-4D9D-4121-9A04-1D354B0B0DBA}.Debug|Mixed Platforms.Build.0 = Debug|x86
		{545FF183-4D9D-4121-9A04-1D354B0B0DBA}.Debug|x86.ActiveCfg = Debug|x86
		{545FF183-4D9D-4121-9A04-1D354B0B0DBA}.Debug|x86.Build.0 = Debug|x86
		{545FF183-4D9D-4121-9A04-1D354B0B0DBA}.DebugProfile|Any CPU.ActiveCfg = Debug|Any CPU
		{545FF183-4D9D-4121-9A04-1D354B0B0DBA}.DebugProfile|Any CPU.Build.0 = Debug|Any CPU
		{545FF183-4D9D-4121-9A04-1D354B0B0DBA}.DebugProfile|Mixed Platforms.ActiveCfg = Debug|x86
		{545FF183-4D9D-4121-9A04-1D354B0B0DBA}.DebugProfile|Mixed Platforms.Build.0 = Debug|x86
		{545FF183-4D9D-4121-9A04-1D354B0B0DBA}.DebugProfile|x86.ActiveCfg = Debug|x86
		{545FF183-4D9D-4121-9A04-1D354B0B0DBA}.DebugProfile|x86.Build.0 = Debug|x86
		{545FF183-4D9D-4121-9A04-1D354B0B0DBA}.Profile|Any CPU.ActiveCfg = Release|Any CPU
		{545FF183-4D9D-4121-9A04-1D354B0B0DBA}.Profile|Any CPU.Build.0 = Release|Any CPU
		{545FF183-4D9D-4121-9A04-1D354B0B0DBA}.Profile|Mixed Platforms.ActiveCfg = Release|x86
		{545FF183-4D9D-4121-9A04-1D354B0B0DBA}.Profile|Mixed Platforms.Build.0 = Release|x86
		{545FF183-4D9D-4121-9A04-1D354B0B0DBA}.Profile|x86.ActiveCfg = Release|x86
		{545FF183-4D9D-4121-9A04-1D354B0B0DBA}.Profile|x86.Build.0 = Release|x86
		{545FF183-4D9D-4121-9A04-1D354B0B0DBA}.Release|Any CPU.ActiveCfg = Release|Any CPU
		{545FF183-4D9D-4121-9A04-1D354B0B0DBA}.Release|Any CPU.Build.0 = Release|Any CPU
		{545FF183-4D9D-4121-9A04-1D354B0B0DBA}.Release|Mixed Platforms.ActiveCfg = Release|x86
		{545FF183-4D9D-4121-9A04-1D354B0B0DBA}.Release|Mixed Platforms.Build.0 = Release|x86
		{545FF183-4D9D-4121-9A04-1D354B0B0DBA}.Release|x86.ActiveCfg = Release|x86
		{545FF183-4D9D-4121-9A04-1D354B0B0DBA}.Release|x86.Build.0 = Release|x86
		{545FF183-4D9D-4121-9A04-1D354B0B0DBA}.Submission Phone|Any CPU.ActiveCfg = Release|Any CPU
		{545FF183-4D9D-4121-9A04-1D354B0B0DBA}.Submission Phone|Any CPU.Build.0 = Release|Any CPU
		{545FF183-4D9D-4121-9A04-1D354B0B0DBA}.Submission Phone|Mixed Platforms.ActiveCfg = Release|x86
		{545FF183-4D9D-4121-9A04-1D354B0B0DBA}.Submission Phone|Mixed Platforms.Build.0 = Release|x86
		{545FF183-4D9D-4121-9A04-1D354B0B0DBA}.Submission Phone|x86.ActiveCfg = Release|x86
		{545FF183-4D9D-4121-9A04-1D354B0B0DBA}.Submission Phone|x86.Build.0 = Release|x86
		{545FF183-4D9D-4121-9A04-1D354B0B0DBA}.Submission|Any CPU.ActiveCfg = Release|Any CPU
		{545FF183-4D9D-4121-9A04-1D354B0B0DBA}.Submission|Any CPU.Build.0 = Release|Any CPU
		{545FF183-4D9D-4121-9A04-1D354B0B0DBA}.Submission|Mixed Platforms.ActiveCfg = Release|x86
		{545FF183-4D9D-4121-9A04-1D354B0B0DBA}.Submission|Mixed Platforms.Build.0 = Release|x86
		{545FF183-4D9D-4121-9A04-1D354B0B0DBA}.Submission|x86.ActiveCfg = Release|x86
		{545FF183-4D9D-4121-9A04-1D354B0B0DBA}.Submission|x86.Build.0 = Release|x86
		{545FF183-4D9D-4121-9A04-1D354B0B0DBA}.UnitTest|Any CPU.ActiveCfg = Release|Any CPU
		{545FF183-4D9D-4121-9A04-1D354B0B0DBA}.UnitTest|Any CPU.Build.0 = Release|Any CPU
		{545FF183-4D9D-4121-9A04-1D354B0B0DBA}.UnitTest|Mixed Platforms.ActiveCfg = Release|x86
		{545FF183-4D9D-4121-9A04-1D354B0B0DBA}.UnitTest|Mixed Platforms.Build.0 = Release|x86
		{545FF183-4D9D-4121-9A04-1D354B0B0DBA}.UnitTest|x86.ActiveCfg = Release|x86
		{545FF183-4D9D-4121-9A04-1D354B0B0DBA}.UnitTest|x86.Build.0 = Release|x86
		{545FF183-4D9D-4121-9A04-1D354B0B0DBA}.UnitTests|Any CPU.ActiveCfg = Release|Any CPU
		{545FF183-4D9D-4121-9A04-1D354B0B0DBA}.UnitTests|Any CPU.Build.0 = Release|Any CPU
		{545FF183-4D9D-4121-9A04-1D354B0B0DBA}.UnitTests|Mixed Platforms.ActiveCfg = Release|x86
		{545FF183-4D9D-4121-9A04-1D354B0B0DBA}.UnitTests|Mixed Platforms.Build.0 = Release|x86
		{545FF183-4D9D-4121-9A04-1D354B0B0DBA}.UnitTests|x86.ActiveCfg = Release|x86
		{545FF183-4D9D-4121-9A04-1D354B0B0DBA}.UnitTests|x86.Build.0 = Release|x86
		{8A145E54-EF69-4B3B-8B3A-0D2223B85F00}.Debug Docs|Any CPU.ActiveCfg = Debug|x86
		{8A145E54-EF69-4B3B-8B3A-0D2223B85F00}.Debug Docs|Mixed Platforms.ActiveCfg = Debug|x86
		{8A145E54-EF69-4B3B-8B3A-0D2223B85F00}.Debug Docs|Mixed Platforms.Build.0 = Debug|x86
		{8A145E54-EF69-4B3B-8B3A-0D2223B85F00}.Debug Docs|x86.ActiveCfg = Debug|x86
		{8A145E54-EF69-4B3B-8B3A-0D2223B85F00}.Debug Docs|x86.Build.0 = Debug|x86
		{8A145E54-EF69-4B3B-8B3A-0D2223B85F00}.Debug|Any CPU.ActiveCfg = Debug|x86
		{8A145E54-EF69-4B3B-8B3A-0D2223B85F00}.Debug|Mixed Platforms.ActiveCfg = Debug|x86
		{8A145E54-EF69-4B3B-8B3A-0D2223B85F00}.Debug|Mixed Platforms.Build.0 = Debug|x86
		{8A145E54-EF69-4B3B-8B3A-0D2223B85F00}.Debug|x86.ActiveCfg = Debug|x86
		{8A145E54-EF69-4B3B-8B3A-0D2223B85F00}.Debug|x86.Build.0 = Debug|x86
		{8A145E54-EF69-4B3B-8B3A-0D2223B85F00}.DebugProfile|Any CPU.ActiveCfg = Debug|x86
		{8A145E54-EF69-4B3B-8B3A-0D2223B85F00}.DebugProfile|Mixed Platforms.ActiveCfg = Debug|x86
		{8A145E54-EF69-4B3B-8B3A-0D2223B85F00}.DebugProfile|Mixed Platforms.Build.0 = Debug|x86
		{8A145E54-EF69-4B3B-8B3A-0D2223B85F00}.DebugProfile|x86.ActiveCfg = Debug|x86
		{8A145E54-EF69-4B3B-8B3A-0D2223B85F00}.DebugProfile|x86.Build.0 = Debug|x86
		{8A145E54-EF69-4B3B-8B3A-0D2223B85F00}.Profile|Any CPU.ActiveCfg = Release|x86
		{8A145E54-EF69-4B3B-8B3A-0D2223B85F00}.Profile|Mixed Platforms.ActiveCfg = Release|x86
		{8A145E54-EF69-4B3B-8B3A-0D2223B85F00}.Profile|Mixed Platforms.Build.0 = Release|x86
		{8A145E54-EF69-4B3B-8B3A-0D2223B85F00}.Profile|x86.ActiveCfg = Release|x86
		{8A145E54-EF69-4B3B-8B3A-0D2223B85F00}.Profile|x86.Build.0 = Release|x86
		{8A145E54-EF69-4B3B-8B3A-0D2223B85F00}.Release|Any CPU.ActiveCfg = Release|x86
		{8A145E54-EF69-4B3B-8B3A-0D2223B85F00}.Release|Mixed Platforms.ActiveCfg = Release|x86
		{8A145E54-EF69-4B3B-8B3A-0D2223B85F00}.Release|Mixed Platforms.Build.0 = Release|x86
		{8A145E54-EF69-4B3B-8B3A-0D2223B85F00}.Release|x86.ActiveCfg = Release|x86
		{8A145E54-EF69-4B3B-8B3A-0D2223B85F00}.Release|x86.Build.0 = Release|x86
		{8A145E54-EF69-4B3B-8B3A-0D2223B85F00}.Submission Phone|Any CPU.ActiveCfg = Release|x86
		{8A145E54-EF69-4B3B-8B3A-0D2223B85F00}.Submission Phone|Mixed Platforms.ActiveCfg = Release|x86
		{8A145E54-EF69-4B3B-8B3A-0D2223B85F00}.Submission Phone|Mixed Platforms.Build.0 = Release|x86
		{8A145E54-EF69-4B3B-8B3A-0D2223B85F00}.Submission Phone|x86.ActiveCfg = Release|x86
		{8A145E54-EF69-4B3B-8B3A-0D2223B85F00}.Submission Phone|x86.Build.0 = Release|x86
		{8A145E54-EF69-4B3B-8B3A-0D2223B85F00}.Submission|Any CPU.ActiveCfg = Release|x86
		{8A145E54-EF69-4B3B-8B3A-0D2223B85F00}.Submission|Mixed Platforms.ActiveCfg = Release|x86
		{8A145E54-EF69-4B3B-8B3A-0D2223B85F00}.Submission|Mixed Platforms.Build.0 = Release|x86
		{8A145E54-EF69-4B3B-8B3A-0D2223B85F00}.Submission|x86.ActiveCfg = Release|x86
		{8A145E54-EF69-4B3B-8B3A-0D2223B85F00}.Submission|x86.Build.0 = Release|x86
		{8A145E54-EF69-4B3B-8B3A-0D2223B85F00}.UnitTest|Any CPU.ActiveCfg = Release|x86
		{8A145E54-EF69-4B3B-8B3A-0D2223B85F00}.UnitTest|Mixed Platforms.ActiveCfg = Release|x86
		{8A145E54-EF69-4B3B-8B3A-0D2223B85F00}.UnitTest|Mixed Platforms.Build.0 = Release|x86
		{8A145E54-EF69-4B3B-8B3A-0D2223B85F00}.UnitTest|x86.ActiveCfg = Release|x86
		{8A145E54-EF69-4B3B-8B3A-0D2223B85F00}.UnitTest|x86.Build.0 = Release|x86
		{8A145E54-EF69-4B3B-8B3A-0D2223B85F00}.UnitTests|Any CPU.ActiveCfg = Release|x86
		{8A145E54-EF69-4B3B-8B3A-0D2223B85F00}.UnitTests|Mixed Platforms.ActiveCfg = Release|x86
		{8A145E54-EF69-4B3B-8B3A-0D2223B85F00}.UnitTests|Mixed Platforms.Build.0 = Release|x86
		{8A145E54-EF69-4B3B-8B3A-0D2223B85F00}.UnitTests|x86.ActiveCfg = Release|x86
		{8A145E54-EF69-4B3B-8B3A-0D2223B85F00}.UnitTests|x86.Build.0 = Release|x86
		{6C27074B-84C2-495D-87AE-A66C1346680B}.Debug Docs|Any CPU.ActiveCfg = Debug|x86
		{6C27074B-84C2-495D-87AE-A66C1346680B}.Debug Docs|Mixed Platforms.ActiveCfg = Debug|x86
		{6C27074B-84C2-495D-87AE-A66C1346680B}.Debug Docs|Mixed Platforms.Build.0 = Debug|x86
		{6C27074B-84C2-495D-87AE-A66C1346680B}.Debug Docs|x86.ActiveCfg = Debug|x86
		{6C27074B-84C2-495D-87AE-A66C1346680B}.Debug Docs|x86.Build.0 = Debug|x86
		{6C27074B-84C2-495D-87AE-A66C1346680B}.Debug|Any CPU.ActiveCfg = Debug|x86
		{6C27074B-84C2-495D-87AE-A66C1346680B}.Debug|Mixed Platforms.ActiveCfg = Debug|x86
		{6C27074B-84C2-495D-87AE-A66C1346680B}.Debug|Mixed Platforms.Build.0 = Debug|x86
		{6C27074B-84C2-495D-87AE-A66C1346680B}.Debug|x86.ActiveCfg = Debug|x86
		{6C27074B-84C2-495D-87AE-A66C1346680B}.Debug|x86.Build.0 = Debug|x86
		{6C27074B-84C2-495D-87AE-A66C1346680B}.DebugProfile|Any CPU.ActiveCfg = Debug|x86
		{6C27074B-84C2-495D-87AE-A66C1346680B}.DebugProfile|Mixed Platforms.ActiveCfg = Debug|x86
		{6C27074B-84C2-495D-87AE-A66C1346680B}.DebugProfile|Mixed Platforms.Build.0 = Debug|x86
		{6C27074B-84C2-495D-87AE-A66C1346680B}.DebugProfile|x86.ActiveCfg = Debug|x86
		{6C27074B-84C2-495D-87AE-A66C1346680B}.DebugProfile|x86.Build.0 = Debug|x86
		{6C27074B-84C2-495D-87AE-A66C1346680B}.Profile|Any CPU.ActiveCfg = Release|x86
		{6C27074B-84C2-495D-87AE-A66C1346680B}.Profile|Mixed Platforms.ActiveCfg = Release|x86
		{6C27074B-84C2-495D-87AE-A66C1346680B}.Profile|Mixed Platforms.Build.0 = Release|x86
		{6C27074B-84C2-495D-87AE-A66C1346680B}.Profile|x86.ActiveCfg = Release|x86
		{6C27074B-84C2-495D-87AE-A66C1346680B}.Profile|x86.Build.0 = Release|x86
		{6C27074B-84C2-495D-87AE-A66C1346680B}.Release|Any CPU.ActiveCfg = Release|x86
		{6C27074B-84C2-495D-87AE-A66C1346680B}.Release|Mixed Platforms.ActiveCfg = Release|x86
		{6C27074B-84C2-495D-87AE-A66C1346680B}.Release|Mixed Platforms.Build.0 = Release|x86
		{6C27074B-84C2-495D-87AE-A66C1346680B}.Release|x86.ActiveCfg = Release|x86
		{6C27074B-84C2-495D-87AE-A66C1346680B}.Release|x86.Build.0 = Release|x86
		{6C27074B-84C2-495D-87AE-A66C1346680B}.Submission Phone|Any CPU.ActiveCfg = Release|x86
		{6C27074B-84C2-495D-87AE-A66C1346680B}.Submission Phone|Mixed Platforms.ActiveCfg = Release|x86
		{6C27074B-84C2-495D-87AE-A66C1346680B}.Submission Phone|Mixed Platforms.Build.0 = Release|x86
		{6C27074B-84C2-495D-87AE-A66C1346680B}.Submission Phone|x86.ActiveCfg = Release|x86
		{6C27074B-84C2-495D-87AE-A66C1346680B}.Submission Phone|x86.Build.0 = Release|x86
		{6C27074B-84C2-495D-87AE-A66C1346680B}.Submission|Any CPU.ActiveCfg = Release|x86
		{6C27074B-84C2-495D-87AE-A66C1346680B}.Submission|Mixed Platforms.ActiveCfg = Release|x86
		{6C27074B-84C2-495D-87AE-A66C1346680B}.Submission|Mixed Platforms.Build.0 = Release|x86
		{6C27074B-84C2-495D-87AE-A66C1346680B}.Submission|x86.ActiveCfg = Release|x86
		{6C27074B-84C2-495D-87AE-A66C1346680B}.Submission|x86.Build.0 = Release|x86
		{6C27074B-84C2-495D-87AE-A66C1346680B}.UnitTest|Any CPU.ActiveCfg = Release|x86
		{6C27074B-84C2-495D-87AE-A66C1346680B}.UnitTest|Mixed Platforms.ActiveCfg = Release|x86
		{6C27074B-84C2-495D-87AE-A66C1346680B}.UnitTest|Mixed Platforms.Build.0 = Release|x86
		{6C27074B-84C2-495D-87AE-A66C1346680B}.UnitTest|x86.ActiveCfg = Release|x86
		{6C27074B-84C2-495D-87AE-A66C1346680B}.UnitTest|x86.Build.0 = Release|x86
		{6C27074B-84C2-495D-87AE-A66C1346680B}.UnitTests|Any CPU.ActiveCfg = Release|x86
		{6C27074B-84C2-495D-87AE-A66C1346680B}.UnitTests|Mixed Platforms.ActiveCfg = Release|x86
		{6C27074B-84C2-495D-87AE-A66C1346680B}.UnitTests|Mixed Platforms.Build.0 = Release|x86
		{6C27074B-84C2-495D-87AE-A66C1346680B}.UnitTests|x86.ActiveCfg = Release|x86
		{6C27074B-84C2-495D-87AE-A66C1346680B}.UnitTests|x86.Build.0 = Release|x86
		{EAA9B407-D6C9-46AC-82D4-F1861D235883}.Debug Docs|Any CPU.ActiveCfg = Debug|x86
		{EAA9B407-D6C9-46AC-82D4-F1861D235883}.Debug Docs|Mixed Platforms.ActiveCfg = Debug|x86
		{EAA9B407-D6C9-46AC-82D4-F1861D235883}.Debug Docs|Mixed Platforms.Build.0 = Debug|x86
		{EAA9B407-D6C9-46AC-82D4-F1861D235883}.Debug Docs|x86.ActiveCfg = Debug|x86
		{EAA9B407-D6C9-46AC-82D4-F1861D235883}.Debug Docs|x86.Build.0 = Debug|x86
		{EAA9B407-D6C9-46AC-82D4-F1861D235883}.Debug|Any CPU.ActiveCfg = Debug|x86
		{EAA9B407-D6C9-46AC-82D4-F1861D235883}.Debug|Mixed Platforms.ActiveCfg = Debug|x86
		{EAA9B407-D6C9-46AC-82D4-F1861D235883}.Debug|Mixed Platforms.Build.0 = Debug|x86
		{EAA9B407-D6C9-46AC-82D4-F1861D235883}.Debug|x86.ActiveCfg = Debug|x86
		{EAA9B407-D6C9-46AC-82D4-F1861D235883}.Debug|x86.Build.0 = Debug|x86
		{EAA9B407-D6C9-46AC-82D4-F1861D235883}.DebugProfile|Any CPU.ActiveCfg = Debug|x86
		{EAA9B407-D6C9-46AC-82D4-F1861D235883}.DebugProfile|Mixed Platforms.ActiveCfg = Debug|x86
		{EAA9B407-D6C9-46AC-82D4-F1861D235883}.DebugProfile|Mixed Platforms.Build.0 = Debug|x86
		{EAA9B407-D6C9-46AC-82D4-F1861D235883}.DebugProfile|x86.ActiveCfg = Debug|x86
		{EAA9B407-D6C9-46AC-82D4-F1861D235883}.DebugProfile|x86.Build.0 = Debug|x86
		{EAA9B407-D6C9-46AC-82D4-F1861D235883}.Profile|Any CPU.ActiveCfg = Release|x86
		{EAA9B407-D6C9-46AC-82D4-F1861D235883}.Profile|Mixed Platforms.ActiveCfg = Release|x86
		{EAA9B407-D6C9-46AC-82D4-F1861D235883}.Profile|Mixed Platforms.Build.0 = Release|x86
		{EAA9B407-D6C9-46AC-82D4-F1861D235883}.Profile|x86.ActiveCfg = Release|x86
		{EAA9B407-D6C9-46AC-82D4-F1861D235883}.Profile|x86.Build.0 = Release|x86
		{EAA9B407-D6C9-46AC-82D4-F1861D235883}.Release|Any CPU.ActiveCfg = Release|x86
		{EAA9B407-D6C9-46AC-82D4-F1861D235883}.Release|Mixed Platforms.ActiveCfg = Release|x86
		{EAA9B407-D6C9-46AC-82D4-F1861D235883}.Release|Mixed Platforms.Build.0 = Release|x86
		{EAA9B407-D6C9-46AC-82D4-F1861D235883}.Release|x86.ActiveCfg = Release|x86
		{EAA9B407-D6C9-46AC-82D4-F1861D235883}.Release|x86.Build.0 = Release|x86
		{EAA9B407-D6C9-46AC-82D4-F1861D235883}.Submission Phone|Any CPU.ActiveCfg = Release|x86
		{EAA9B407-D6C9-46AC-82D4-F1861D235883}.Submission Phone|Mixed Platforms.ActiveCfg = Release|x86
		{EAA9B407-D6C9-46AC-82D4-F1861D235883}.Submission Phone|Mixed Platforms.Build.0 = Release|x86
		{EAA9B407-D6C9-46AC-82D4-F1861D235883}.Submission Phone|x86.ActiveCfg = Release|x86
		{EAA9B407-D6C9-46AC-82D4-F1861D235883}.Submission Phone|x86.Build.0 = Release|x86
		{EAA9B407-D6C9-46AC-82D4-F1861D235883}.Submission|Any CPU.ActiveCfg = Release|x86
		{EAA9B407-D6C9-46AC-82D4-F1861D235883}.Submission|Mixed Platforms.ActiveCfg = Release|x86
		{EAA9B407-D6C9-46AC-82D4-F1861D235883}.Submission|Mixed Platforms.Build.0 = Release|x86
		{EAA9B407-D6C9-46AC-82D4-F1861D235883}.Submission|x86.ActiveCfg = Release|x86
		{EAA9B407-D6C9-46AC-82D4-F1861D235883}.Submission|x86.Build.0 = Release|x86
		{EAA9B407-D6C9-46AC-82D4-F1861D235883}.UnitTest|Any CPU.ActiveCfg = Release|x86
		{EAA9B407-D6C9-46AC-82D4-F1861D235883}.UnitTest|Mixed Platforms.ActiveCfg = Release|x86
		{EAA9B407-D6C9-46AC-82D4-F1861D235883}.UnitTest|Mixed Platforms.Build.0 = Release|x86
		{EAA9B407-D6C9-46AC-82D4-F1861D235883}.UnitTest|x86.ActiveCfg = Release|x86
		{EAA9B407-D6C9-46AC-82D4-F1861D235883}.UnitTest|x86.Build.0 = Release|x86
		{EAA9B407-D6C9-46AC-82D4-F1861D235883}.UnitTests|Any CPU.ActiveCfg = Release|x86
		{EAA9B407-D6C9-46AC-82D4-F1861D235883}.UnitTests|Mixed Platforms.ActiveCfg = Release|x86
		{EAA9B407-D6C9-46AC-82D4-F1861D235883}.UnitTests|Mixed Platforms.Build.0 = Release|x86
		{EAA9B407-D6C9-46AC-82D4-F1861D235883}.UnitTests|x86.ActiveCfg = Release|x86
		{EAA9B407-D6C9-46AC-82D4-F1861D235883}.UnitTests|x86.Build.0 = Release|x86
		{09CC5544-0DA9-47EB-96A8-52D0F0DC461A}.Debug Docs|Any CPU.ActiveCfg = Debug|x86
		{09CC5544-0DA9-47EB-96A8-52D0F0DC461A}.Debug Docs|Mixed Platforms.ActiveCfg = Debug|x86
		{09CC5544-0DA9-47EB-96A8-52D0F0DC461A}.Debug Docs|Mixed Platforms.Build.0 = Debug|x86
		{09CC5544-0DA9-47EB-96A8-52D0F0DC461A}.Debug Docs|x86.ActiveCfg = Debug|x86
		{09CC5544-0DA9-47EB-96A8-52D0F0DC461A}.Debug Docs|x86.Build.0 = Debug|x86
		{09CC5544-0DA9-47EB-96A8-52D0F0DC461A}.Debug|Any CPU.ActiveCfg = Debug|x86
		{09CC5544-0DA9-47EB-96A8-52D0F0DC461A}.Debug|Mixed Platforms.ActiveCfg = Debug|x86
		{09CC5544-0DA9-47EB-96A8-52D0F0DC461A}.Debug|Mixed Platforms.Build.0 = Debug|x86
		{09CC5544-0DA9-47EB-96A8-52D0F0DC461A}.Debug|x86.ActiveCfg = Debug|x86
		{09CC5544-0DA9-47EB-96A8-52D0F0DC461A}.Debug|x86.Build.0 = Debug|x86
		{09CC5544-0DA9-47EB-96A8-52D0F0DC461A}.DebugProfile|Any CPU.ActiveCfg = Debug|x86
		{09CC5544-0DA9-47EB-96A8-52D0F0DC461A}.DebugProfile|Mixed Platforms.ActiveCfg = Debug|x86
		{09CC5544-0DA9-47EB-96A8-52D0F0DC461A}.DebugProfile|Mixed Platforms.Build.0 = Debug|x86
		{09CC5544-0DA9-47EB-96A8-52D0F0DC461A}.DebugProfile|x86.ActiveCfg = Debug|x86
		{09CC5544-0DA9-47EB-96A8-52D0F0DC461A}.DebugProfile|x86.Build.0 = Debug|x86
		{09CC5544-0DA9-47EB-96A8-52D0F0DC461A}.Profile|Any CPU.ActiveCfg = Release|x86
		{09CC5544-0DA9-47EB-96A8-52D0F0DC461A}.Profile|Mixed Platforms.ActiveCfg = Release|x86
		{09CC5544-0DA9-47EB-96A8-52D0F0DC461A}.Profile|Mixed Platforms.Build.0 = Release|x86
		{09CC5544-0DA9-47EB-96A8-52D0F0DC461A}.Profile|x86.ActiveCfg = Release|x86
		{09CC5544-0DA9-47EB-96A8-52D0F0DC461A}.Profile|x86.Build.0 = Release|x86
		{09CC5544-0DA9-47EB-96A8-52D0F0DC461A}.Release|Any CPU.ActiveCfg = Release|x86
		{09CC5544-0DA9-47EB-96A8-52D0F0DC461A}.Release|Mixed Platforms.ActiveCfg = Release|x86
		{09CC5544-0DA9-47EB-96A8-52D0F0DC461A}.Release|Mixed Platforms.Build.0 = Release|x86
		{09CC5544-0DA9-47EB-96A8-52D0F0DC461A}.Release|x86.ActiveCfg = Release|x86
		{09CC5544-0DA9-47EB-96A8-52D0F0DC461A}.Release|x86.Build.0 = Release|x86
		{09CC5544-0DA9-47EB-96A8-52D0F0DC461A}.Submission Phone|Any CPU.ActiveCfg = Release|x86
		{09CC5544-0DA9-47EB-96A8-52D0F0DC461A}.Submission Phone|Mixed Platforms.ActiveCfg = Release|x86
		{09CC5544-0DA9-47EB-96A8-52D0F0DC461A}.Submission Phone|Mixed Platforms.Build.0 = Release|x86
		{09CC5544-0DA9-47EB-96A8-52D0F0DC461A}.Submission Phone|x86.ActiveCfg = Release|x86
		{09CC5544-0DA9-47EB-96A8-52D0F0DC461A}.Submission Phone|x86.Build.0 = Release|x86
		{09CC5544-0DA9-47EB-96A8-52D0F0DC461A}.Submission|Any CPU.ActiveCfg = Release|x86
		{09CC5544-0DA9-47EB-96A8-52D0F0DC461A}.Submission|Mixed Platforms.ActiveCfg = Release|x86
		{09CC5544-0DA9-47EB-96A8-52D0F0DC461A}.Submission|Mixed Platforms.Build.0 = Release|x86
		{09CC5544-0DA9-47EB-96A8-52D0F0DC461A}.Submission|x86.ActiveCfg = Release|x86
		{09CC5544-0DA9-47EB-96A8-52D0F0DC461A}.Submission|x86.Build.0 = Release|x86
		{09CC5544-0DA9-47EB-96A8-52D0F0DC461A}.UnitTest|Any CPU.ActiveCfg = Release|x86
		{09CC5544-0DA9-47EB-96A8-52D0F0DC461A}.UnitTest|Mixed Platforms.ActiveCfg = Release|x86
		{09CC5544-0DA9-47EB-96A8-52D0F0DC461A}.UnitTest|Mixed Platforms.Build.0 = Release|x86
		{09CC5544-0DA9-47EB-96A8-52D0F0DC461A}.UnitTest|x86.ActiveCfg = Release|x86
		{09CC5544-0DA9-47EB-96A8-52D0F0DC461A}.UnitTest|x86.Build.0 = Release|x86
		{09CC5544-0DA9-47EB-96A8-52D0F0DC461A}.UnitTests|Any CPU.ActiveCfg = Release|x86
		{09CC5544-0DA9-47EB-96A8-52D0F0DC461A}.UnitTests|Mixed Platforms.ActiveCfg = Release|x86
		{09CC5544-0DA9-47EB-96A8-52D0F0DC461A}.UnitTests|Mixed Platforms.Build.0 = Release|x86
		{09CC5544-0DA9-47EB-96A8-52D0F0DC461A}.UnitTests|x86.ActiveCfg = Release|x86
		{09CC5544-0DA9-47EB-96A8-52D0F0DC461A}.UnitTests|x86.Build.0 = Release|x86
		{8E4CB10A-D352-4562-8AC7-F92530A44AAA}.Debug Docs|Any CPU.ActiveCfg = Debug|x86
		{8E4CB10A-D352-4562-8AC7-F92530A44AAA}.Debug Docs|Mixed Platforms.ActiveCfg = Debug|x86
		{8E4CB10A-D352-4562-8AC7-F92530A44AAA}.Debug Docs|Mixed Platforms.Build.0 = Debug|x86
		{8E4CB10A-D352-4562-8AC7-F92530A44AAA}.Debug Docs|x86.ActiveCfg = Debug|x86
		{8E4CB10A-D352-4562-8AC7-F92530A44AAA}.Debug Docs|x86.Build.0 = Debug|x86
		{8E4CB10A-D352-4562-8AC7-F92530A44AAA}.Debug|Any CPU.ActiveCfg = Debug|x86
		{8E4CB10A-D352-4562-8AC7-F92530A44AAA}.Debug|Mixed Platforms.ActiveCfg = Debug|x86
		{8E4CB10A-D352-4562-8AC7-F92530A44AAA}.Debug|Mixed Platforms.Build.0 = Debug|x86
		{8E4CB10A-D352-4562-8AC7-F92530A44AAA}.Debug|x86.ActiveCfg = Debug|x86
		{8E4CB10A-D352-4562-8AC7-F92530A44AAA}.Debug|x86.Build.0 = Debug|x86
		{8E4CB10A-D352-4562-8AC7-F92530A44AAA}.DebugProfile|Any CPU.ActiveCfg = Debug|x86
		{8E4CB10A-D352-4562-8AC7-F92530A44AAA}.DebugProfile|Mixed Platforms.ActiveCfg = Debug|x86
		{8E4CB10A-D352-4562-8AC7-F92530A44AAA}.DebugProfile|Mixed Platforms.Build.0 = Debug|x86
		{8E4CB10A-D352-4562-8AC7-F92530A44AAA}.DebugProfile|x86.ActiveCfg = Debug|x86
		{8E4CB10A-D352-4562-8AC7-F92530A44AAA}.DebugProfile|x86.Build.0 = Debug|x86
		{8E4CB10A-D352-4562-8AC7-F92530A44AAA}.Profile|Any CPU.ActiveCfg = Release|x86
		{8E4CB10A-D352-4562-8AC7-F92530A44AAA}.Profile|Mixed Platforms.ActiveCfg = Release|x86
		{8E4CB10A-D352-4562-8AC7-F92530A44AAA}.Profile|Mixed Platforms.Build.0 = Release|x86
		{8E4CB10A-D352-4562-8AC7-F92530A44AAA}.Profile|x86.ActiveCfg = Release|x86
		{8E4CB10A-D352-4562-8AC7-F92530A44AAA}.Profile|x86.Build.0 = Release|x86
		{8E4CB10A-D352-4562-8AC7-F92530A44AAA}.Release|Any CPU.ActiveCfg = Release|x86
		{8E4CB10A-D352-4562-8AC7-F92530A44AAA}.Release|Mixed Platforms.ActiveCfg = Release|x86
		{8E4CB10A-D352-4562-8AC7-F92530A44AAA}.Release|Mixed Platforms.Build.0 = Release|x86
		{8E4CB10A-D352-4562-8AC7-F92530A44AAA}.Release|x86.ActiveCfg = Release|x86
		{8E4CB10A-D352-4562-8AC7-F92530A44AAA}.Release|x86.Build.0 = Release|x86
		{8E4CB10A-D352-4562-8AC7-F92530A44AAA}.Submission Phone|Any CPU.ActiveCfg = Release|x86
		{8E4CB10A-D352-4562-8AC7-F92530A44AAA}.Submission Phone|Mixed Platforms.ActiveCfg = Release|x86
		{8E4CB10A-D352-4562-8AC7-F92530A44AAA}.Submission Phone|Mixed Platforms.Build.0 = Release|x86
		{8E4CB10A-D352-4562-8AC7-F92530A44AAA}.Submission Phone|x86.ActiveCfg = Release|x86
		{8E4CB10A-D352-4562-8AC7-F92530A44AAA}.Submission Phone|x86.Build.0 = Release|x86
		{8E4CB10A-D352-4562-8AC7-F92530A44AAA}.Submission|Any CPU.ActiveCfg = Release|x86
		{8E4CB10A-D352-4562-8AC7-F92530A44AAA}.Submission|Mixed Platforms.ActiveCfg = Release|x86
		{8E4CB10A-D352-4562-8AC7-F92530A44AAA}.Submission|Mixed Platforms.Build.0 = Release|x86
		{8E4CB10A-D352-4562-8AC7-F92530A44AAA}.Submission|x86.ActiveCfg = Release|x86
		{8E4CB10A-D352-4562-8AC7-F92530A44AAA}.Submission|x86.Build.0 = Release|x86
		{8E4CB10A-D352-4562-8AC7-F92530A44AAA}.UnitTest|Any CPU.ActiveCfg = Release|x86
		{8E4CB10A-D352-4562-8AC7-F92530A44AAA}.UnitTest|Mixed Platforms.ActiveCfg = Release|x86
		{8E4CB10A-D352-4562-8AC7-F92530A44AAA}.UnitTest|Mixed Platforms.Build.0 = Release|x86
		{8E4CB10A-D352-4562-8AC7-F92530A44AAA}.UnitTest|x86.ActiveCfg = Release|x86
		{8E4CB10A-D352-4562-8AC7-F92530A44AAA}.UnitTest|x86.Build.0 = Release|x86
		{8E4CB10A-D352-4562-8AC7-F92530A44AAA}.UnitTests|Any CPU.ActiveCfg = Release|x86
		{8E4CB10A-D352-4562-8AC7-F92530A44AAA}.UnitTests|Mixed Platforms.ActiveCfg = Release|x86
		{8E4CB10A-D352-4562-8AC7-F92530A44AAA}.UnitTests|Mixed Platforms.Build.0 = Release|x86
		{8E4CB10A-D352-4562-8AC7-F92530A44AAA}.UnitTests|x86.ActiveCfg = Release|x86
		{8E4CB10A-D352-4562-8AC7-F92530A44AAA}.UnitTests|x86.Build.0 = Release|x86
	EndGlobalSection
	GlobalSection(SolutionProperties) = preSolution
		HideSolutionNode = FALSE
	EndGlobalSection
	GlobalSection(NestedProjects) = preSolution
		{8A145E54-EF69-4B3B-8B3A-0D2223B85F00} = {59DE7711-E38D-4679-A33B-B69FD6396388}
		{6C27074B-84C2-495D-87AE-A66C1346680B} = {59DE7711-E38D-4679-A33B-B69FD6396388}
		{EAA9B407-D6C9-46AC-82D4-F1861D235883} = {59DE7711-E38D-4679-A33B-B69FD6396388}
		{09CC5544-0DA9-47EB-96A8-52D0F0DC461A} = {59DE7711-E38D-4679-A33B-B69FD6396388}
		{8E4CB10A-D352-4562-8AC7-F92530A44AAA} = {59DE7711-E38D-4679-A33B-B69FD6396388}
	EndGlobalSection
EndGlobal
