
Microsoft Visual Studio Solution File, Format Version 12.00
# Visual Studio 15
VisualStudioVersion = 15.0.27130.2010
MinimumVisualStudioVersion = 10.0.40219.1
Project("{D954291E-2A0B-460D-934E-DC6B0785DB48}") = "FlatRedBall.Forms.Shared", "FlatRedBall.Forms.Shared\FlatRedBall.Forms.Shared.shproj", "{728151F0-03E0-4253-94FE-46B9C77EDEA6}"
EndProject
Project("{D954291E-2A0B-460D-934E-DC6B0785DB48}") = "GumCoreShared", "..\..\..\..\Gum\GumCoreShared.shproj", "{F919C045-EAC7-4806-9A1F-CE421F923E97}"
EndProject
Project("{2150E333-8FDC-42A3-9474-1A3956D46DE8}") = "GumCore", "GumCore", "{039C29E1-D29B-4E99-A5EC-0F5351141313}"
EndProject
Project("{D954291E-2A0B-460D-934E-DC6B0785DB48}") = "GumCoreShared.FlatRedBall", "..\..\..\FRBDK\Glue\GumPlugin\GumPlugin\GumCoreShared.FlatRedBall.shproj", "{0EE8A96C-A754-453D-9E65-19A24E9A5E76}"
EndProject
Project("{2150E333-8FDC-42A3-9474-1A3956D46DE8}") = "Engine", "Engine", "{BC14B675-58ED-4DA5-AF45-BB68A3F9643A}"
EndProject
Project("{2150E333-8FDC-42A3-9474-1A3956D46DE8}") = "StateInterpolation", "StateInterpolation", "{E8C9205D-3579-4936-A470-138E2F0F6F62}"
EndProject
Project("{D954291E-2A0B-460D-934E-DC6B0785DB48}") = "StateInterpolationShared", "..\..\..\FRBDK\Glue\StateInterpolationPlugin\StateInterpolationPlugin\StateInterpolationShared.shproj", "{D00D287D-385B-42FB-BF5F-04401E7D37D0}"
EndProject
Project("{FAE04EC0-301F-11D3-BF4B-00C04F79EFBC}") = "FlatRedBall.Forms.Uwp", "FlatRedBall.Forms\FlatRedBall.Forms.Uwp\FlatRedBall.Forms.Uwp.csproj", "{F7A782AA-8083-43F5-AEA8-A4F8D391E5B1}"
EndProject
Project("{FAE04EC0-301F-11D3-BF4B-00C04F79EFBC}") = "GumCoreUwp", "..\..\..\..\Gum\GumCore\GumCoreXnaPc\GumCoreUwp\GumCoreUwp.csproj", "{4712A432-8128-4814-9E0E-16AC91557789}"
EndProject
Project("{FAE04EC0-301F-11D3-BF4B-00C04F79EFBC}") = "FlatRedBallUwp", "..\..\FlatRedBallXNA\FlatRedBall\FlatRedBallUwp\FlatRedBallUwp.csproj", "{D874A841-1F53-4BDE-A271-B9197B2CBDD5}"
EndProject
Global
	GlobalSection(SharedMSBuildProjectFiles) = preSolution
		..\..\..\FRBDK\Glue\GumPlugin\GumPlugin\GumCoreShared.FlatRedBall.projitems*{0ee8a96c-a754-453d-9e65-19a24e9a5e76}*SharedItemsImports = 13
		..\..\..\..\Gum\GumCoreShared.projitems*{4712a432-8128-4814-9e0e-16ac91557789}*SharedItemsImports = 4
		FlatRedBall.Forms.Shared\FlatRedBall.Forms.Shared.projitems*{728151f0-03e0-4253-94fe-46b9c77edea6}*SharedItemsImports = 13
		..\..\..\FRBDK\Glue\StateInterpolationPlugin\StateInterpolationPlugin\StateInterpolationShared.projitems*{d00d287d-385b-42fb-bf5f-04401e7d37d0}*SharedItemsImports = 13
		FlatRedBall.Forms.Shared\FlatRedBall.Forms.Shared.projitems*{f7a782aa-8083-43f5-aea8-a4f8d391e5b1}*SharedItemsImports = 4
		..\..\..\..\Gum\GumCoreShared.projitems*{f919c045-eac7-4806-9a1f-ce421f923e97}*SharedItemsImports = 13
	EndGlobalSection
	GlobalSection(SolutionConfigurationPlatforms) = preSolution
		AutomatedBuild|Any CPU = AutomatedBuild|Any CPU
		AutomatedBuild|ARM = AutomatedBuild|ARM
		AutomatedBuild|x64 = AutomatedBuild|x64
		AutomatedBuild|x86 = AutomatedBuild|x86
		Debug Docs|Any CPU = Debug Docs|Any CPU
		Debug Docs|ARM = Debug Docs|ARM
		Debug Docs|x64 = Debug Docs|x64
		Debug Docs|x86 = Debug Docs|x86
		Debug|Any CPU = Debug|Any CPU
		Debug|ARM = Debug|ARM
		Debug|x64 = Debug|x64
		Debug|x86 = Debug|x86
		Debug2|Any CPU = Debug2|Any CPU
		Debug2|ARM = Debug2|ARM
		Debug2|x64 = Debug2|x64
		Debug2|x86 = Debug2|x86
		DebugProfile|Any CPU = DebugProfile|Any CPU
		DebugProfile|ARM = DebugProfile|ARM
		DebugProfile|x64 = DebugProfile|x64
		DebugProfile|x86 = DebugProfile|x86
		Profile|Any CPU = Profile|Any CPU
		Profile|ARM = Profile|ARM
		Profile|x64 = Profile|x64
		Profile|x86 = Profile|x86
		Release|Any CPU = Release|Any CPU
		Release|ARM = Release|ARM
		Release|x64 = Release|x64
		Release|x86 = Release|x86
		Submission Phone|Any CPU = Submission Phone|Any CPU
		Submission Phone|ARM = Submission Phone|ARM
		Submission Phone|x64 = Submission Phone|x64
		Submission Phone|x86 = Submission Phone|x86
		Submission|Any CPU = Submission|Any CPU
		Submission|ARM = Submission|ARM
		Submission|x64 = Submission|x64
		Submission|x86 = Submission|x86
		UnitTests|Any CPU = UnitTests|Any CPU
		UnitTests|ARM = UnitTests|ARM
		UnitTests|x64 = UnitTests|x64
		UnitTests|x86 = UnitTests|x86
	EndGlobalSection
	GlobalSection(ProjectConfigurationPlatforms) = postSolution
		{F7A782AA-8083-43F5-AEA8-A4F8D391E5B1}.AutomatedBuild|Any CPU.ActiveCfg = Release|Any CPU
		{F7A782AA-8083-43F5-AEA8-A4F8D391E5B1}.AutomatedBuild|Any CPU.Build.0 = Release|Any CPU
		{F7A782AA-8083-43F5-AEA8-A4F8D391E5B1}.AutomatedBuild|ARM.ActiveCfg = Release|ARM
		{F7A782AA-8083-43F5-AEA8-A4F8D391E5B1}.AutomatedBuild|ARM.Build.0 = Release|ARM
		{F7A782AA-8083-43F5-AEA8-A4F8D391E5B1}.AutomatedBuild|x64.ActiveCfg = Release|x64
		{F7A782AA-8083-43F5-AEA8-A4F8D391E5B1}.AutomatedBuild|x64.Build.0 = Release|x64
		{F7A782AA-8083-43F5-AEA8-A4F8D391E5B1}.AutomatedBuild|x86.ActiveCfg = Release|x86
		{F7A782AA-8083-43F5-AEA8-A4F8D391E5B1}.AutomatedBuild|x86.Build.0 = Release|x86
		{F7A782AA-8083-43F5-AEA8-A4F8D391E5B1}.Debug Docs|Any CPU.ActiveCfg = Debug|Any CPU
		{F7A782AA-8083-43F5-AEA8-A4F8D391E5B1}.Debug Docs|Any CPU.Build.0 = Debug|Any CPU
		{F7A782AA-8083-43F5-AEA8-A4F8D391E5B1}.Debug Docs|ARM.ActiveCfg = Debug|ARM
		{F7A782AA-8083-43F5-AEA8-A4F8D391E5B1}.Debug Docs|ARM.Build.0 = Debug|ARM
		{F7A782AA-8083-43F5-AEA8-A4F8D391E5B1}.Debug Docs|x64.ActiveCfg = Debug|x64
		{F7A782AA-8083-43F5-AEA8-A4F8D391E5B1}.Debug Docs|x64.Build.0 = Debug|x64
		{F7A782AA-8083-43F5-AEA8-A4F8D391E5B1}.Debug Docs|x86.ActiveCfg = Debug|x86
		{F7A782AA-8083-43F5-AEA8-A4F8D391E5B1}.Debug Docs|x86.Build.0 = Debug|x86
		{F7A782AA-8083-43F5-AEA8-A4F8D391E5B1}.Debug|Any CPU.ActiveCfg = Debug|Any CPU
		{F7A782AA-8083-43F5-AEA8-A4F8D391E5B1}.Debug|Any CPU.Build.0 = Debug|Any CPU
		{F7A782AA-8083-43F5-AEA8-A4F8D391E5B1}.Debug|ARM.ActiveCfg = Debug|ARM
		{F7A782AA-8083-43F5-AEA8-A4F8D391E5B1}.Debug|ARM.Build.0 = Debug|ARM
		{F7A782AA-8083-43F5-AEA8-A4F8D391E5B1}.Debug|x64.ActiveCfg = Debug|x64
		{F7A782AA-8083-43F5-AEA8-A4F8D391E5B1}.Debug|x64.Build.0 = Debug|x64
		{F7A782AA-8083-43F5-AEA8-A4F8D391E5B1}.Debug|x86.ActiveCfg = Debug|x86
		{F7A782AA-8083-43F5-AEA8-A4F8D391E5B1}.Debug|x86.Build.0 = Debug|x86
		{F7A782AA-8083-43F5-AEA8-A4F8D391E5B1}.Debug2|Any CPU.ActiveCfg = Debug|Any CPU
		{F7A782AA-8083-43F5-AEA8-A4F8D391E5B1}.Debug2|Any CPU.Build.0 = Debug|Any CPU
		{F7A782AA-8083-43F5-AEA8-A4F8D391E5B1}.Debug2|ARM.ActiveCfg = Debug|ARM
		{F7A782AA-8083-43F5-AEA8-A4F8D391E5B1}.Debug2|ARM.Build.0 = Debug|ARM
		{F7A782AA-8083-43F5-AEA8-A4F8D391E5B1}.Debug2|x64.ActiveCfg = Debug|x64
		{F7A782AA-8083-43F5-AEA8-A4F8D391E5B1}.Debug2|x64.Build.0 = Debug|x64
		{F7A782AA-8083-43F5-AEA8-A4F8D391E5B1}.Debug2|x86.ActiveCfg = Debug|x86
		{F7A782AA-8083-43F5-AEA8-A4F8D391E5B1}.Debug2|x86.Build.0 = Debug|x86
		{F7A782AA-8083-43F5-AEA8-A4F8D391E5B1}.DebugProfile|Any CPU.ActiveCfg = Debug|Any CPU
		{F7A782AA-8083-43F5-AEA8-A4F8D391E5B1}.DebugProfile|Any CPU.Build.0 = Debug|Any CPU
		{F7A782AA-8083-43F5-AEA8-A4F8D391E5B1}.DebugProfile|ARM.ActiveCfg = Debug|ARM
		{F7A782AA-8083-43F5-AEA8-A4F8D391E5B1}.DebugProfile|ARM.Build.0 = Debug|ARM
		{F7A782AA-8083-43F5-AEA8-A4F8D391E5B1}.DebugProfile|x64.ActiveCfg = Debug|x64
		{F7A782AA-8083-43F5-AEA8-A4F8D391E5B1}.DebugProfile|x64.Build.0 = Debug|x64
		{F7A782AA-8083-43F5-AEA8-A4F8D391E5B1}.DebugProfile|x86.ActiveCfg = Debug|x86
		{F7A782AA-8083-43F5-AEA8-A4F8D391E5B1}.DebugProfile|x86.Build.0 = Debug|x86
		{F7A782AA-8083-43F5-AEA8-A4F8D391E5B1}.Profile|Any CPU.ActiveCfg = Release|Any CPU
		{F7A782AA-8083-43F5-AEA8-A4F8D391E5B1}.Profile|Any CPU.Build.0 = Release|Any CPU
		{F7A782AA-8083-43F5-AEA8-A4F8D391E5B1}.Profile|ARM.ActiveCfg = Release|ARM
		{F7A782AA-8083-43F5-AEA8-A4F8D391E5B1}.Profile|ARM.Build.0 = Release|ARM
		{F7A782AA-8083-43F5-AEA8-A4F8D391E5B1}.Profile|x64.ActiveCfg = Release|x64
		{F7A782AA-8083-43F5-AEA8-A4F8D391E5B1}.Profile|x64.Build.0 = Release|x64
		{F7A782AA-8083-43F5-AEA8-A4F8D391E5B1}.Profile|x86.ActiveCfg = Release|x86
		{F7A782AA-8083-43F5-AEA8-A4F8D391E5B1}.Profile|x86.Build.0 = Release|x86
		{F7A782AA-8083-43F5-AEA8-A4F8D391E5B1}.Release|Any CPU.ActiveCfg = Release|Any CPU
		{F7A782AA-8083-43F5-AEA8-A4F8D391E5B1}.Release|Any CPU.Build.0 = Release|Any CPU
		{F7A782AA-8083-43F5-AEA8-A4F8D391E5B1}.Release|ARM.ActiveCfg = Release|ARM
		{F7A782AA-8083-43F5-AEA8-A4F8D391E5B1}.Release|ARM.Build.0 = Release|ARM
		{F7A782AA-8083-43F5-AEA8-A4F8D391E5B1}.Release|x64.ActiveCfg = Release|x64
		{F7A782AA-8083-43F5-AEA8-A4F8D391E5B1}.Release|x64.Build.0 = Release|x64
		{F7A782AA-8083-43F5-AEA8-A4F8D391E5B1}.Release|x86.ActiveCfg = Release|x86
		{F7A782AA-8083-43F5-AEA8-A4F8D391E5B1}.Release|x86.Build.0 = Release|x86
		{F7A782AA-8083-43F5-AEA8-A4F8D391E5B1}.Submission Phone|Any CPU.ActiveCfg = Release|Any CPU
		{F7A782AA-8083-43F5-AEA8-A4F8D391E5B1}.Submission Phone|Any CPU.Build.0 = Release|Any CPU
		{F7A782AA-8083-43F5-AEA8-A4F8D391E5B1}.Submission Phone|ARM.ActiveCfg = Release|ARM
		{F7A782AA-8083-43F5-AEA8-A4F8D391E5B1}.Submission Phone|ARM.Build.0 = Release|ARM
		{F7A782AA-8083-43F5-AEA8-A4F8D391E5B1}.Submission Phone|x64.ActiveCfg = Release|x64
		{F7A782AA-8083-43F5-AEA8-A4F8D391E5B1}.Submission Phone|x64.Build.0 = Release|x64
		{F7A782AA-8083-43F5-AEA8-A4F8D391E5B1}.Submission Phone|x86.ActiveCfg = Release|x86
		{F7A782AA-8083-43F5-AEA8-A4F8D391E5B1}.Submission Phone|x86.Build.0 = Release|x86
		{F7A782AA-8083-43F5-AEA8-A4F8D391E5B1}.Submission|Any CPU.ActiveCfg = Release|Any CPU
		{F7A782AA-8083-43F5-AEA8-A4F8D391E5B1}.Submission|Any CPU.Build.0 = Release|Any CPU
		{F7A782AA-8083-43F5-AEA8-A4F8D391E5B1}.Submission|ARM.ActiveCfg = Release|ARM
		{F7A782AA-8083-43F5-AEA8-A4F8D391E5B1}.Submission|ARM.Build.0 = Release|ARM
		{F7A782AA-8083-43F5-AEA8-A4F8D391E5B1}.Submission|x64.ActiveCfg = Release|x64
		{F7A782AA-8083-43F5-AEA8-A4F8D391E5B1}.Submission|x64.Build.0 = Release|x64
		{F7A782AA-8083-43F5-AEA8-A4F8D391E5B1}.Submission|x86.ActiveCfg = Release|x86
		{F7A782AA-8083-43F5-AEA8-A4F8D391E5B1}.Submission|x86.Build.0 = Release|x86
		{F7A782AA-8083-43F5-AEA8-A4F8D391E5B1}.UnitTests|Any CPU.ActiveCfg = Release|Any CPU
		{F7A782AA-8083-43F5-AEA8-A4F8D391E5B1}.UnitTests|Any CPU.Build.0 = Release|Any CPU
		{F7A782AA-8083-43F5-AEA8-A4F8D391E5B1}.UnitTests|ARM.ActiveCfg = Release|ARM
		{F7A782AA-8083-43F5-AEA8-A4F8D391E5B1}.UnitTests|ARM.Build.0 = Release|ARM
		{F7A782AA-8083-43F5-AEA8-A4F8D391E5B1}.UnitTests|x64.ActiveCfg = Release|x64
		{F7A782AA-8083-43F5-AEA8-A4F8D391E5B1}.UnitTests|x64.Build.0 = Release|x64
		{F7A782AA-8083-43F5-AEA8-A4F8D391E5B1}.UnitTests|x86.ActiveCfg = Release|x86
		{F7A782AA-8083-43F5-AEA8-A4F8D391E5B1}.UnitTests|x86.Build.0 = Release|x86
		{4712A432-8128-4814-9E0E-16AC91557789}.AutomatedBuild|Any CPU.ActiveCfg = Release|Any CPU
		{4712A432-8128-4814-9E0E-16AC91557789}.AutomatedBuild|Any CPU.Build.0 = Release|Any CPU
		{4712A432-8128-4814-9E0E-16AC91557789}.AutomatedBuild|ARM.ActiveCfg = Release|ARM
		{4712A432-8128-4814-9E0E-16AC91557789}.AutomatedBuild|ARM.Build.0 = Release|ARM
		{4712A432-8128-4814-9E0E-16AC91557789}.AutomatedBuild|x64.ActiveCfg = Release|x64
		{4712A432-8128-4814-9E0E-16AC91557789}.AutomatedBuild|x64.Build.0 = Release|x64
		{4712A432-8128-4814-9E0E-16AC91557789}.AutomatedBuild|x86.ActiveCfg = Release|x86
		{4712A432-8128-4814-9E0E-16AC91557789}.AutomatedBuild|x86.Build.0 = Release|x86
		{4712A432-8128-4814-9E0E-16AC91557789}.Debug Docs|Any CPU.ActiveCfg = Debug|Any CPU
		{4712A432-8128-4814-9E0E-16AC91557789}.Debug Docs|Any CPU.Build.0 = Debug|Any CPU
		{4712A432-8128-4814-9E0E-16AC91557789}.Debug Docs|ARM.ActiveCfg = Debug|ARM
		{4712A432-8128-4814-9E0E-16AC91557789}.Debug Docs|ARM.Build.0 = Debug|ARM
		{4712A432-8128-4814-9E0E-16AC91557789}.Debug Docs|x64.ActiveCfg = Debug|x64
		{4712A432-8128-4814-9E0E-16AC91557789}.Debug Docs|x64.Build.0 = Debug|x64
		{4712A432-8128-4814-9E0E-16AC91557789}.Debug Docs|x86.ActiveCfg = Debug|x86
		{4712A432-8128-4814-9E0E-16AC91557789}.Debug Docs|x86.Build.0 = Debug|x86
		{4712A432-8128-4814-9E0E-16AC91557789}.Debug|Any CPU.ActiveCfg = Debug|Any CPU
		{4712A432-8128-4814-9E0E-16AC91557789}.Debug|Any CPU.Build.0 = Debug|Any CPU
		{4712A432-8128-4814-9E0E-16AC91557789}.Debug|ARM.ActiveCfg = Debug|ARM
		{4712A432-8128-4814-9E0E-16AC91557789}.Debug|ARM.Build.0 = Debug|ARM
		{4712A432-8128-4814-9E0E-16AC91557789}.Debug|x64.ActiveCfg = Debug|x64
		{4712A432-8128-4814-9E0E-16AC91557789}.Debug|x64.Build.0 = Debug|x64
		{4712A432-8128-4814-9E0E-16AC91557789}.Debug|x86.ActiveCfg = Debug|x86
		{4712A432-8128-4814-9E0E-16AC91557789}.Debug|x86.Build.0 = Debug|x86
		{4712A432-8128-4814-9E0E-16AC91557789}.Debug2|Any CPU.ActiveCfg = Debug|Any CPU
		{4712A432-8128-4814-9E0E-16AC91557789}.Debug2|Any CPU.Build.0 = Debug|Any CPU
		{4712A432-8128-4814-9E0E-16AC91557789}.Debug2|ARM.ActiveCfg = Debug|ARM
		{4712A432-8128-4814-9E0E-16AC91557789}.Debug2|ARM.Build.0 = Debug|ARM
		{4712A432-8128-4814-9E0E-16AC91557789}.Debug2|x64.ActiveCfg = Debug|x64
		{4712A432-8128-4814-9E0E-16AC91557789}.Debug2|x64.Build.0 = Debug|x64
		{4712A432-8128-4814-9E0E-16AC91557789}.Debug2|x86.ActiveCfg = Debug|x86
		{4712A432-8128-4814-9E0E-16AC91557789}.Debug2|x86.Build.0 = Debug|x86
		{4712A432-8128-4814-9E0E-16AC91557789}.DebugProfile|Any CPU.ActiveCfg = Debug|Any CPU
		{4712A432-8128-4814-9E0E-16AC91557789}.DebugProfile|Any CPU.Build.0 = Debug|Any CPU
		{4712A432-8128-4814-9E0E-16AC91557789}.DebugProfile|ARM.ActiveCfg = Debug|ARM
		{4712A432-8128-4814-9E0E-16AC91557789}.DebugProfile|ARM.Build.0 = Debug|ARM
		{4712A432-8128-4814-9E0E-16AC91557789}.DebugProfile|x64.ActiveCfg = Debug|x64
		{4712A432-8128-4814-9E0E-16AC91557789}.DebugProfile|x64.Build.0 = Debug|x64
		{4712A432-8128-4814-9E0E-16AC91557789}.DebugProfile|x86.ActiveCfg = Debug|x86
		{4712A432-8128-4814-9E0E-16AC91557789}.DebugProfile|x86.Build.0 = Debug|x86
		{4712A432-8128-4814-9E0E-16AC91557789}.Profile|Any CPU.ActiveCfg = Release|Any CPU
		{4712A432-8128-4814-9E0E-16AC91557789}.Profile|Any CPU.Build.0 = Release|Any CPU
		{4712A432-8128-4814-9E0E-16AC91557789}.Profile|ARM.ActiveCfg = Release|ARM
		{4712A432-8128-4814-9E0E-16AC91557789}.Profile|ARM.Build.0 = Release|ARM
		{4712A432-8128-4814-9E0E-16AC91557789}.Profile|x64.ActiveCfg = Release|x64
		{4712A432-8128-4814-9E0E-16AC91557789}.Profile|x64.Build.0 = Release|x64
		{4712A432-8128-4814-9E0E-16AC91557789}.Profile|x86.ActiveCfg = Release|x86
		{4712A432-8128-4814-9E0E-16AC91557789}.Profile|x86.Build.0 = Release|x86
		{4712A432-8128-4814-9E0E-16AC91557789}.Release|Any CPU.ActiveCfg = Release|Any CPU
		{4712A432-8128-4814-9E0E-16AC91557789}.Release|Any CPU.Build.0 = Release|Any CPU
		{4712A432-8128-4814-9E0E-16AC91557789}.Release|ARM.ActiveCfg = Release|ARM
		{4712A432-8128-4814-9E0E-16AC91557789}.Release|ARM.Build.0 = Release|ARM
		{4712A432-8128-4814-9E0E-16AC91557789}.Release|x64.ActiveCfg = Release|x64
		{4712A432-8128-4814-9E0E-16AC91557789}.Release|x64.Build.0 = Release|x64
		{4712A432-8128-4814-9E0E-16AC91557789}.Release|x86.ActiveCfg = Release|x86
		{4712A432-8128-4814-9E0E-16AC91557789}.Release|x86.Build.0 = Release|x86
		{4712A432-8128-4814-9E0E-16AC91557789}.Submission Phone|Any CPU.ActiveCfg = Release|Any CPU
		{4712A432-8128-4814-9E0E-16AC91557789}.Submission Phone|Any CPU.Build.0 = Release|Any CPU
		{4712A432-8128-4814-9E0E-16AC91557789}.Submission Phone|ARM.ActiveCfg = Release|ARM
		{4712A432-8128-4814-9E0E-16AC91557789}.Submission Phone|ARM.Build.0 = Release|ARM
		{4712A432-8128-4814-9E0E-16AC91557789}.Submission Phone|x64.ActiveCfg = Release|x64
		{4712A432-8128-4814-9E0E-16AC91557789}.Submission Phone|x64.Build.0 = Release|x64
		{4712A432-8128-4814-9E0E-16AC91557789}.Submission Phone|x86.ActiveCfg = Release|x86
		{4712A432-8128-4814-9E0E-16AC91557789}.Submission Phone|x86.Build.0 = Release|x86
		{4712A432-8128-4814-9E0E-16AC91557789}.Submission|Any CPU.ActiveCfg = Release|Any CPU
		{4712A432-8128-4814-9E0E-16AC91557789}.Submission|Any CPU.Build.0 = Release|Any CPU
		{4712A432-8128-4814-9E0E-16AC91557789}.Submission|ARM.ActiveCfg = Release|ARM
		{4712A432-8128-4814-9E0E-16AC91557789}.Submission|ARM.Build.0 = Release|ARM
		{4712A432-8128-4814-9E0E-16AC91557789}.Submission|x64.ActiveCfg = Release|x64
		{4712A432-8128-4814-9E0E-16AC91557789}.Submission|x64.Build.0 = Release|x64
		{4712A432-8128-4814-9E0E-16AC91557789}.Submission|x86.ActiveCfg = Release|x86
		{4712A432-8128-4814-9E0E-16AC91557789}.Submission|x86.Build.0 = Release|x86
		{4712A432-8128-4814-9E0E-16AC91557789}.UnitTests|Any CPU.ActiveCfg = Release|Any CPU
		{4712A432-8128-4814-9E0E-16AC91557789}.UnitTests|Any CPU.Build.0 = Release|Any CPU
		{4712A432-8128-4814-9E0E-16AC91557789}.UnitTests|ARM.ActiveCfg = Release|ARM
		{4712A432-8128-4814-9E0E-16AC91557789}.UnitTests|ARM.Build.0 = Release|ARM
		{4712A432-8128-4814-9E0E-16AC91557789}.UnitTests|x64.ActiveCfg = Release|x64
		{4712A432-8128-4814-9E0E-16AC91557789}.UnitTests|x64.Build.0 = Release|x64
		{4712A432-8128-4814-9E0E-16AC91557789}.UnitTests|x86.ActiveCfg = Release|x86
		{4712A432-8128-4814-9E0E-16AC91557789}.UnitTests|x86.Build.0 = Release|x86
		{D874A841-1F53-4BDE-A271-B9197B2CBDD5}.AutomatedBuild|Any CPU.ActiveCfg = Release|Any CPU
		{D874A841-1F53-4BDE-A271-B9197B2CBDD5}.AutomatedBuild|Any CPU.Build.0 = Release|Any CPU
		{D874A841-1F53-4BDE-A271-B9197B2CBDD5}.AutomatedBuild|ARM.ActiveCfg = Release|ARM
		{D874A841-1F53-4BDE-A271-B9197B2CBDD5}.AutomatedBuild|ARM.Build.0 = Release|ARM
		{D874A841-1F53-4BDE-A271-B9197B2CBDD5}.AutomatedBuild|x64.ActiveCfg = Release|x64
		{D874A841-1F53-4BDE-A271-B9197B2CBDD5}.AutomatedBuild|x64.Build.0 = Release|x64
		{D874A841-1F53-4BDE-A271-B9197B2CBDD5}.AutomatedBuild|x86.ActiveCfg = Release|x86
		{D874A841-1F53-4BDE-A271-B9197B2CBDD5}.AutomatedBuild|x86.Build.0 = Release|x86
		{D874A841-1F53-4BDE-A271-B9197B2CBDD5}.Debug Docs|Any CPU.ActiveCfg = Debug|Any CPU
		{D874A841-1F53-4BDE-A271-B9197B2CBDD5}.Debug Docs|Any CPU.Build.0 = Debug|Any CPU
		{D874A841-1F53-4BDE-A271-B9197B2CBDD5}.Debug Docs|ARM.ActiveCfg = Debug|ARM
		{D874A841-1F53-4BDE-A271-B9197B2CBDD5}.Debug Docs|ARM.Build.0 = Debug|ARM
		{D874A841-1F53-4BDE-A271-B9197B2CBDD5}.Debug Docs|x64.ActiveCfg = Debug|x64
		{D874A841-1F53-4BDE-A271-B9197B2CBDD5}.Debug Docs|x64.Build.0 = Debug|x64
		{D874A841-1F53-4BDE-A271-B9197B2CBDD5}.Debug Docs|x86.ActiveCfg = Debug|x86
		{D874A841-1F53-4BDE-A271-B9197B2CBDD5}.Debug Docs|x86.Build.0 = Debug|x86
		{D874A841-1F53-4BDE-A271-B9197B2CBDD5}.Debug|Any CPU.ActiveCfg = Debug|Any CPU
		{D874A841-1F53-4BDE-A271-B9197B2CBDD5}.Debug|Any CPU.Build.0 = Debug|Any CPU
		{D874A841-1F53-4BDE-A271-B9197B2CBDD5}.Debug|ARM.ActiveCfg = Debug|ARM
		{D874A841-1F53-4BDE-A271-B9197B2CBDD5}.Debug|ARM.Build.0 = Debug|ARM
		{D874A841-1F53-4BDE-A271-B9197B2CBDD5}.Debug|x64.ActiveCfg = Debug|x64
		{D874A841-1F53-4BDE-A271-B9197B2CBDD5}.Debug|x64.Build.0 = Debug|x64
		{D874A841-1F53-4BDE-A271-B9197B2CBDD5}.Debug|x86.ActiveCfg = Debug|x86
		{D874A841-1F53-4BDE-A271-B9197B2CBDD5}.Debug|x86.Build.0 = Debug|x86
		{D874A841-1F53-4BDE-A271-B9197B2CBDD5}.Debug2|Any CPU.ActiveCfg = Debug|Any CPU
		{D874A841-1F53-4BDE-A271-B9197B2CBDD5}.Debug2|Any CPU.Build.0 = Debug|Any CPU
		{D874A841-1F53-4BDE-A271-B9197B2CBDD5}.Debug2|ARM.ActiveCfg = Debug|ARM
		{D874A841-1F53-4BDE-A271-B9197B2CBDD5}.Debug2|ARM.Build.0 = Debug|ARM
		{D874A841-1F53-4BDE-A271-B9197B2CBDD5}.Debug2|x64.ActiveCfg = Debug|x64
		{D874A841-1F53-4BDE-A271-B9197B2CBDD5}.Debug2|x64.Build.0 = Debug|x64
		{D874A841-1F53-4BDE-A271-B9197B2CBDD5}.Debug2|x86.ActiveCfg = Debug|x86
		{D874A841-1F53-4BDE-A271-B9197B2CBDD5}.Debug2|x86.Build.0 = Debug|x86
		{D874A841-1F53-4BDE-A271-B9197B2CBDD5}.DebugProfile|Any CPU.ActiveCfg = Debug|Any CPU
		{D874A841-1F53-4BDE-A271-B9197B2CBDD5}.DebugProfile|Any CPU.Build.0 = Debug|Any CPU
		{D874A841-1F53-4BDE-A271-B9197B2CBDD5}.DebugProfile|ARM.ActiveCfg = Debug|ARM
		{D874A841-1F53-4BDE-A271-B9197B2CBDD5}.DebugProfile|ARM.Build.0 = Debug|ARM
		{D874A841-1F53-4BDE-A271-B9197B2CBDD5}.DebugProfile|x64.ActiveCfg = Debug|x64
		{D874A841-1F53-4BDE-A271-B9197B2CBDD5}.DebugProfile|x64.Build.0 = Debug|x64
		{D874A841-1F53-4BDE-A271-B9197B2CBDD5}.DebugProfile|x86.ActiveCfg = Debug|x86
		{D874A841-1F53-4BDE-A271-B9197B2CBDD5}.DebugProfile|x86.Build.0 = Debug|x86
		{D874A841-1F53-4BDE-A271-B9197B2CBDD5}.Profile|Any CPU.ActiveCfg = Release|Any CPU
		{D874A841-1F53-4BDE-A271-B9197B2CBDD5}.Profile|Any CPU.Build.0 = Release|Any CPU
		{D874A841-1F53-4BDE-A271-B9197B2CBDD5}.Profile|ARM.ActiveCfg = Release|ARM
		{D874A841-1F53-4BDE-A271-B9197B2CBDD5}.Profile|ARM.Build.0 = Release|ARM
		{D874A841-1F53-4BDE-A271-B9197B2CBDD5}.Profile|x64.ActiveCfg = Release|x64
		{D874A841-1F53-4BDE-A271-B9197B2CBDD5}.Profile|x64.Build.0 = Release|x64
		{D874A841-1F53-4BDE-A271-B9197B2CBDD5}.Profile|x86.ActiveCfg = Release|x86
		{D874A841-1F53-4BDE-A271-B9197B2CBDD5}.Profile|x86.Build.0 = Release|x86
		{D874A841-1F53-4BDE-A271-B9197B2CBDD5}.Release|Any CPU.ActiveCfg = Release|Any CPU
		{D874A841-1F53-4BDE-A271-B9197B2CBDD5}.Release|Any CPU.Build.0 = Release|Any CPU
		{D874A841-1F53-4BDE-A271-B9197B2CBDD5}.Release|ARM.ActiveCfg = Release|ARM
		{D874A841-1F53-4BDE-A271-B9197B2CBDD5}.Release|ARM.Build.0 = Release|ARM
		{D874A841-1F53-4BDE-A271-B9197B2CBDD5}.Release|x64.ActiveCfg = Release|x64
		{D874A841-1F53-4BDE-A271-B9197B2CBDD5}.Release|x64.Build.0 = Release|x64
		{D874A841-1F53-4BDE-A271-B9197B2CBDD5}.Release|x86.ActiveCfg = Release|x86
		{D874A841-1F53-4BDE-A271-B9197B2CBDD5}.Release|x86.Build.0 = Release|x86
		{D874A841-1F53-4BDE-A271-B9197B2CBDD5}.Submission Phone|Any CPU.ActiveCfg = Release|Any CPU
		{D874A841-1F53-4BDE-A271-B9197B2CBDD5}.Submission Phone|Any CPU.Build.0 = Release|Any CPU
		{D874A841-1F53-4BDE-A271-B9197B2CBDD5}.Submission Phone|ARM.ActiveCfg = Release|ARM
		{D874A841-1F53-4BDE-A271-B9197B2CBDD5}.Submission Phone|ARM.Build.0 = Release|ARM
		{D874A841-1F53-4BDE-A271-B9197B2CBDD5}.Submission Phone|x64.ActiveCfg = Release|x64
		{D874A841-1F53-4BDE-A271-B9197B2CBDD5}.Submission Phone|x64.Build.0 = Release|x64
		{D874A841-1F53-4BDE-A271-B9197B2CBDD5}.Submission Phone|x86.ActiveCfg = Release|x86
		{D874A841-1F53-4BDE-A271-B9197B2CBDD5}.Submission Phone|x86.Build.0 = Release|x86
		{D874A841-1F53-4BDE-A271-B9197B2CBDD5}.Submission|Any CPU.ActiveCfg = Release|Any CPU
		{D874A841-1F53-4BDE-A271-B9197B2CBDD5}.Submission|Any CPU.Build.0 = Release|Any CPU
		{D874A841-1F53-4BDE-A271-B9197B2CBDD5}.Submission|ARM.ActiveCfg = Release|ARM
		{D874A841-1F53-4BDE-A271-B9197B2CBDD5}.Submission|ARM.Build.0 = Release|ARM
		{D874A841-1F53-4BDE-A271-B9197B2CBDD5}.Submission|x64.ActiveCfg = Release|x64
		{D874A841-1F53-4BDE-A271-B9197B2CBDD5}.Submission|x64.Build.0 = Release|x64
		{D874A841-1F53-4BDE-A271-B9197B2CBDD5}.Submission|x86.ActiveCfg = Release|x86
		{D874A841-1F53-4BDE-A271-B9197B2CBDD5}.Submission|x86.Build.0 = Release|x86
		{D874A841-1F53-4BDE-A271-B9197B2CBDD5}.UnitTests|Any CPU.ActiveCfg = Release|Any CPU
		{D874A841-1F53-4BDE-A271-B9197B2CBDD5}.UnitTests|Any CPU.Build.0 = Release|Any CPU
		{D874A841-1F53-4BDE-A271-B9197B2CBDD5}.UnitTests|ARM.ActiveCfg = Release|ARM
		{D874A841-1F53-4BDE-A271-B9197B2CBDD5}.UnitTests|ARM.Build.0 = Release|ARM
		{D874A841-1F53-4BDE-A271-B9197B2CBDD5}.UnitTests|x64.ActiveCfg = Release|x64
		{D874A841-1F53-4BDE-A271-B9197B2CBDD5}.UnitTests|x64.Build.0 = Release|x64
		{D874A841-1F53-4BDE-A271-B9197B2CBDD5}.UnitTests|x86.ActiveCfg = Release|x86
		{D874A841-1F53-4BDE-A271-B9197B2CBDD5}.UnitTests|x86.Build.0 = Release|x86
	EndGlobalSection
	GlobalSection(SolutionProperties) = preSolution
		HideSolutionNode = FALSE
	EndGlobalSection
	GlobalSection(NestedProjects) = preSolution
		{F919C045-EAC7-4806-9A1F-CE421F923E97} = {039C29E1-D29B-4E99-A5EC-0F5351141313}
		{0EE8A96C-A754-453D-9E65-19A24E9A5E76} = {039C29E1-D29B-4E99-A5EC-0F5351141313}
		{D00D287D-385B-42FB-BF5F-04401E7D37D0} = {E8C9205D-3579-4936-A470-138E2F0F6F62}
		{4712A432-8128-4814-9E0E-16AC91557789} = {039C29E1-D29B-4E99-A5EC-0F5351141313}
		{D874A841-1F53-4BDE-A271-B9197B2CBDD5} = {BC14B675-58ED-4DA5-AF45-BB68A3F9643A}
	EndGlobalSection
	GlobalSection(ExtensibilityGlobals) = postSolution
		SolutionGuid = {81B3E152-73E4-4A3A-88E7-78634E4F25C4}
	EndGlobalSection
EndGlobal
